// !$*UTF8*$!
{
	archiveVersion = 1;
	classes = {
	};
	objectVersion = 56;
	objects = {

/* Begin PBXBuildFile section */
		DD4750432BBECABC00DB8034 /* AppDelegate.swift in Sources */ = {isa = PBXBuildFile; fileRef = DD4750422BBECABC00DB8034 /* AppDelegate.swift */; };
		DD4750452BBECABC00DB8034 /* SceneDelegate.swift in Sources */ = {isa = PBXBuildFile; fileRef = DD4750442BBECABC00DB8034 /* SceneDelegate.swift */; };
		DD4750472BBECABC00DB8034 /* ViewController.swift in Sources */ = {isa = PBXBuildFile; fileRef = DD4750462BBECABC00DB8034 /* ViewController.swift */; };
		DD47504A2BBECABC00DB8034 /* Base in Resources */ = {isa = PBXBuildFile; fileRef = DD4750492BBECABC00DB8034 /* Base */; };
		DD47504C2BBECABC00DB8034 /* Assets.xcassets in Resources */ = {isa = PBXBuildFile; fileRef = DD47504B2BBECABC00DB8034 /* Assets.xcassets */; };
		DD47504F2BBECABC00DB8034 /* Base in Resources */ = {isa = PBXBuildFile; fileRef = DD47504E2BBECABC00DB8034 /* Base */; };
		DD4750582BBECBFE00DB8034 /* FirebaseDatabase in Frameworks */ = {isa = PBXBuildFile; productRef = DD4750572BBECBFE00DB8034 /* FirebaseDatabase */; };
		DD47505A2BBECBFE00DB8034 /* FirebaseDatabaseSwift in Frameworks */ = {isa = PBXBuildFile; productRef = DD4750592BBECBFE00DB8034 /* FirebaseDatabaseSwift */; };
		DD47505C2BBECD2B00DB8034 /* GoogleService-Info.plist in Resources */ = {isa = PBXBuildFile; fileRef = DD47505B2BBECD2B00DB8034 /* GoogleService-Info.plist */; };
		DD47505E2BBECE5900DB8034 /* User.swift in Sources */ = {isa = PBXBuildFile; fileRef = DD47505D2BBECE5900DB8034 /* User.swift */; };
		DD4750612BBED61800DB8034 /* FirebaseAnalytics in Frameworks */ = {isa = PBXBuildFile; productRef = DD4750602BBED61800DB8034 /* FirebaseAnalytics */; };
		DD4750632BBED61800DB8034 /* FirebaseAnalyticsOnDeviceConversion in Frameworks */ = {isa = PBXBuildFile; productRef = DD4750622BBED61800DB8034 /* FirebaseAnalyticsOnDeviceConversion */; };
		DD4750652BBED61800DB8034 /* FirebaseAnalyticsSwift in Frameworks */ = {isa = PBXBuildFile; productRef = DD4750642BBED61800DB8034 /* FirebaseAnalyticsSwift */; };
		DD4750672BBED61800DB8034 /* FirebaseAnalyticsWithoutAdIdSupport in Frameworks */ = {isa = PBXBuildFile; productRef = DD4750662BBED61800DB8034 /* FirebaseAnalyticsWithoutAdIdSupport */; };
		DD4750692BBED61800DB8034 /* FirebaseAppCheck in Frameworks */ = {isa = PBXBuildFile; productRef = DD4750682BBED61800DB8034 /* FirebaseAppCheck */; };
		DD47506B2BBED61800DB8034 /* FirebaseAppDistribution-Beta in Frameworks */ = {isa = PBXBuildFile; productRef = DD47506A2BBED61800DB8034 /* FirebaseAppDistribution-Beta */; };
		DD47506D2BBED61800DB8034 /* FirebaseAuth in Frameworks */ = {isa = PBXBuildFile; productRef = DD47506C2BBED61800DB8034 /* FirebaseAuth */; };
		DD47506F2BBED61800DB8034 /* FirebaseAuthCombine-Community in Frameworks */ = {isa = PBXBuildFile; productRef = DD47506E2BBED61800DB8034 /* FirebaseAuthCombine-Community */; };
		DD4750712BBED61800DB8034 /* FirebaseCrashlytics in Frameworks */ = {isa = PBXBuildFile; productRef = DD4750702BBED61800DB8034 /* FirebaseCrashlytics */; };
		DD4750732BBED61800DB8034 /* FirebaseDynamicLinks in Frameworks */ = {isa = PBXBuildFile; productRef = DD4750722BBED61800DB8034 /* FirebaseDynamicLinks */; };
		DD4750752BBED61800DB8034 /* FirebaseFirestore in Frameworks */ = {isa = PBXBuildFile; productRef = DD4750742BBED61800DB8034 /* FirebaseFirestore */; };
		DD4750772BBED61800DB8034 /* FirebaseFirestoreCombine-Community in Frameworks */ = {isa = PBXBuildFile; productRef = DD4750762BBED61800DB8034 /* FirebaseFirestoreCombine-Community */; };
		DD4750792BBED61800DB8034 /* FirebaseFirestoreSwift in Frameworks */ = {isa = PBXBuildFile; productRef = DD4750782BBED61800DB8034 /* FirebaseFirestoreSwift */; };
		DD47507B2BBED61800DB8034 /* FirebaseFunctions in Frameworks */ = {isa = PBXBuildFile; productRef = DD47507A2BBED61800DB8034 /* FirebaseFunctions */; };
		DD47507D2BBED61800DB8034 /* FirebaseFunctionsCombine-Community in Frameworks */ = {isa = PBXBuildFile; productRef = DD47507C2BBED61800DB8034 /* FirebaseFunctionsCombine-Community */; };
		DD47507F2BBED61800DB8034 /* FirebaseInAppMessaging-Beta in Frameworks */ = {isa = PBXBuildFile; productRef = DD47507E2BBED61800DB8034 /* FirebaseInAppMessaging-Beta */; };
		DD4750812BBED61800DB8034 /* FirebaseInAppMessagingSwift-Beta in Frameworks */ = {isa = PBXBuildFile; productRef = DD4750802BBED61800DB8034 /* FirebaseInAppMessagingSwift-Beta */; };
		DD4750832BBED61800DB8034 /* FirebaseInstallations in Frameworks */ = {isa = PBXBuildFile; productRef = DD4750822BBED61800DB8034 /* FirebaseInstallations */; };
		DD4750852BBED61800DB8034 /* FirebaseMessaging in Frameworks */ = {isa = PBXBuildFile; productRef = DD4750842BBED61800DB8034 /* FirebaseMessaging */; };
		DD4750872BBED61800DB8034 /* FirebaseMLModelDownloader in Frameworks */ = {isa = PBXBuildFile; productRef = DD4750862BBED61800DB8034 /* FirebaseMLModelDownloader */; };
		DD4750892BBED61800DB8034 /* FirebasePerformance in Frameworks */ = {isa = PBXBuildFile; productRef = DD4750882BBED61800DB8034 /* FirebasePerformance */; };
		DD47508B2BBED61800DB8034 /* FirebaseRemoteConfig in Frameworks */ = {isa = PBXBuildFile; productRef = DD47508A2BBED61800DB8034 /* FirebaseRemoteConfig */; };
		DD47508D2BBED61800DB8034 /* FirebaseRemoteConfigSwift in Frameworks */ = {isa = PBXBuildFile; productRef = DD47508C2BBED61800DB8034 /* FirebaseRemoteConfigSwift */; };
		DD47508F2BBED61800DB8034 /* FirebaseStorage in Frameworks */ = {isa = PBXBuildFile; productRef = DD47508E2BBED61800DB8034 /* FirebaseStorage */; };
		DD4750912BBED61800DB8034 /* FirebaseStorageCombine-Community in Frameworks */ = {isa = PBXBuildFile; productRef = DD4750902BBED61800DB8034 /* FirebaseStorageCombine-Community */; };
/* End PBXBuildFile section */

/* Begin PBXFileReference section */
		DD47503F2BBECABC00DB8034 /* RealTimeDatabase.app */ = {isa = PBXFileReference; explicitFileType = wrapper.application; includeInIndex = 0; path = RealTimeDatabase.app; sourceTree = BUILT_PRODUCTS_DIR; };
		DD4750422BBECABC00DB8034 /* AppDelegate.swift */ = {isa = PBXFileReference; lastKnownFileType = sourcecode.swift; path = AppDelegate.swift; sourceTree = "<group>"; };
		DD4750442BBECABC00DB8034 /* SceneDelegate.swift */ = {isa = PBXFileReference; lastKnownFileType = sourcecode.swift; path = SceneDelegate.swift; sourceTree = "<group>"; };
		DD4750462BBECABC00DB8034 /* ViewController.swift */ = {isa = PBXFileReference; lastKnownFileType = sourcecode.swift; path = ViewController.swift; sourceTree = "<group>"; };
		DD4750492BBECABC00DB8034 /* Base */ = {isa = PBXFileReference; lastKnownFileType = file.storyboard; name = Base; path = Base.lproj/Main.storyboard; sourceTree = "<group>"; };
		DD47504B2BBECABC00DB8034 /* Assets.xcassets */ = {isa = PBXFileReference; lastKnownFileType = folder.assetcatalog; path = Assets.xcassets; sourceTree = "<group>"; };
		DD47504E2BBECABC00DB8034 /* Base */ = {isa = PBXFileReference; lastKnownFileType = file.storyboard; name = Base; path = Base.lproj/LaunchScreen.storyboard; sourceTree = "<group>"; };
		DD4750502BBECABC00DB8034 /* Info.plist */ = {isa = PBXFileReference; lastKnownFileType = text.plist.xml; path = Info.plist; sourceTree = "<group>"; };
		DD47505B2BBECD2B00DB8034 /* GoogleService-Info.plist */ = {isa = PBXFileReference; fileEncoding = 4; lastKnownFileType = text.plist.xml; path = "GoogleService-Info.plist"; sourceTree = "<group>"; };
		DD47505D2BBECE5900DB8034 /* User.swift */ = {isa = PBXFileReference; lastKnownFileType = sourcecode.swift; path = User.swift; sourceTree = "<group>"; };
/* End PBXFileReference section */

/* Begin PBXFrameworksBuildPhase section */
		DD47503C2BBECABC00DB8034 /* Frameworks */ = {
			isa = PBXFrameworksBuildPhase;
			buildActionMask = 2147483647;
			files = (
				DD47505A2BBECBFE00DB8034 /* FirebaseDatabaseSwift in Frameworks */,
				DD47507D2BBED61800DB8034 /* FirebaseFunctionsCombine-Community in Frameworks */,
				DD4750752BBED61800DB8034 /* FirebaseFirestore in Frameworks */,
				DD4750672BBED61800DB8034 /* FirebaseAnalyticsWithoutAdIdSupport in Frameworks */,
				DD4750582BBECBFE00DB8034 /* FirebaseDatabase in Frameworks */,
				DD4750612BBED61800DB8034 /* FirebaseAnalytics in Frameworks */,
				DD4750792BBED61800DB8034 /* FirebaseFirestoreSwift in Frameworks */,
				DD4750872BBED61800DB8034 /* FirebaseMLModelDownloader in Frameworks */,
				DD47506D2BBED61800DB8034 /* FirebaseAuth in Frameworks */,
				DD4750712BBED61800DB8034 /* FirebaseCrashlytics in Frameworks */,
				DD4750852BBED61800DB8034 /* FirebaseMessaging in Frameworks */,
				DD4750692BBED61800DB8034 /* FirebaseAppCheck in Frameworks */,
				DD47508D2BBED61800DB8034 /* FirebaseRemoteConfigSwift in Frameworks */,
				DD4750632BBED61800DB8034 /* FirebaseAnalyticsOnDeviceConversion in Frameworks */,
				DD47507F2BBED61800DB8034 /* FirebaseInAppMessaging-Beta in Frameworks */,
				DD4750652BBED61800DB8034 /* FirebaseAnalyticsSwift in Frameworks */,
				DD4750912BBED61800DB8034 /* FirebaseStorageCombine-Community in Frameworks */,
				DD47508B2BBED61800DB8034 /* FirebaseRemoteConfig in Frameworks */,
				DD47507B2BBED61800DB8034 /* FirebaseFunctions in Frameworks */,
				DD47506B2BBED61800DB8034 /* FirebaseAppDistribution-Beta in Frameworks */,
				DD4750892BBED61800DB8034 /* FirebasePerformance in Frameworks */,
				DD47506F2BBED61800DB8034 /* FirebaseAuthCombine-Community in Frameworks */,
				DD47508F2BBED61800DB8034 /* FirebaseStorage in Frameworks */,
				DD4750812BBED61800DB8034 /* FirebaseInAppMessagingSwift-Beta in Frameworks */,
				DD4750732BBED61800DB8034 /* FirebaseDynamicLinks in Frameworks */,
				DD4750772BBED61800DB8034 /* FirebaseFirestoreCombine-Community in Frameworks */,
				DD4750832BBED61800DB8034 /* FirebaseInstallations in Frameworks */,
			);
			runOnlyForDeploymentPostprocessing = 0;
		};
/* End PBXFrameworksBuildPhase section */

/* Begin PBXGroup section */
		DD4750362BBECABB00DB8034 = {
			isa = PBXGroup;
			children = (
				DD4750412BBECABC00DB8034 /* RealTimeDatabase */,
				DD4750402BBECABC00DB8034 /* Products */,
				DD47505F2BBED61800DB8034 /* Frameworks */,
			);
			sourceTree = "<group>";
		};
		DD4750402BBECABC00DB8034 /* Products */ = {
			isa = PBXGroup;
			children = (
				DD47503F2BBECABC00DB8034 /* RealTimeDatabase.app */,
			);
			name = Products;
			sourceTree = "<group>";
		};
		DD4750412BBECABC00DB8034 /* RealTimeDatabase */ = {
			isa = PBXGroup;
			children = (
				DD4750422BBECABC00DB8034 /* AppDelegate.swift */,
				DD4750442BBECABC00DB8034 /* SceneDelegate.swift */,
				DD4750462BBECABC00DB8034 /* ViewController.swift */,
				DD4750482BBECABC00DB8034 /* Main.storyboard */,
				DD47504B2BBECABC00DB8034 /* Assets.xcassets */,
				DD47504D2BBECABC00DB8034 /* LaunchScreen.storyboard */,
				DD4750502BBECABC00DB8034 /* Info.plist */,
				DD47505B2BBECD2B00DB8034 /* GoogleService-Info.plist */,
				DD47505D2BBECE5900DB8034 /* User.swift */,
			);
			path = RealTimeDatabase;
			sourceTree = "<group>";
		};
		DD47505F2BBED61800DB8034 /* Frameworks */ = {
			isa = PBXGroup;
			children = (
			);
			name = Frameworks;
			sourceTree = "<group>";
		};
/* End PBXGroup section */

/* Begin PBXNativeTarget section */
		DD47503E2BBECABC00DB8034 /* RealTimeDatabase */ = {
			isa = PBXNativeTarget;
			buildConfigurationList = DD4750532BBECABC00DB8034 /* Build configuration list for PBXNativeTarget "RealTimeDatabase" */;
			buildPhases = (
				DD47503B2BBECABC00DB8034 /* Sources */,
				DD47503C2BBECABC00DB8034 /* Frameworks */,
				DD47503D2BBECABC00DB8034 /* Resources */,
			);
			buildRules = (
			);
			dependencies = (
			);
			name = RealTimeDatabase;
			packageProductDependencies = (
				DD4750572BBECBFE00DB8034 /* FirebaseDatabase */,
				DD4750592BBECBFE00DB8034 /* FirebaseDatabaseSwift */,
				DD4750602BBED61800DB8034 /* FirebaseAnalytics */,
				DD4750622BBED61800DB8034 /* FirebaseAnalyticsOnDeviceConversion */,
				DD4750642BBED61800DB8034 /* FirebaseAnalyticsSwift */,
				DD4750662BBED61800DB8034 /* FirebaseAnalyticsWithoutAdIdSupport */,
				DD4750682BBED61800DB8034 /* FirebaseAppCheck */,
				DD47506A2BBED61800DB8034 /* FirebaseAppDistribution-Beta */,
				DD47506C2BBED61800DB8034 /* FirebaseAuth */,
				DD47506E2BBED61800DB8034 /* FirebaseAuthCombine-Community */,
				DD4750702BBED61800DB8034 /* FirebaseCrashlytics */,
				DD4750722BBED61800DB8034 /* FirebaseDynamicLinks */,
				DD4750742BBED61800DB8034 /* FirebaseFirestore */,
				DD4750762BBED61800DB8034 /* FirebaseFirestoreCombine-Community */,
				DD4750782BBED61800DB8034 /* FirebaseFirestoreSwift */,
				DD47507A2BBED61800DB8034 /* FirebaseFunctions */,
				DD47507C2BBED61800DB8034 /* FirebaseFunctionsCombine-Community */,
				DD47507E2BBED61800DB8034 /* FirebaseInAppMessaging-Beta */,
				DD4750802BBED61800DB8034 /* FirebaseInAppMessagingSwift-Beta */,
				DD4750822BBED61800DB8034 /* FirebaseInstallations */,
				DD4750842BBED61800DB8034 /* FirebaseMessaging */,
				DD4750862BBED61800DB8034 /* FirebaseMLModelDownloader */,
				DD4750882BBED61800DB8034 /* FirebasePerformance */,
				DD47508A2BBED61800DB8034 /* FirebaseRemoteConfig */,
				DD47508C2BBED61800DB8034 /* FirebaseRemoteConfigSwift */,
				DD47508E2BBED61800DB8034 /* FirebaseStorage */,
				DD4750902BBED61800DB8034 /* FirebaseStorageCombine-Community */,
			);
			productName = RealTimeDatabase;
			productReference = DD47503F2BBECABC00DB8034 /* RealTimeDatabase.app */;
			productType = "com.apple.product-type.application";
		};
/* End PBXNativeTarget section */

/* Begin PBXProject section */
		DD4750372BBECABB00DB8034 /* Project object */ = {
			isa = PBXProject;
			attributes = {
				BuildIndependentTargetsInParallel = 1;
				LastSwiftUpdateCheck = 1530;
				LastUpgradeCheck = 1530;
				TargetAttributes = {
					DD47503E2BBECABC00DB8034 = {
						CreatedOnToolsVersion = 15.3;
					};
				};
			};
			buildConfigurationList = DD47503A2BBECABB00DB8034 /* Build configuration list for PBXProject "RealTimeDatabase" */;
			compatibilityVersion = "Xcode 14.0";
			developmentRegion = en;
			hasScannedForEncodings = 0;
			knownRegions = (
				en,
				Base,
			);
			mainGroup = DD4750362BBECABB00DB8034;
			packageReferences = (
				DD4750562BBECBFE00DB8034 /* XCRemoteSwiftPackageReference "firebase-ios-sdk" */,
			);
			productRefGroup = DD4750402BBECABC00DB8034 /* Products */;
			projectDirPath = "";
			projectRoot = "";
			targets = (
				DD47503E2BBECABC00DB8034 /* RealTimeDatabase */,
			);
		};
/* End PBXProject section */

/* Begin PBXResourcesBuildPhase section */
		DD47503D2BBECABC00DB8034 /* Resources */ = {
			isa = PBXResourcesBuildPhase;
			buildActionMask = 2147483647;
			files = (
				DD47504C2BBECABC00DB8034 /* Assets.xcassets in Resources */,
				DD47505C2BBECD2B00DB8034 /* GoogleService-Info.plist in Resources */,
				DD47504F2BBECABC00DB8034 /* Base in Resources */,
				DD47504A2BBECABC00DB8034 /* Base in Resources */,
			);
			runOnlyForDeploymentPostprocessing = 0;
		};
/* End PBXResourcesBuildPhase section */

/* Begin PBXSourcesBuildPhase section */
		DD47503B2BBECABC00DB8034 /* Sources */ = {
			isa = PBXSourcesBuildPhase;
			buildActionMask = 2147483647;
			files = (
				DD47505E2BBECE5900DB8034 /* User.swift in Sources */,
				DD4750472BBECABC00DB8034 /* ViewController.swift in Sources */,
				DD4750432BBECABC00DB8034 /* AppDelegate.swift in Sources */,
				DD4750452BBECABC00DB8034 /* SceneDelegate.swift in Sources */,
			);
			runOnlyForDeploymentPostprocessing = 0;
		};
/* End PBXSourcesBuildPhase section */

/* Begin PBXVariantGroup section */
		DD4750482BBECABC00DB8034 /* Main.storyboard */ = {
			isa = PBXVariantGroup;
			children = (
				DD4750492BBECABC00DB8034 /* Base */,
			);
			name = Main.storyboard;
			sourceTree = "<group>";
		};
		DD47504D2BBECABC00DB8034 /* LaunchScreen.storyboard */ = {
			isa = PBXVariantGroup;
			children = (
				DD47504E2BBECABC00DB8034 /* Base */,
			);
			name = LaunchScreen.storyboard;
			sourceTree = "<group>";
		};
/* End PBXVariantGroup section */

/* Begin XCBuildConfiguration section */
		DD4750512BBECABC00DB8034 /* Debug */ = {
			isa = XCBuildConfiguration;
			buildSettings = {
				ALWAYS_SEARCH_USER_PATHS = NO;
				ASSETCATALOG_COMPILER_GENERATE_SWIFT_ASSET_SYMBOL_EXTENSIONS = YES;
				CLANG_ANALYZER_NONNULL = YES;
				CLANG_ANALYZER_NUMBER_OBJECT_CONVERSION = YES_AGGRESSIVE;
				CLANG_CXX_LANGUAGE_STANDARD = "gnu++20";
				CLANG_ENABLE_MODULES = YES;
				CLANG_ENABLE_OBJC_ARC = YES;
				CLANG_ENABLE_OBJC_WEAK = YES;
				CLANG_WARN_BLOCK_CAPTURE_AUTORELEASING = YES;
				CLANG_WARN_BOOL_CONVERSION = YES;
				CLANG_WARN_COMMA = YES;
				CLANG_WARN_CONSTANT_CONVERSION = YES;
				CLANG_WARN_DEPRECATED_OBJC_IMPLEMENTATIONS = YES;
				CLANG_WARN_DIRECT_OBJC_ISA_USAGE = YES_ERROR;
				CLANG_WARN_DOCUMENTATION_COMMENTS = YES;
				CLANG_WARN_EMPTY_BODY = YES;
				CLANG_WARN_ENUM_CONVERSION = YES;
				CLANG_WARN_INFINITE_RECURSION = YES;
				CLANG_WARN_INT_CONVERSION = YES;
				CLANG_WARN_NON_LITERAL_NULL_CONVERSION = YES;
				CLANG_WARN_OBJC_IMPLICIT_RETAIN_SELF = YES;
				CLANG_WARN_OBJC_LITERAL_CONVERSION = YES;
				CLANG_WARN_OBJC_ROOT_CLASS = YES_ERROR;
				CLANG_WARN_QUOTED_INCLUDE_IN_FRAMEWORK_HEADER = YES;
				CLANG_WARN_RANGE_LOOP_ANALYSIS = YES;
				CLANG_WARN_STRICT_PROTOTYPES = YES;
				CLANG_WARN_SUSPICIOUS_MOVE = YES;
				CLANG_WARN_UNGUARDED_AVAILABILITY = YES_AGGRESSIVE;
				CLANG_WARN_UNREACHABLE_CODE = YES;
				CLANG_WARN__DUPLICATE_METHOD_MATCH = YES;
				COPY_PHASE_STRIP = NO;
				DEBUG_INFORMATION_FORMAT = dwarf;
				ENABLE_STRICT_OBJC_MSGSEND = YES;
				ENABLE_TESTABILITY = YES;
				ENABLE_USER_SCRIPT_SANDBOXING = YES;
				GCC_C_LANGUAGE_STANDARD = gnu17;
				GCC_DYNAMIC_NO_PIC = NO;
				GCC_NO_COMMON_BLOCKS = YES;
				GCC_OPTIMIZATION_LEVEL = 0;
				GCC_PREPROCESSOR_DEFINITIONS = (
					"DEBUG=1",
					"$(inherited)",
				);
				GCC_WARN_64_TO_32_BIT_CONVERSION = YES;
				GCC_WARN_ABOUT_RETURN_TYPE = YES_ERROR;
				GCC_WARN_UNDECLARED_SELECTOR = YES;
				GCC_WARN_UNINITIALIZED_AUTOS = YES_AGGRESSIVE;
				GCC_WARN_UNUSED_FUNCTION = YES;
				GCC_WARN_UNUSED_VARIABLE = YES;
				IPHONEOS_DEPLOYMENT_TARGET = 17.4;
				LOCALIZATION_PREFERS_STRING_CATALOGS = YES;
				MTL_ENABLE_DEBUG_INFO = INCLUDE_SOURCE;
				MTL_FAST_MATH = YES;
				ONLY_ACTIVE_ARCH = YES;
				SDKROOT = iphoneos;
				SWIFT_ACTIVE_COMPILATION_CONDITIONS = "DEBUG $(inherited)";
				SWIFT_OPTIMIZATION_LEVEL = "-Onone";
			};
			name = Debug;
		};
		DD4750522BBECABC00DB8034 /* Release */ = {
			isa = XCBuildConfiguration;
			buildSettings = {
				ALWAYS_SEARCH_USER_PATHS = NO;
				ASSETCATALOG_COMPILER_GENERATE_SWIFT_ASSET_SYMBOL_EXTENSIONS = YES;
				CLANG_ANALYZER_NONNULL = YES;
				CLANG_ANALYZER_NUMBER_OBJECT_CONVERSION = YES_AGGRESSIVE;
				CLANG_CXX_LANGUAGE_STANDARD = "gnu++20";
				CLANG_ENABLE_MODULES = YES;
				CLANG_ENABLE_OBJC_ARC = YES;
				CLANG_ENABLE_OBJC_WEAK = YES;
				CLANG_WARN_BLOCK_CAPTURE_AUTORELEASING = YES;
				CLANG_WARN_BOOL_CONVERSION = YES;
				CLANG_WARN_COMMA = YES;
				CLANG_WARN_CONSTANT_CONVERSION = YES;
				CLANG_WARN_DEPRECATED_OBJC_IMPLEMENTATIONS = YES;
				CLANG_WARN_DIRECT_OBJC_ISA_USAGE = YES_ERROR;
				CLANG_WARN_DOCUMENTATION_COMMENTS = YES;
				CLANG_WARN_EMPTY_BODY = YES;
				CLANG_WARN_ENUM_CONVERSION = YES;
				CLANG_WARN_INFINITE_RECURSION = YES;
				CLANG_WARN_INT_CONVERSION = YES;
				CLANG_WARN_NON_LITERAL_NULL_CONVERSION = YES;
				CLANG_WARN_OBJC_IMPLICIT_RETAIN_SELF = YES;
				CLANG_WARN_OBJC_LITERAL_CONVERSION = YES;
				CLANG_WARN_OBJC_ROOT_CLASS = YES_ERROR;
				CLANG_WARN_QUOTED_INCLUDE_IN_FRAMEWORK_HEADER = YES;
				CLANG_WARN_RANGE_LOOP_ANALYSIS = YES;
				CLANG_WARN_STRICT_PROTOTYPES = YES;
				CLANG_WARN_SUSPICIOUS_MOVE = YES;
				CLANG_WARN_UNGUARDED_AVAILABILITY = YES_AGGRESSIVE;
				CLANG_WARN_UNREACHABLE_CODE = YES;
				CLANG_WARN__DUPLICATE_METHOD_MATCH = YES;
				COPY_PHASE_STRIP = NO;
				DEBUG_INFORMATION_FORMAT = "dwarf-with-dsym";
				ENABLE_NS_ASSERTIONS = NO;
				ENABLE_STRICT_OBJC_MSGSEND = YES;
				ENABLE_USER_SCRIPT_SANDBOXING = YES;
				GCC_C_LANGUAGE_STANDARD = gnu17;
				GCC_NO_COMMON_BLOCKS = YES;
				GCC_WARN_64_TO_32_BIT_CONVERSION = YES;
				GCC_WARN_ABOUT_RETURN_TYPE = YES_ERROR;
				GCC_WARN_UNDECLARED_SELECTOR = YES;
				GCC_WARN_UNINITIALIZED_AUTOS = YES_AGGRESSIVE;
				GCC_WARN_UNUSED_FUNCTION = YES;
				GCC_WARN_UNUSED_VARIABLE = YES;
				IPHONEOS_DEPLOYMENT_TARGET = 17.4;
				LOCALIZATION_PREFERS_STRING_CATALOGS = YES;
				MTL_ENABLE_DEBUG_INFO = NO;
				MTL_FAST_MATH = YES;
				SDKROOT = iphoneos;
				SWIFT_COMPILATION_MODE = wholemodule;
				VALIDATE_PRODUCT = YES;
			};
			name = Release;
		};
		DD4750542BBECABC00DB8034 /* Debug */ = {
			isa = XCBuildConfiguration;
			buildSettings = {
				ASSETCATALOG_COMPILER_APPICON_NAME = AppIcon;
				ASSETCATALOG_COMPILER_GLOBAL_ACCENT_COLOR_NAME = AccentColor;
				CODE_SIGN_STYLE = Automatic;
				CURRENT_PROJECT_VERSION = 1;
				GENERATE_INFOPLIST_FILE = YES;
				INFOPLIST_FILE = RealTimeDatabase/Info.plist;
				INFOPLIST_KEY_UIApplicationSupportsIndirectInputEvents = YES;
				INFOPLIST_KEY_UILaunchStoryboardName = LaunchScreen;
				INFOPLIST_KEY_UIMainStoryboardFile = Main;
				INFOPLIST_KEY_UISupportedInterfaceOrientations_iPad = "UIInterfaceOrientationPortrait UIInterfaceOrientationPortraitUpsideDown UIInterfaceOrientationLandscapeLeft UIInterfaceOrientationLandscapeRight";
				INFOPLIST_KEY_UISupportedInterfaceOrientations_iPhone = "UIInterfaceOrientationPortrait UIInterfaceOrientationLandscapeLeft UIInterfaceOrientationLandscapeRight";
				LD_RUNPATH_SEARCH_PATHS = (
					"$(inherited)",
					"@executable_path/Frameworks",
				);
				MARKETING_VERSION = 1.0;
				PRODUCT_BUNDLE_IDENTIFIER = First.RealTimeDatabase;
				PRODUCT_NAME = "$(TARGET_NAME)";
				SWIFT_EMIT_LOC_STRINGS = YES;
				SWIFT_VERSION = 5.0;
				TARGETED_DEVICE_FAMILY = "1,2";
			};
			name = Debug;
		};
		DD4750552BBECABC00DB8034 /* Release */ = {
			isa = XCBuildConfiguration;
			buildSettings = {
				ASSETCATALOG_COMPILER_APPICON_NAME = AppIcon;
				ASSETCATALOG_COMPILER_GLOBAL_ACCENT_COLOR_NAME = AccentColor;
				CODE_SIGN_STYLE = Automatic;
				CURRENT_PROJECT_VERSION = 1;
				GENERATE_INFOPLIST_FILE = YES;
				INFOPLIST_FILE = RealTimeDatabase/Info.plist;
				INFOPLIST_KEY_UIApplicationSupportsIndirectInputEvents = YES;
				INFOPLIST_KEY_UILaunchStoryboardName = LaunchScreen;
				INFOPLIST_KEY_UIMainStoryboardFile = Main;
				INFOPLIST_KEY_UISupportedInterfaceOrientations_iPad = "UIInterfaceOrientationPortrait UIInterfaceOrientationPortraitUpsideDown UIInterfaceOrientationLandscapeLeft UIInterfaceOrientationLandscapeRight";
				INFOPLIST_KEY_UISupportedInterfaceOrientations_iPhone = "UIInterfaceOrientationPortrait UIInterfaceOrientationLandscapeLeft UIInterfaceOrientationLandscapeRight";
				LD_RUNPATH_SEARCH_PATHS = (
					"$(inherited)",
					"@executable_path/Frameworks",
				);
				MARKETING_VERSION = 1.0;
				PRODUCT_BUNDLE_IDENTIFIER = First.RealTimeDatabase;
				PRODUCT_NAME = "$(TARGET_NAME)";
				SWIFT_EMIT_LOC_STRINGS = YES;
				SWIFT_VERSION = 5.0;
				TARGETED_DEVICE_FAMILY = "1,2";
			};
			name = Release;
		};
/* End XCBuildConfiguration section */

/* Begin XCConfigurationList section */
		DD47503A2BBECABB00DB8034 /* Build configuration list for PBXProject "RealTimeDatabase" */ = {
			isa = XCConfigurationList;
			buildConfigurations = (
				DD4750512BBECABC00DB8034 /* Debug */,
				DD4750522BBECABC00DB8034 /* Release */,
			);
			defaultConfigurationIsVisible = 0;
			defaultConfigurationName = Release;
		};
		DD4750532BBECABC00DB8034 /* Build configuration list for PBXNativeTarget "RealTimeDatabase" */ = {
			isa = XCConfigurationList;
			buildConfigurations = (
				DD4750542BBECABC00DB8034 /* Debug */,
				DD4750552BBECABC00DB8034 /* Release */,
			);
			defaultConfigurationIsVisible = 0;
			defaultConfigurationName = Release;
		};
/* End XCConfigurationList section */

/* Begin XCRemoteSwiftPackageReference section */
		DD4750562BBECBFE00DB8034 /* XCRemoteSwiftPackageReference "firebase-ios-sdk" */ = {
			isa = XCRemoteSwiftPackageReference;
			repositoryURL = "https://github.com/firebase/firebase-ios-sdk";
			requirement = {
				kind = upToNextMajorVersion;
				minimumVersion = 10.23.1;
			};
		};
/* End XCRemoteSwiftPackageReference section */

/* Begin XCSwiftPackageProductDependency section */
		DD4750572BBECBFE00DB8034 /* FirebaseDatabase */ = {
			isa = XCSwiftPackageProductDependency;
			package = DD4750562BBECBFE00DB8034 /* XCRemoteSwiftPackageReference "firebase-ios-sdk" */;
			productName = FirebaseDatabase;
		};
		DD4750592BBECBFE00DB8034 /* FirebaseDatabaseSwift */ = {
			isa = XCSwiftPackageProductDependency;
			package = DD4750562BBECBFE00DB8034 /* XCRemoteSwiftPackageReference "firebase-ios-sdk" */;
			productName = FirebaseDatabaseSwift;
		};
		DD4750602BBED61800DB8034 /* FirebaseAnalytics */ = {
			isa = XCSwiftPackageProductDependency;
			package = DD4750562BBECBFE00DB8034 /* XCRemoteSwiftPackageReference "firebase-ios-sdk" */;
			productName = FirebaseAnalytics;
		};
		DD4750622BBED61800DB8034 /* FirebaseAnalyticsOnDeviceConversion */ = {
			isa = XCSwiftPackageProductDependency;
			package = DD4750562BBECBFE00DB8034 /* XCRemoteSwiftPackageReference "firebase-ios-sdk" */;
			productName = FirebaseAnalyticsOnDeviceConversion;
		};
		DD4750642BBED61800DB8034 /* FirebaseAnalyticsSwift */ = {
			isa = XCSwiftPackageProductDependency;
			package = DD4750562BBECBFE00DB8034 /* XCRemoteSwiftPackageReference "firebase-ios-sdk" */;
			productName = FirebaseAnalyticsSwift;
		};
		DD4750662BBED61800DB8034 /* FirebaseAnalyticsWithoutAdIdSupport */ = {
			isa = XCSwiftPackageProductDependency;
			package = DD4750562BBECBFE00DB8034 /* XCRemoteSwiftPackageReference "firebase-ios-sdk" */;
			productName = FirebaseAnalyticsWithoutAdIdSupport;
		};
		DD4750682BBED61800DB8034 /* FirebaseAppCheck */ = {
			isa = XCSwiftPackageProductDependency;
			package = DD4750562BBECBFE00DB8034 /* XCRemoteSwiftPackageReference "firebase-ios-sdk" */;
			productName = FirebaseAppCheck;
		};
		DD47506A2BBED61800DB8034 /* FirebaseAppDistribution-Beta */ = {
			isa = XCSwiftPackageProductDependency;
			package = DD4750562BBECBFE00DB8034 /* XCRemoteSwiftPackageReference "firebase-ios-sdk" */;
			productName = "FirebaseAppDistribution-Beta";
		};
		DD47506C2BBED61800DB8034 /* FirebaseAuth */ = {
			isa = XCSwiftPackageProductDependency;
			package = DD4750562BBECBFE00DB8034 /* XCRemoteSwiftPackageReference "firebase-ios-sdk" */;
			productName = FirebaseAuth;
		};
		DD47506E2BBED61800DB8034 /* FirebaseAuthCombine-Community */ = {
			isa = XCSwiftPackageProductDependency;
			package = DD4750562BBECBFE00DB8034 /* XCRemoteSwiftPackageReference "firebase-ios-sdk" */;
			productName = "FirebaseAuthCombine-Community";
		};
		DD4750702BBED61800DB8034 /* FirebaseCrashlytics */ = {
			isa = XCSwiftPackageProductDependency;
			package = DD4750562BBECBFE00DB8034 /* XCRemoteSwiftPackageReference "firebase-ios-sdk" */;
			productName = FirebaseCrashlytics;
		};
		DD4750722BBED61800DB8034 /* FirebaseDynamicLinks */ = {
			isa = XCSwiftPackageProductDependency;
			package = DD4750562BBECBFE00DB8034 /* XCRemoteSwiftPackageReference "firebase-ios-sdk" */;
			productName = FirebaseDynamicLinks;
		};
		DD4750742BBED61800DB8034 /* FirebaseFirestore */ = {
			isa = XCSwiftPackageProductDependency;
			package = DD4750562BBECBFE00DB8034 /* XCRemoteSwiftPackageReference "firebase-ios-sdk" */;
			productName = FirebaseFirestore;
		};
		DD4750762BBED61800DB8034 /* FirebaseFirestoreCombine-Community */ = {
			isa = XCSwiftPackageProductDependency;
			package = DD4750562BBECBFE00DB8034 /* XCRemoteSwiftPackageReference "firebase-ios-sdk" */;
			productName = "FirebaseFirestoreCombine-Community";
		};
		DD4750782BBED61800DB8034 /* FirebaseFirestoreSwift */ = {
			isa = XCSwiftPackageProductDependency;
			package = DD4750562BBECBFE00DB8034 /* XCRemoteSwiftPackageReference "firebase-ios-sdk" */;
			productName = FirebaseFirestoreSwift;
		};
		DD47507A2BBED61800DB8034 /* FirebaseFunctions */ = {
			isa = XCSwiftPackageProductDependency;
			package = DD4750562BBECBFE00DB8034 /* XCRemoteSwiftPackageReference "firebase-ios-sdk" */;
			productName = FirebaseFunctions;
		};
		DD47507C2BBED61800DB8034 /* FirebaseFunctionsCombine-Community */ = {
			isa = XCSwiftPackageProductDependency;
			package = DD4750562BBECBFE00DB8034 /* XCRemoteSwiftPackageReference "firebase-ios-sdk" */;
			productName = "FirebaseFunctionsCombine-Community";
		};
		DD47507E2BBED61800DB8034 /* FirebaseInAppMessaging-Beta */ = {
			isa = XCSwiftPackageProductDependency;
			package = DD4750562BBECBFE00DB8034 /* XCRemoteSwiftPackageReference "firebase-ios-sdk" */;
			productName = "FirebaseInAppMessaging-Beta";
		};
		DD4750802BBED61800DB8034 /* FirebaseInAppMessagingSwift-Beta */ = {
			isa = XCSwiftPackageProductDependency;
			package = DD4750562BBECBFE00DB8034 /* XCRemoteSwiftPackageReference "firebase-ios-sdk" */;
			productName = "FirebaseInAppMessagingSwift-Beta";
		};
		DD4750822BBED61800DB8034 /* FirebaseInstallations */ = {
			isa = XCSwiftPackageProductDependency;
			package = DD4750562BBECBFE00DB8034 /* XCRemoteSwiftPackageReference "firebase-ios-sdk" */;
			productName = FirebaseInstallations;
		};
		DD4750842BBED61800DB8034 /* FirebaseMessaging */ = {
			isa = XCSwiftPackageProductDependency;
			package = DD4750562BBECBFE00DB8034 /* XCRemoteSwiftPackageReference "firebase-ios-sdk" */;
			productName = FirebaseMessaging;
		};
		DD4750862BBED61800DB8034 /* FirebaseMLModelDownloader */ = {
			isa = XCSwiftPackageProductDependency;
			package = DD4750562BBECBFE00DB8034 /* XCRemoteSwiftPackageReference "firebase-ios-sdk" */;
			productName = FirebaseMLModelDownloader;
		};
		DD4750882BBED61800DB8034 /* FirebasePerformance */ = {
			isa = XCSwiftPackageProductDependency;
			package = DD4750562BBECBFE00DB8034 /* XCRemoteSwiftPackageReference "firebase-ios-sdk" */;
			productName = FirebasePerformance;
		};
		DD47508A2BBED61800DB8034 /* FirebaseRemoteConfig */ = {
			isa = XCSwiftPackageProductDependency;
			package = DD4750562BBECBFE00DB8034 /* XCRemoteSwiftPackageReference "firebase-ios-sdk" */;
			productName = FirebaseRemoteConfig;
		};
		DD47508C2BBED61800DB8034 /* FirebaseRemoteConfigSwift */ = {
			isa = XCSwiftPackageProductDependency;
			package = DD4750562BBECBFE00DB8034 /* XCRemoteSwiftPackageReference "firebase-ios-sdk" */;
			productName = FirebaseRemoteConfigSwift;
		};
		DD47508E2BBED61800DB8034 /* FirebaseStorage */ = {
			isa = XCSwiftPackageProductDependency;
			package = DD4750562BBECBFE00DB8034 /* XCRemoteSwiftPackageReference "firebase-ios-sdk" */;
			productName = FirebaseStorage;
		};
		DD4750902BBED61800DB8034 /* FirebaseStorageCombine-Community */ = {
			isa = XCSwiftPackageProductDependency;
			package = DD4750562BBECBFE00DB8034 /* XCRemoteSwiftPackageReference "firebase-ios-sdk" */;
			productName = "FirebaseStorageCombine-Community";
		};
/* End XCSwiftPackageProductDependency section */
	};
	rootObject = DD4750372BBECABB00DB8034 /* Project object */;
}
