// !$*UTF8*$!
{
	archiveVersion = 1;
	classes = {
	};
	objectVersion = 56;
	objects = {

/* Begin PBXBuildFile section */
		DDECE1FC2B4D7CF400199347 /* InteractiveWidgetKitApp.swift in Sources */ = {isa = PBXBuildFile; fileRef = DDECE1FB2B4D7CF400199347 /* InteractiveWidgetKitApp.swift */; };
		DDECE1FE2B4D7CF400199347 /* ContentView.swift in Sources */ = {isa = PBXBuildFile; fileRef = DDECE1FD2B4D7CF400199347 /* ContentView.swift */; };
		DDECE2002B4D7CF500199347 /* Assets.xcassets in Resources */ = {isa = PBXBuildFile; fileRef = DDECE1FF2B4D7CF500199347 /* Assets.xcassets */; };
		DDECE2032B4D7CF500199347 /* Preview Assets.xcassets in Resources */ = {isa = PBXBuildFile; fileRef = DDECE2022B4D7CF500199347 /* Preview Assets.xcassets */; };
		DDECE2102B4D7D2700199347 /* WidgetKit.framework in Frameworks */ = {isa = PBXBuildFile; fileRef = DDECE20F2B4D7D2700199347 /* WidgetKit.framework */; };
		DDECE2122B4D7D2700199347 /* SwiftUI.framework in Frameworks */ = {isa = PBXBuildFile; fileRef = DDECE2112B4D7D2700199347 /* SwiftUI.framework */; };
		DDECE2152B4D7D2700199347 /* ToDoWidgetBundle.swift in Sources */ = {isa = PBXBuildFile; fileRef = DDECE2142B4D7D2700199347 /* ToDoWidgetBundle.swift */; };
		DDECE2172B4D7D2700199347 /* ToDoWidget.swift in Sources */ = {isa = PBXBuildFile; fileRef = DDECE2162B4D7D2700199347 /* ToDoWidget.swift */; };
		DDECE2192B4D7D2900199347 /* Assets.xcassets in Resources */ = {isa = PBXBuildFile; fileRef = DDECE2182B4D7D2900199347 /* Assets.xcassets */; };
		DDECE21D2B4D7D2900199347 /* ToDoWidgetExtension.appex in Embed Foundation Extensions */ = {isa = PBXBuildFile; fileRef = DDECE20D2B4D7D2700199347 /* ToDoWidgetExtension.appex */; settings = {ATTRIBUTES = (RemoveHeadersOnCopy, ); }; };
		DDECE2242B4D7D7A00199347 /* ToDo.swift in Sources */ = {isa = PBXBuildFile; fileRef = DDECE2232B4D7D7A00199347 /* ToDo.swift */; };
		DDECE2252B4D7EDE00199347 /* ToDo.swift in Sources */ = {isa = PBXBuildFile; fileRef = DDECE2232B4D7D7A00199347 /* ToDo.swift */; };
		DDECE2272B4D9F5A00199347 /* CompleteToDoIntent.swift in Sources */ = {isa = PBXBuildFile; fileRef = DDECE2262B4D9F5A00199347 /* CompleteToDoIntent.swift */; };
		DDECE2282B4DA16000199347 /* CompleteToDoIntent.swift in Sources */ = {isa = PBXBuildFile; fileRef = DDECE2262B4D9F5A00199347 /* CompleteToDoIntent.swift */; };
/* End PBXBuildFile section */

/* Begin PBXContainerItemProxy section */
		DDECE21B2B4D7D2900199347 /* PBXContainerItemProxy */ = {
			isa = PBXContainerItemProxy;
			containerPortal = DDECE1F02B4D7CF400199347 /* Project object */;
			proxyType = 1;
			remoteGlobalIDString = DDECE20C2B4D7D2700199347;
			remoteInfo = ToDoWidgetExtension;
		};
/* End PBXContainerItemProxy section */

/* Begin PBXCopyFilesBuildPhase section */
		DDECE2212B4D7D2900199347 /* Embed Foundation Extensions */ = {
			isa = PBXCopyFilesBuildPhase;
			buildActionMask = 2147483647;
			dstPath = "";
			dstSubfolderSpec = 13;
			files = (
				DDECE21D2B4D7D2900199347 /* ToDoWidgetExtension.appex in Embed Foundation Extensions */,
			);
			name = "Embed Foundation Extensions";
			runOnlyForDeploymentPostprocessing = 0;
		};
/* End PBXCopyFilesBuildPhase section */

/* Begin PBXFileReference section */
		DDECE1F82B4D7CF400199347 /* InteractiveWidgetKit.app */ = {isa = PBXFileReference; explicitFileType = wrapper.application; includeInIndex = 0; path = InteractiveWidgetKit.app; sourceTree = BUILT_PRODUCTS_DIR; };
		DDECE1FB2B4D7CF400199347 /* InteractiveWidgetKitApp.swift */ = {isa = PBXFileReference; lastKnownFileType = sourcecode.swift; path = InteractiveWidgetKitApp.swift; sourceTree = "<group>"; };
		DDECE1FD2B4D7CF400199347 /* ContentView.swift */ = {isa = PBXFileReference; lastKnownFileType = sourcecode.swift; path = ContentView.swift; sourceTree = "<group>"; };
		DDECE1FF2B4D7CF500199347 /* Assets.xcassets */ = {isa = PBXFileReference; lastKnownFileType = folder.assetcatalog; path = Assets.xcassets; sourceTree = "<group>"; };
		DDECE2022B4D7CF500199347 /* Preview Assets.xcassets */ = {isa = PBXFileReference; lastKnownFileType = folder.assetcatalog; path = "Preview Assets.xcassets"; sourceTree = "<group>"; };
		DDECE20D2B4D7D2700199347 /* ToDoWidgetExtension.appex */ = {isa = PBXFileReference; explicitFileType = "wrapper.app-extension"; includeInIndex = 0; path = ToDoWidgetExtension.appex; sourceTree = BUILT_PRODUCTS_DIR; };
		DDECE20F2B4D7D2700199347 /* WidgetKit.framework */ = {isa = PBXFileReference; lastKnownFileType = wrapper.framework; name = WidgetKit.framework; path = System/Library/Frameworks/WidgetKit.framework; sourceTree = SDKROOT; };
		DDECE2112B4D7D2700199347 /* SwiftUI.framework */ = {isa = PBXFileReference; lastKnownFileType = wrapper.framework; name = SwiftUI.framework; path = System/Library/Frameworks/SwiftUI.framework; sourceTree = SDKROOT; };
		DDECE2142B4D7D2700199347 /* ToDoWidgetBundle.swift */ = {isa = PBXFileReference; lastKnownFileType = sourcecode.swift; path = ToDoWidgetBundle.swift; sourceTree = "<group>"; };
		DDECE2162B4D7D2700199347 /* ToDoWidget.swift */ = {isa = PBXFileReference; lastKnownFileType = sourcecode.swift; path = ToDoWidget.swift; sourceTree = "<group>"; };
		DDECE2182B4D7D2900199347 /* Assets.xcassets */ = {isa = PBXFileReference; lastKnownFileType = folder.assetcatalog; path = Assets.xcassets; sourceTree = "<group>"; };
		DDECE21A2B4D7D2900199347 /* Info.plist */ = {isa = PBXFileReference; lastKnownFileType = text.plist.xml; path = Info.plist; sourceTree = "<group>"; };
		DDECE2232B4D7D7A00199347 /* ToDo.swift */ = {isa = PBXFileReference; lastKnownFileType = sourcecode.swift; path = ToDo.swift; sourceTree = "<group>"; };
		DDECE2262B4D9F5A00199347 /* CompleteToDoIntent.swift */ = {isa = PBXFileReference; lastKnownFileType = sourcecode.swift; path = CompleteToDoIntent.swift; sourceTree = "<group>"; };
/* End PBXFileReference section */

/* Begin PBXFrameworksBuildPhase section */
		DDECE1F52B4D7CF400199347 /* Frameworks */ = {
			isa = PBXFrameworksBuildPhase;
			buildActionMask = 2147483647;
			files = (
			);
			runOnlyForDeploymentPostprocessing = 0;
		};
		DDECE20A2B4D7D2700199347 /* Frameworks */ = {
			isa = PBXFrameworksBuildPhase;
			buildActionMask = 2147483647;
			files = (
				DDECE2122B4D7D2700199347 /* SwiftUI.framework in Frameworks */,
				DDECE2102B4D7D2700199347 /* WidgetKit.framework in Frameworks */,
			);
			runOnlyForDeploymentPostprocessing = 0;
		};
/* End PBXFrameworksBuildPhase section */

/* Begin PBXGroup section */
		DDECE1EF2B4D7CF400199347 = {
			isa = PBXGroup;
			children = (
				DDECE1FA2B4D7CF400199347 /* InteractiveWidgetKit */,
				DDECE2132B4D7D2700199347 /* ToDoWidget */,
				DDECE20E2B4D7D2700199347 /* Frameworks */,
				DDECE1F92B4D7CF400199347 /* Products */,
			);
			sourceTree = "<group>";
		};
		DDECE1F92B4D7CF400199347 /* Products */ = {
			isa = PBXGroup;
			children = (
				DDECE1F82B4D7CF400199347 /* InteractiveWidgetKit.app */,
				DDECE20D2B4D7D2700199347 /* ToDoWidgetExtension.appex */,
			);
			name = Products;
			sourceTree = "<group>";
		};
		DDECE1FA2B4D7CF400199347 /* InteractiveWidgetKit */ = {
			isa = PBXGroup;
			children = (
				DDECE2222B4D7D6B00199347 /* Model */,
				DDECE1FB2B4D7CF400199347 /* InteractiveWidgetKitApp.swift */,
				DDECE1FD2B4D7CF400199347 /* ContentView.swift */,
				DDECE1FF2B4D7CF500199347 /* Assets.xcassets */,
				DDECE2012B4D7CF500199347 /* Preview Content */,
			);
			path = InteractiveWidgetKit;
			sourceTree = "<group>";
		};
		DDECE2012B4D7CF500199347 /* Preview Content */ = {
			isa = PBXGroup;
			children = (
				DDECE2022B4D7CF500199347 /* Preview Assets.xcassets */,
			);
			path = "Preview Content";
			sourceTree = "<group>";
		};
		DDECE20E2B4D7D2700199347 /* Frameworks */ = {
			isa = PBXGroup;
			children = (
				DDECE20F2B4D7D2700199347 /* WidgetKit.framework */,
				DDECE2112B4D7D2700199347 /* SwiftUI.framework */,
			);
			name = Frameworks;
			sourceTree = "<group>";
		};
		DDECE2132B4D7D2700199347 /* ToDoWidget */ = {
			isa = PBXGroup;
			children = (
				DDECE2142B4D7D2700199347 /* ToDoWidgetBundle.swift */,
				DDECE2162B4D7D2700199347 /* ToDoWidget.swift */,
				DDECE2182B4D7D2900199347 /* Assets.xcassets */,
				DDECE21A2B4D7D2900199347 /* Info.plist */,
			);
			path = ToDoWidget;
			sourceTree = "<group>";
		};
		DDECE2222B4D7D6B00199347 /* Model */ = {
			isa = PBXGroup;
			children = (
				DDECE2232B4D7D7A00199347 /* ToDo.swift */,
				DDECE2262B4D9F5A00199347 /* CompleteToDoIntent.swift */,
			);
			path = Model;
			sourceTree = "<group>";
		};
/* End PBXGroup section */

/* Begin PBXNativeTarget section */
		DDECE1F72B4D7CF400199347 /* InteractiveWidgetKit */ = {
			isa = PBXNativeTarget;
			buildConfigurationList = DDECE2062B4D7CF500199347 /* Build configuration list for PBXNativeTarget "InteractiveWidgetKit" */;
			buildPhases = (
				DDECE1F42B4D7CF400199347 /* Sources */,
				DDECE1F52B4D7CF400199347 /* Frameworks */,
				DDECE1F62B4D7CF400199347 /* Resources */,
				DDECE2212B4D7D2900199347 /* Embed Foundation Extensions */,
			);
			buildRules = (
			);
			dependencies = (
				DDECE21C2B4D7D2900199347 /* PBXTargetDependency */,
			);
			name = InteractiveWidgetKit;
			productName = InteractiveWidgetKit;
			productReference = DDECE1F82B4D7CF400199347 /* InteractiveWidgetKit.app */;
			productType = "com.apple.product-type.application";
		};
		DDECE20C2B4D7D2700199347 /* ToDoWidgetExtension */ = {
			isa = PBXNativeTarget;
			buildConfigurationList = DDECE21E2B4D7D2900199347 /* Build configuration list for PBXNativeTarget "ToDoWidgetExtension" */;
			buildPhases = (
				DDECE2092B4D7D2700199347 /* Sources */,
				DDECE20A2B4D7D2700199347 /* Frameworks */,
				DDECE20B2B4D7D2700199347 /* Resources */,
			);
			buildRules = (
			);
			dependencies = (
			);
			name = ToDoWidgetExtension;
			productName = ToDoWidgetExtension;
			productReference = DDECE20D2B4D7D2700199347 /* ToDoWidgetExtension.appex */;
			productType = "com.apple.product-type.app-extension";
		};
/* End PBXNativeTarget section */

/* Begin PBXProject section */
		DDECE1F02B4D7CF400199347 /* Project object */ = {
			isa = PBXProject;
			attributes = {
				BuildIndependentTargetsInParallel = 1;
				LastSwiftUpdateCheck = 1500;
				LastUpgradeCheck = 1500;
				TargetAttributes = {
					DDECE1F72B4D7CF400199347 = {
						CreatedOnToolsVersion = 15.0.1;
					};
					DDECE20C2B4D7D2700199347 = {
						CreatedOnToolsVersion = 15.0.1;
					};
				};
			};
			buildConfigurationList = DDECE1F32B4D7CF400199347 /* Build configuration list for PBXProject "InteractiveWidgetKit" */;
			compatibilityVersion = "Xcode 14.0";
			developmentRegion = en;
			hasScannedForEncodings = 0;
			knownRegions = (
				en,
				Base,
			);
			mainGroup = DDECE1EF2B4D7CF400199347;
			productRefGroup = DDECE1F92B4D7CF400199347 /* Products */;
			projectDirPath = "";
			projectRoot = "";
			targets = (
				DDECE1F72B4D7CF400199347 /* InteractiveWidgetKit */,
				DDECE20C2B4D7D2700199347 /* ToDoWidgetExtension */,
			);
		};
/* End PBXProject section */

/* Begin PBXResourcesBuildPhase section */
		DDECE1F62B4D7CF400199347 /* Resources */ = {
			isa = PBXResourcesBuildPhase;
			buildActionMask = 2147483647;
			files = (
				DDECE2032B4D7CF500199347 /* Preview Assets.xcassets in Resources */,
				DDECE2002B4D7CF500199347 /* Assets.xcassets in Resources */,
			);
			runOnlyForDeploymentPostprocessing = 0;
		};
		DDECE20B2B4D7D2700199347 /* Resources */ = {
			isa = PBXResourcesBuildPhase;
			buildActionMask = 2147483647;
			files = (
				DDECE2192B4D7D2900199347 /* Assets.xcassets in Resources */,
			);
			runOnlyForDeploymentPostprocessing = 0;
		};
/* End PBXResourcesBuildPhase section */

/* Begin PBXSourcesBuildPhase section */
		DDECE1F42B4D7CF400199347 /* Sources */ = {
			isa = PBXSourcesBuildPhase;
			buildActionMask = 2147483647;
			files = (
				DDECE2272B4D9F5A00199347 /* CompleteToDoIntent.swift in Sources */,
				DDECE2242B4D7D7A00199347 /* ToDo.swift in Sources */,
				DDECE1FE2B4D7CF400199347 /* ContentView.swift in Sources */,
				DDECE1FC2B4D7CF400199347 /* InteractiveWidgetKitApp.swift in Sources */,
			);
			runOnlyForDeploymentPostprocessing = 0;
		};
		DDECE2092B4D7D2700199347 /* Sources */ = {
			isa = PBXSourcesBuildPhase;
			buildActionMask = 2147483647;
			files = (
				DDECE2282B4DA16000199347 /* CompleteToDoIntent.swift in Sources */,
				DDECE2252B4D7EDE00199347 /* ToDo.swift in Sources */,
				DDECE2152B4D7D2700199347 /* ToDoWidgetBundle.swift in Sources */,
				DDECE2172B4D7D2700199347 /* ToDoWidget.swift in Sources */,
			);
			runOnlyForDeploymentPostprocessing = 0;
		};
/* End PBXSourcesBuildPhase section */

/* Begin PBXTargetDependency section */
		DDECE21C2B4D7D2900199347 /* PBXTargetDependency */ = {
			isa = PBXTargetDependency;
			target = DDECE20C2B4D7D2700199347 /* ToDoWidgetExtension */;
			targetProxy = DDECE21B2B4D7D2900199347 /* PBXContainerItemProxy */;
		};
/* End PBXTargetDependency section */

/* Begin XCBuildConfiguration section */
		DDECE2042B4D7CF500199347 /* Debug */ = {
			isa = XCBuildConfiguration;
			buildSettings = {
				ALWAYS_SEARCH_USER_PATHS = NO;
				ASSETCATALOG_COMPILER_GENERATE_SWIFT_ASSET_SYMBOL_EXTENSIONS = YES;
				CLANG_ANALYZER_NONNULL = YES;
				CLANG_ANALYZER_NUMBER_OBJECT_CONVERSION = YES_AGGRESSIVE;
				CLANG_CXX_LANGUAGE_STANDARD = "gnu++20";
				CLANG_ENABLE_MODULES = YES;
				CLANG_ENABLE_OBJC_ARC = YES;
				CLANG_ENABLE_OBJC_WEAK = YES;
				CLANG_WARN_BLOCK_CAPTURE_AUTORELEASING = YES;
				CLANG_WARN_BOOL_CONVERSION = YES;
				CLANG_WARN_COMMA = YES;
				CLANG_WARN_CONSTANT_CONVERSION = YES;
				CLANG_WARN_DEPRECATED_OBJC_IMPLEMENTATIONS = YES;
				CLANG_WARN_DIRECT_OBJC_ISA_USAGE = YES_ERROR;
				CLANG_WARN_DOCUMENTATION_COMMENTS = YES;
				CLANG_WARN_EMPTY_BODY = YES;
				CLANG_WARN_ENUM_CONVERSION = YES;
				CLANG_WARN_INFINITE_RECURSION = YES;
				CLANG_WARN_INT_CONVERSION = YES;
				CLANG_WARN_NON_LITERAL_NULL_CONVERSION = YES;
				CLANG_WARN_OBJC_IMPLICIT_RETAIN_SELF = YES;
				CLANG_WARN_OBJC_LITERAL_CONVERSION = YES;
				CLANG_WARN_OBJC_ROOT_CLASS = YES_ERROR;
				CLANG_WARN_QUOTED_INCLUDE_IN_FRAMEWORK_HEADER = YES;
				CLANG_WARN_RANGE_LOOP_ANALYSIS = YES;
				CLANG_WARN_STRICT_PROTOTYPES = YES;
				CLANG_WARN_SUSPICIOUS_MOVE = YES;
				CLANG_WARN_UNGUARDED_AVAILABILITY = YES_AGGRESSIVE;
				CLANG_WARN_UNREACHABLE_CODE = YES;
				CLANG_WARN__DUPLICATE_METHOD_MATCH = YES;
				COPY_PHASE_STRIP = NO;
				DEBUG_INFORMATION_FORMAT = dwarf;
				ENABLE_STRICT_OBJC_MSGSEND = YES;
				ENABLE_TESTABILITY = YES;
				ENABLE_USER_SCRIPT_SANDBOXING = YES;
				GCC_C_LANGUAGE_STANDARD = gnu17;
				GCC_DYNAMIC_NO_PIC = NO;
				GCC_NO_COMMON_BLOCKS = YES;
				GCC_OPTIMIZATION_LEVEL = 0;
				GCC_PREPROCESSOR_DEFINITIONS = (
					"DEBUG=1",
					"$(inherited)",
				);
				GCC_WARN_64_TO_32_BIT_CONVERSION = YES;
				GCC_WARN_ABOUT_RETURN_TYPE = YES_ERROR;
				GCC_WARN_UNDECLARED_SELECTOR = YES;
				GCC_WARN_UNINITIALIZED_AUTOS = YES_AGGRESSIVE;
				GCC_WARN_UNUSED_FUNCTION = YES;
				GCC_WARN_UNUSED_VARIABLE = YES;
				IPHONEOS_DEPLOYMENT_TARGET = 17.0;
				LOCALIZATION_PREFERS_STRING_CATALOGS = YES;
				MTL_ENABLE_DEBUG_INFO = INCLUDE_SOURCE;
				MTL_FAST_MATH = YES;
				ONLY_ACTIVE_ARCH = YES;
				SDKROOT = iphoneos;
				SWIFT_ACTIVE_COMPILATION_CONDITIONS = "DEBUG $(inherited)";
				SWIFT_OPTIMIZATION_LEVEL = "-Onone";
			};
			name = Debug;
		};
		DDECE2052B4D7CF500199347 /* Release */ = {
			isa = XCBuildConfiguration;
			buildSettings = {
				ALWAYS_SEARCH_USER_PATHS = NO;
				ASSETCATALOG_COMPILER_GENERATE_SWIFT_ASSET_SYMBOL_EXTENSIONS = YES;
				CLANG_ANALYZER_NONNULL = YES;
				CLANG_ANALYZER_NUMBER_OBJECT_CONVERSION = YES_AGGRESSIVE;
				CLANG_CXX_LANGUAGE_STANDARD = "gnu++20";
				CLANG_ENABLE_MODULES = YES;
				CLANG_ENABLE_OBJC_ARC = YES;
				CLANG_ENABLE_OBJC_WEAK = YES;
				CLANG_WARN_BLOCK_CAPTURE_AUTORELEASING = YES;
				CLANG_WARN_BOOL_CONVERSION = YES;
				CLANG_WARN_COMMA = YES;
				CLANG_WARN_CONSTANT_CONVERSION = YES;
				CLANG_WARN_DEPRECATED_OBJC_IMPLEMENTATIONS = YES;
				CLANG_WARN_DIRECT_OBJC_ISA_USAGE = YES_ERROR;
				CLANG_WARN_DOCUMENTATION_COMMENTS = YES;
				CLANG_WARN_EMPTY_BODY = YES;
				CLANG_WARN_ENUM_CONVERSION = YES;
				CLANG_WARN_INFINITE_RECURSION = YES;
				CLANG_WARN_INT_CONVERSION = YES;
				CLANG_WARN_NON_LITERAL_NULL_CONVERSION = YES;
				CLANG_WARN_OBJC_IMPLICIT_RETAIN_SELF = YES;
				CLANG_WARN_OBJC_LITERAL_CONVERSION = YES;
				CLANG_WARN_OBJC_ROOT_CLASS = YES_ERROR;
				CLANG_WARN_QUOTED_INCLUDE_IN_FRAMEWORK_HEADER = YES;
				CLANG_WARN_RANGE_LOOP_ANALYSIS = YES;
				CLANG_WARN_STRICT_PROTOTYPES = YES;
				CLANG_WARN_SUSPICIOUS_MOVE = YES;
				CLANG_WARN_UNGUARDED_AVAILABILITY = YES_AGGRESSIVE;
				CLANG_WARN_UNREACHABLE_CODE = YES;
				CLANG_WARN__DUPLICATE_METHOD_MATCH = YES;
				COPY_PHASE_STRIP = NO;
				DEBUG_INFORMATION_FORMAT = "dwarf-with-dsym";
				ENABLE_NS_ASSERTIONS = NO;
				ENABLE_STRICT_OBJC_MSGSEND = YES;
				ENABLE_USER_SCRIPT_SANDBOXING = YES;
				GCC_C_LANGUAGE_STANDARD = gnu17;
				GCC_NO_COMMON_BLOCKS = YES;
				GCC_WARN_64_TO_32_BIT_CONVERSION = YES;
				GCC_WARN_ABOUT_RETURN_TYPE = YES_ERROR;
				GCC_WARN_UNDECLARED_SELECTOR = YES;
				GCC_WARN_UNINITIALIZED_AUTOS = YES_AGGRESSIVE;
				GCC_WARN_UNUSED_FUNCTION = YES;
				GCC_WARN_UNUSED_VARIABLE = YES;
				IPHONEOS_DEPLOYMENT_TARGET = 17.0;
				LOCALIZATION_PREFERS_STRING_CATALOGS = YES;
				MTL_ENABLE_DEBUG_INFO = NO;
				MTL_FAST_MATH = YES;
				SDKROOT = iphoneos;
				SWIFT_COMPILATION_MODE = wholemodule;
				VALIDATE_PRODUCT = YES;
			};
			name = Release;
		};
		DDECE2072B4D7CF500199347 /* Debug */ = {
			isa = XCBuildConfiguration;
			buildSettings = {
				ALWAYS_EMBED_SWIFT_STANDARD_LIBRARIES = YES;
				ASSETCATALOG_COMPILER_APPICON_NAME = AppIcon;
				ASSETCATALOG_COMPILER_GLOBAL_ACCENT_COLOR_NAME = AccentColor;
				CODE_SIGN_STYLE = Automatic;
				CURRENT_PROJECT_VERSION = 1;
				DEVELOPMENT_ASSET_PATHS = "\"InteractiveWidgetKit/Preview Content\"";
				ENABLE_PREVIEWS = YES;
				GENERATE_INFOPLIST_FILE = YES;
				INFOPLIST_KEY_UIApplicationSceneManifest_Generation = YES;
				INFOPLIST_KEY_UIApplicationSupportsIndirectInputEvents = YES;
				INFOPLIST_KEY_UILaunchScreen_Generation = YES;
				INFOPLIST_KEY_UISupportedInterfaceOrientations_iPad = "UIInterfaceOrientationPortrait UIInterfaceOrientationPortraitUpsideDown UIInterfaceOrientationLandscapeLeft UIInterfaceOrientationLandscapeRight";
				INFOPLIST_KEY_UISupportedInterfaceOrientations_iPhone = "UIInterfaceOrientationPortrait UIInterfaceOrientationLandscapeLeft UIInterfaceOrientationLandscapeRight";
				LD_RUNPATH_SEARCH_PATHS = (
					"$(inherited)",
					"@executable_path/Frameworks",
				);
				MARKETING_VERSION = 1.0;
				PRODUCT_BUNDLE_IDENTIFIER = First.InteractiveWidgetKit;
				PRODUCT_NAME = "$(TARGET_NAME)";
				SWIFT_EMIT_LOC_STRINGS = YES;
				SWIFT_VERSION = 5.0;
				TARGETED_DEVICE_FAMILY = "1,2";
			};
			name = Debug;
		};
		DDECE2082B4D7CF500199347 /* Release */ = {
			isa = XCBuildConfiguration;
			buildSettings = {
				ALWAYS_EMBED_SWIFT_STANDARD_LIBRARIES = YES;
				ASSETCATALOG_COMPILER_APPICON_NAME = AppIcon;
				ASSETCATALOG_COMPILER_GLOBAL_ACCENT_COLOR_NAME = AccentColor;
				CODE_SIGN_STYLE = Automatic;
				CURRENT_PROJECT_VERSION = 1;
				DEVELOPMENT_ASSET_PATHS = "\"InteractiveWidgetKit/Preview Content\"";
				ENABLE_PREVIEWS = YES;
				GENERATE_INFOPLIST_FILE = YES;
				INFOPLIST_KEY_UIApplicationSceneManifest_Generation = YES;
				INFOPLIST_KEY_UIApplicationSupportsIndirectInputEvents = YES;
				INFOPLIST_KEY_UILaunchScreen_Generation = YES;
				INFOPLIST_KEY_UISupportedInterfaceOrientations_iPad = "UIInterfaceOrientationPortrait UIInterfaceOrientationPortraitUpsideDown UIInterfaceOrientationLandscapeLeft UIInterfaceOrientationLandscapeRight";
				INFOPLIST_KEY_UISupportedInterfaceOrientations_iPhone = "UIInterfaceOrientationPortrait UIInterfaceOrientationLandscapeLeft UIInterfaceOrientationLandscapeRight";
				LD_RUNPATH_SEARCH_PATHS = (
					"$(inherited)",
					"@executable_path/Frameworks",
				);
				MARKETING_VERSION = 1.0;
				PRODUCT_BUNDLE_IDENTIFIER = First.InteractiveWidgetKit;
				PRODUCT_NAME = "$(TARGET_NAME)";
				SWIFT_EMIT_LOC_STRINGS = YES;
				SWIFT_VERSION = 5.0;
				TARGETED_DEVICE_FAMILY = "1,2";
			};
			name = Release;
		};
		DDECE21F2B4D7D2900199347 /* Debug */ = {
			isa = XCBuildConfiguration;
			buildSettings = {
				ASSETCATALOG_COMPILER_GLOBAL_ACCENT_COLOR_NAME = AccentColor;
				ASSETCATALOG_COMPILER_WIDGET_BACKGROUND_COLOR_NAME = WidgetBackground;
				CODE_SIGN_STYLE = Automatic;
				CURRENT_PROJECT_VERSION = 1;
				GENERATE_INFOPLIST_FILE = YES;
				INFOPLIST_FILE = ToDoWidget/Info.plist;
				INFOPLIST_KEY_CFBundleDisplayName = ToDoWidget;
				INFOPLIST_KEY_NSHumanReadableCopyright = "";
				LD_RUNPATH_SEARCH_PATHS = (
					"$(inherited)",
					"@executable_path/Frameworks",
					"@executable_path/../../Frameworks",
				);
				MARKETING_VERSION = 1.0;
				PRODUCT_BUNDLE_IDENTIFIER = First.InteractiveWidgetKit.ToDoWidget;
				PRODUCT_NAME = "$(TARGET_NAME)";
				SKIP_INSTALL = YES;
				SWIFT_EMIT_LOC_STRINGS = YES;
				SWIFT_VERSION = 5.0;
				TARGETED_DEVICE_FAMILY = "1,2";
			};
			name = Debug;
		};
		DDECE2202B4D7D2900199347 /* Release */ = {
			isa = XCBuildConfiguration;
			buildSettings = {
				ASSETCATALOG_COMPILER_GLOBAL_ACCENT_COLOR_NAME = AccentColor;
				ASSETCATALOG_COMPILER_WIDGET_BACKGROUND_COLOR_NAME = WidgetBackground;
				CODE_SIGN_STYLE = Automatic;
				CURRENT_PROJECT_VERSION = 1;
				GENERATE_INFOPLIST_FILE = YES;
				INFOPLIST_FILE = ToDoWidget/Info.plist;
				INFOPLIST_KEY_CFBundleDisplayName = ToDoWidget;
				INFOPLIST_KEY_NSHumanReadableCopyright = "";
				LD_RUNPATH_SEARCH_PATHS = (
					"$(inherited)",
					"@executable_path/Frameworks",
					"@executable_path/../../Frameworks",
				);
				MARKETING_VERSION = 1.0;
				PRODUCT_BUNDLE_IDENTIFIER = First.InteractiveWidgetKit.ToDoWidget;
				PRODUCT_NAME = "$(TARGET_NAME)";
				SKIP_INSTALL = YES;
				SWIFT_EMIT_LOC_STRINGS = YES;
				SWIFT_VERSION = 5.0;
				TARGETED_DEVICE_FAMILY = "1,2";
			};
			name = Release;
		};
/* End XCBuildConfiguration section */

/* Begin XCConfigurationList section */
		DDECE1F32B4D7CF400199347 /* Build configuration list for PBXProject "InteractiveWidgetKit" */ = {
			isa = XCConfigurationList;
			buildConfigurations = (
				DDECE2042B4D7CF500199347 /* Debug */,
				DDECE2052B4D7CF500199347 /* Release */,
			);
			defaultConfigurationIsVisible = 0;
			defaultConfigurationName = Release;
		};
		DDECE2062B4D7CF500199347 /* Build configuration list for PBXNativeTarget "InteractiveWidgetKit" */ = {
			isa = XCConfigurationList;
			buildConfigurations = (
				DDECE2072B4D7CF500199347 /* Debug */,
				DDECE2082B4D7CF500199347 /* Release */,
			);
			defaultConfigurationIsVisible = 0;
			defaultConfigurationName = Release;
		};
		DDECE21E2B4D7D2900199347 /* Build configuration list for PBXNativeTarget "ToDoWidgetExtension" */ = {
			isa = XCConfigurationList;
			buildConfigurations = (
				DDECE21F2B4D7D2900199347 /* Debug */,
				DDECE2202B4D7D2900199347 /* Release */,
			);
			defaultConfigurationIsVisible = 0;
			defaultConfigurationName = Release;
		};
/* End XCConfigurationList section */
	};
	rootObject = DDECE1F02B4D7CF400199347 /* Project object */;
}
