// !$*UTF8*$!
{
	archiveVersion = 1;
	classes = {
	};
	objectVersion = 56;
	objects = {

/* Begin PBXBuildFile section */
		DD3D10EF2B234FE10082BDFC /* AppDelegate.swift in Sources */ = {isa = PBXBuildFile; fileRef = DD3D10EE2B234FE10082BDFC /* AppDelegate.swift */; };
		DD3D10F12B234FE10082BDFC /* SceneDelegate.swift in Sources */ = {isa = PBXBuildFile; fileRef = DD3D10F02B234FE10082BDFC /* SceneDelegate.swift */; };
		DD3D10F32B234FE10082BDFC /* LogInView.swift in Sources */ = {isa = PBXBuildFile; fileRef = DD3D10F22B234FE10082BDFC /* LogInView.swift */; };
		DD3D10F62B234FE10082BDFC /* Main.storyboard in Resources */ = {isa = PBXBuildFile; fileRef = DD3D10F42B234FE10082BDFC /* Main.storyboard */; };
		DD3D10F82B234FE30082BDFC /* Assets.xcassets in Resources */ = {isa = PBXBuildFile; fileRef = DD3D10F72B234FE30082BDFC /* Assets.xcassets */; };
		DD3D10FB2B234FE30082BDFC /* LaunchScreen.storyboard in Resources */ = {isa = PBXBuildFile; fileRef = DD3D10F92B234FE30082BDFC /* LaunchScreen.storyboard */; };
		DD3D11102B23506A0082BDFC /* FirebaseAuth in Frameworks */ = {isa = PBXBuildFile; productRef = DD3D110F2B23506A0082BDFC /* FirebaseAuth */; };
		DD3D11162B23506A0082BDFC /* FirebaseDatabase in Frameworks */ = {isa = PBXBuildFile; productRef = DD3D11152B23506A0082BDFC /* FirebaseDatabase */; };
		DD3D11182B23506A0082BDFC /* FirebaseDatabaseSwift in Frameworks */ = {isa = PBXBuildFile; productRef = DD3D11172B23506A0082BDFC /* FirebaseDatabaseSwift */; };
		DD3D111C2B23506A0082BDFC /* FirebaseFirestore in Frameworks */ = {isa = PBXBuildFile; productRef = DD3D111B2B23506A0082BDFC /* FirebaseFirestore */; };
		DD3D11202B23506A0082BDFC /* FirebaseFirestoreSwift in Frameworks */ = {isa = PBXBuildFile; productRef = DD3D111F2B23506A0082BDFC /* FirebaseFirestoreSwift */; };
		DD3D11362B23506A0082BDFC /* FirebaseStorage in Frameworks */ = {isa = PBXBuildFile; productRef = DD3D11352B23506A0082BDFC /* FirebaseStorage */; };
		DD3D113B2B23507F0082BDFC /* SDWebImage in Frameworks */ = {isa = PBXBuildFile; productRef = DD3D113A2B23507F0082BDFC /* SDWebImage */; };
		DD3D113D2B23507F0082BDFC /* SDWebImageMapKit in Frameworks */ = {isa = PBXBuildFile; productRef = DD3D113C2B23507F0082BDFC /* SDWebImageMapKit */; };
		DD3D113F2B2357980082BDFC /* FeedViewController.swift in Sources */ = {isa = PBXBuildFile; fileRef = DD3D113E2B2357980082BDFC /* FeedViewController.swift */; };
		DD3D11412B2357A50082BDFC /* UploadViewController.swift in Sources */ = {isa = PBXBuildFile; fileRef = DD3D11402B2357A50082BDFC /* UploadViewController.swift */; };
		DD3D11432B2357AD0082BDFC /* SettingsViewController.swift in Sources */ = {isa = PBXBuildFile; fileRef = DD3D11422B2357AD0082BDFC /* SettingsViewController.swift */; };
		DD3D11462B2358EA0082BDFC /* GoogleService-Info.plist in Resources */ = {isa = PBXBuildFile; fileRef = DD3D11452B2358EA0082BDFC /* GoogleService-Info.plist */; };
		DD3D11482B238C910082BDFC /* MakeAlert.swift in Sources */ = {isa = PBXBuildFile; fileRef = DD3D11472B238C910082BDFC /* MakeAlert.swift */; };
		DD3D114C2B2501120082BDFC /* UserClass.swift in Sources */ = {isa = PBXBuildFile; fileRef = DD3D114B2B2501120082BDFC /* UserClass.swift */; };
		DD3D114E2B25ED7D0082BDFC /* FeedTableViewCell.swift in Sources */ = {isa = PBXBuildFile; fileRef = DD3D114D2B25ED7D0082BDFC /* FeedTableViewCell.swift */; };
		DD3D11522B26444C0082BDFC /* SnapModel.swift in Sources */ = {isa = PBXBuildFile; fileRef = DD3D11512B26444C0082BDFC /* SnapModel.swift */; };
		DD3D11542B27363C0082BDFC /* SnapViewController.swift in Sources */ = {isa = PBXBuildFile; fileRef = DD3D11532B27363B0082BDFC /* SnapViewController.swift */; };
		DD3D11572B273E200082BDFC /* ImageSlideshow in Frameworks */ = {isa = PBXBuildFile; productRef = DD3D11562B273E200082BDFC /* ImageSlideshow */; };
		DD3D11592B273E200082BDFC /* ImageSlideshow/Kingfisher in Frameworks */ = {isa = PBXBuildFile; productRef = DD3D11582B273E200082BDFC /* ImageSlideshow/Kingfisher */; };
/* End PBXBuildFile section */

/* Begin PBXFileReference section */
		DD3D10EB2B234FE10082BDFC /* SnapchatClone.app */ = {isa = PBXFileReference; explicitFileType = wrapper.application; includeInIndex = 0; path = SnapchatClone.app; sourceTree = BUILT_PRODUCTS_DIR; };
		DD3D10EE2B234FE10082BDFC /* AppDelegate.swift */ = {isa = PBXFileReference; lastKnownFileType = sourcecode.swift; path = AppDelegate.swift; sourceTree = "<group>"; };
		DD3D10F02B234FE10082BDFC /* SceneDelegate.swift */ = {isa = PBXFileReference; lastKnownFileType = sourcecode.swift; path = SceneDelegate.swift; sourceTree = "<group>"; };
		DD3D10F22B234FE10082BDFC /* LogInView.swift */ = {isa = PBXFileReference; lastKnownFileType = sourcecode.swift; path = LogInView.swift; sourceTree = "<group>"; };
		DD3D10F52B234FE10082BDFC /* Base */ = {isa = PBXFileReference; lastKnownFileType = file.storyboard; name = Base; path = Base.lproj/Main.storyboard; sourceTree = "<group>"; };
		DD3D10F72B234FE30082BDFC /* Assets.xcassets */ = {isa = PBXFileReference; lastKnownFileType = folder.assetcatalog; path = Assets.xcassets; sourceTree = "<group>"; };
		DD3D10FA2B234FE30082BDFC /* Base */ = {isa = PBXFileReference; lastKnownFileType = file.storyboard; name = Base; path = Base.lproj/LaunchScreen.storyboard; sourceTree = "<group>"; };
		DD3D10FC2B234FE30082BDFC /* Info.plist */ = {isa = PBXFileReference; lastKnownFileType = text.plist.xml; path = Info.plist; sourceTree = "<group>"; };
		DD3D113E2B2357980082BDFC /* FeedViewController.swift */ = {isa = PBXFileReference; lastKnownFileType = sourcecode.swift; path = FeedViewController.swift; sourceTree = "<group>"; };
		DD3D11402B2357A50082BDFC /* UploadViewController.swift */ = {isa = PBXFileReference; lastKnownFileType = sourcecode.swift; path = UploadViewController.swift; sourceTree = "<group>"; };
		DD3D11422B2357AD0082BDFC /* SettingsViewController.swift */ = {isa = PBXFileReference; lastKnownFileType = sourcecode.swift; path = SettingsViewController.swift; sourceTree = "<group>"; };
		DD3D11452B2358EA0082BDFC /* GoogleService-Info.plist */ = {isa = PBXFileReference; fileEncoding = 4; lastKnownFileType = text.plist.xml; path = "GoogleService-Info.plist"; sourceTree = "<group>"; };
		DD3D11472B238C910082BDFC /* MakeAlert.swift */ = {isa = PBXFileReference; lastKnownFileType = sourcecode.swift; path = MakeAlert.swift; sourceTree = "<group>"; };
		DD3D114B2B2501120082BDFC /* UserClass.swift */ = {isa = PBXFileReference; lastKnownFileType = sourcecode.swift; path = UserClass.swift; sourceTree = "<group>"; };
		DD3D114D2B25ED7D0082BDFC /* FeedTableViewCell.swift */ = {isa = PBXFileReference; lastKnownFileType = sourcecode.swift; path = FeedTableViewCell.swift; sourceTree = "<group>"; };
		DD3D11512B26444C0082BDFC /* SnapModel.swift */ = {isa = PBXFileReference; lastKnownFileType = sourcecode.swift; path = SnapModel.swift; sourceTree = "<group>"; };
		DD3D11532B27363B0082BDFC /* SnapViewController.swift */ = {isa = PBXFileReference; lastKnownFileType = sourcecode.swift; path = SnapViewController.swift; sourceTree = "<group>"; };
/* End PBXFileReference section */

/* Begin PBXFrameworksBuildPhase section */
		DD3D10E82B234FE10082BDFC /* Frameworks */ = {
			isa = PBXFrameworksBuildPhase;
			buildActionMask = 2147483647;
			files = (
				DD3D11572B273E200082BDFC /* ImageSlideshow in Frameworks */,
				DD3D113D2B23507F0082BDFC /* SDWebImageMapKit in Frameworks */,
				DD3D11162B23506A0082BDFC /* FirebaseDatabase in Frameworks */,
				DD3D11592B273E200082BDFC /* ImageSlideshow/Kingfisher in Frameworks */,
				DD3D111C2B23506A0082BDFC /* FirebaseFirestore in Frameworks */,
				DD3D11202B23506A0082BDFC /* FirebaseFirestoreSwift in Frameworks */,
				DD3D113B2B23507F0082BDFC /* SDWebImage in Frameworks */,
				DD3D11102B23506A0082BDFC /* FirebaseAuth in Frameworks */,
				DD3D11182B23506A0082BDFC /* FirebaseDatabaseSwift in Frameworks */,
				DD3D11362B23506A0082BDFC /* FirebaseStorage in Frameworks */,
			);
			runOnlyForDeploymentPostprocessing = 0;
		};
/* End PBXFrameworksBuildPhase section */

/* Begin PBXGroup section */
		DD3D10E22B234FE10082BDFC = {
			isa = PBXGroup;
			children = (
				DD3D10ED2B234FE10082BDFC /* SnapchatClone */,
				DD3D10EC2B234FE10082BDFC /* Products */,
			);
			sourceTree = "<group>";
		};
		DD3D10EC2B234FE10082BDFC /* Products */ = {
			isa = PBXGroup;
			children = (
				DD3D10EB2B234FE10082BDFC /* SnapchatClone.app */,
			);
			name = Products;
			sourceTree = "<group>";
		};
		DD3D10ED2B234FE10082BDFC /* SnapchatClone */ = {
			isa = PBXGroup;
			children = (
				DD3D114A2B239B910082BDFC /* Delegates */,
				DD3D11492B2393EB0082BDFC /* Classes&Structs */,
				DD3D11442B2357BF0082BDFC /* ViewControllers */,
				DD3D10F42B234FE10082BDFC /* Main.storyboard */,
				DD3D10F72B234FE30082BDFC /* Assets.xcassets */,
				DD3D10F92B234FE30082BDFC /* LaunchScreen.storyboard */,
				DD3D10FC2B234FE30082BDFC /* Info.plist */,
				DD3D11452B2358EA0082BDFC /* GoogleService-Info.plist */,
			);
			path = SnapchatClone;
			sourceTree = "<group>";
		};
		DD3D11442B2357BF0082BDFC /* ViewControllers */ = {
			isa = PBXGroup;
			children = (
				DD3D10F22B234FE10082BDFC /* LogInView.swift */,
				DD3D113E2B2357980082BDFC /* FeedViewController.swift */,
				DD3D11402B2357A50082BDFC /* UploadViewController.swift */,
				DD3D11422B2357AD0082BDFC /* SettingsViewController.swift */,
				DD3D114D2B25ED7D0082BDFC /* FeedTableViewCell.swift */,
				DD3D11532B27363B0082BDFC /* SnapViewController.swift */,
			);
			path = ViewControllers;
			sourceTree = "<group>";
		};
		DD3D11492B2393EB0082BDFC /* Classes&Structs */ = {
			isa = PBXGroup;
			children = (
				DD3D11472B238C910082BDFC /* MakeAlert.swift */,
				DD3D114B2B2501120082BDFC /* UserClass.swift */,
				DD3D11512B26444C0082BDFC /* SnapModel.swift */,
			);
			path = "Classes&Structs";
			sourceTree = "<group>";
		};
		DD3D114A2B239B910082BDFC /* Delegates */ = {
			isa = PBXGroup;
			children = (
				DD3D10EE2B234FE10082BDFC /* AppDelegate.swift */,
				DD3D10F02B234FE10082BDFC /* SceneDelegate.swift */,
			);
			path = Delegates;
			sourceTree = "<group>";
		};
/* End PBXGroup section */

/* Begin PBXNativeTarget section */
		DD3D10EA2B234FE10082BDFC /* SnapchatClone */ = {
			isa = PBXNativeTarget;
			buildConfigurationList = DD3D10FF2B234FE30082BDFC /* Build configuration list for PBXNativeTarget "SnapchatClone" */;
			buildPhases = (
				DD3D10E72B234FE10082BDFC /* Sources */,
				DD3D10E82B234FE10082BDFC /* Frameworks */,
				DD3D10E92B234FE10082BDFC /* Resources */,
			);
			buildRules = (
			);
			dependencies = (
			);
			name = SnapchatClone;
			packageProductDependencies = (
				DD3D110F2B23506A0082BDFC /* FirebaseAuth */,
				DD3D11152B23506A0082BDFC /* FirebaseDatabase */,
				DD3D11172B23506A0082BDFC /* FirebaseDatabaseSwift */,
				DD3D111B2B23506A0082BDFC /* FirebaseFirestore */,
				DD3D111F2B23506A0082BDFC /* FirebaseFirestoreSwift */,
				DD3D11352B23506A0082BDFC /* FirebaseStorage */,
				DD3D113A2B23507F0082BDFC /* SDWebImage */,
				DD3D113C2B23507F0082BDFC /* SDWebImageMapKit */,
				DD3D11562B273E200082BDFC /* ImageSlideshow */,
				DD3D11582B273E200082BDFC /* ImageSlideshow/Kingfisher */,
			);
			productName = SnapchatClone;
			productReference = DD3D10EB2B234FE10082BDFC /* SnapchatClone.app */;
			productType = "com.apple.product-type.application";
		};
/* End PBXNativeTarget section */

/* Begin PBXProject section */
		DD3D10E32B234FE10082BDFC /* Project object */ = {
			isa = PBXProject;
			attributes = {
				BuildIndependentTargetsInParallel = 1;
				LastSwiftUpdateCheck = 1500;
				LastUpgradeCheck = 1500;
				TargetAttributes = {
					DD3D10EA2B234FE10082BDFC = {
						CreatedOnToolsVersion = 15.0.1;
					};
				};
			};
			buildConfigurationList = DD3D10E62B234FE10082BDFC /* Build configuration list for PBXProject "SnapchatClone" */;
			compatibilityVersion = "Xcode 14.0";
			developmentRegion = en;
			hasScannedForEncodings = 0;
			knownRegions = (
				en,
				Base,
			);
			mainGroup = DD3D10E22B234FE10082BDFC;
			packageReferences = (
				DD3D11022B23506A0082BDFC /* XCRemoteSwiftPackageReference "firebase-ios-sdk" */,
				DD3D11392B23507F0082BDFC /* XCRemoteSwiftPackageReference "SDWebImage" */,
				DD3D11552B273E200082BDFC /* XCRemoteSwiftPackageReference "ImageSlideshow" */,
			);
			productRefGroup = DD3D10EC2B234FE10082BDFC /* Products */;
			projectDirPath = "";
			projectRoot = "";
			targets = (
				DD3D10EA2B234FE10082BDFC /* SnapchatClone */,
			);
		};
/* End PBXProject section */

/* Begin PBXResourcesBuildPhase section */
		DD3D10E92B234FE10082BDFC /* Resources */ = {
			isa = PBXResourcesBuildPhase;
			buildActionMask = 2147483647;
			files = (
				DD3D10FB2B234FE30082BDFC /* LaunchScreen.storyboard in Resources */,
				DD3D10F82B234FE30082BDFC /* Assets.xcassets in Resources */,
				DD3D10F62B234FE10082BDFC /* Main.storyboard in Resources */,
				DD3D11462B2358EA0082BDFC /* GoogleService-Info.plist in Resources */,
			);
			runOnlyForDeploymentPostprocessing = 0;
		};
/* End PBXResourcesBuildPhase section */

/* Begin PBXSourcesBuildPhase section */
		DD3D10E72B234FE10082BDFC /* Sources */ = {
			isa = PBXSourcesBuildPhase;
			buildActionMask = 2147483647;
			files = (
				DD3D10F32B234FE10082BDFC /* LogInView.swift in Sources */,
				DD3D11412B2357A50082BDFC /* UploadViewController.swift in Sources */,
				DD3D10EF2B234FE10082BDFC /* AppDelegate.swift in Sources */,
				DD3D11542B27363C0082BDFC /* SnapViewController.swift in Sources */,
				DD3D113F2B2357980082BDFC /* FeedViewController.swift in Sources */,
				DD3D11482B238C910082BDFC /* MakeAlert.swift in Sources */,
				DD3D10F12B234FE10082BDFC /* SceneDelegate.swift in Sources */,
				DD3D11432B2357AD0082BDFC /* SettingsViewController.swift in Sources */,
				DD3D11522B26444C0082BDFC /* SnapModel.swift in Sources */,
				DD3D114E2B25ED7D0082BDFC /* FeedTableViewCell.swift in Sources */,
				DD3D114C2B2501120082BDFC /* UserClass.swift in Sources */,
			);
			runOnlyForDeploymentPostprocessing = 0;
		};
/* End PBXSourcesBuildPhase section */

/* Begin PBXVariantGroup section */
		DD3D10F42B234FE10082BDFC /* Main.storyboard */ = {
			isa = PBXVariantGroup;
			children = (
				DD3D10F52B234FE10082BDFC /* Base */,
			);
			name = Main.storyboard;
			sourceTree = "<group>";
		};
		DD3D10F92B234FE30082BDFC /* LaunchScreen.storyboard */ = {
			isa = PBXVariantGroup;
			children = (
				DD3D10FA2B234FE30082BDFC /* Base */,
			);
			name = LaunchScreen.storyboard;
			sourceTree = "<group>";
		};
/* End PBXVariantGroup section */

/* Begin XCBuildConfiguration section */
		DD3D10FD2B234FE30082BDFC /* Debug */ = {
			isa = XCBuildConfiguration;
			buildSettings = {
				ALWAYS_SEARCH_USER_PATHS = NO;
				ASSETCATALOG_COMPILER_GENERATE_SWIFT_ASSET_SYMBOL_EXTENSIONS = YES;
				CLANG_ANALYZER_NONNULL = YES;
				CLANG_ANALYZER_NUMBER_OBJECT_CONVERSION = YES_AGGRESSIVE;
				CLANG_CXX_LANGUAGE_STANDARD = "gnu++20";
				CLANG_ENABLE_MODULES = YES;
				CLANG_ENABLE_OBJC_ARC = YES;
				CLANG_ENABLE_OBJC_WEAK = YES;
				CLANG_WARN_BLOCK_CAPTURE_AUTORELEASING = YES;
				CLANG_WARN_BOOL_CONVERSION = YES;
				CLANG_WARN_COMMA = YES;
				CLANG_WARN_CONSTANT_CONVERSION = YES;
				CLANG_WARN_DEPRECATED_OBJC_IMPLEMENTATIONS = YES;
				CLANG_WARN_DIRECT_OBJC_ISA_USAGE = YES_ERROR;
				CLANG_WARN_DOCUMENTATION_COMMENTS = YES;
				CLANG_WARN_EMPTY_BODY = YES;
				CLANG_WARN_ENUM_CONVERSION = YES;
				CLANG_WARN_INFINITE_RECURSION = YES;
				CLANG_WARN_INT_CONVERSION = YES;
				CLANG_WARN_NON_LITERAL_NULL_CONVERSION = YES;
				CLANG_WARN_OBJC_IMPLICIT_RETAIN_SELF = YES;
				CLANG_WARN_OBJC_LITERAL_CONVERSION = YES;
				CLANG_WARN_OBJC_ROOT_CLASS = YES_ERROR;
				CLANG_WARN_QUOTED_INCLUDE_IN_FRAMEWORK_HEADER = YES;
				CLANG_WARN_RANGE_LOOP_ANALYSIS = YES;
				CLANG_WARN_STRICT_PROTOTYPES = YES;
				CLANG_WARN_SUSPICIOUS_MOVE = YES;
				CLANG_WARN_UNGUARDED_AVAILABILITY = YES_AGGRESSIVE;
				CLANG_WARN_UNREACHABLE_CODE = YES;
				CLANG_WARN__DUPLICATE_METHOD_MATCH = YES;
				COPY_PHASE_STRIP = NO;
				DEBUG_INFORMATION_FORMAT = dwarf;
				ENABLE_STRICT_OBJC_MSGSEND = YES;
				ENABLE_TESTABILITY = YES;
				ENABLE_USER_SCRIPT_SANDBOXING = YES;
				GCC_C_LANGUAGE_STANDARD = gnu17;
				GCC_DYNAMIC_NO_PIC = NO;
				GCC_NO_COMMON_BLOCKS = YES;
				GCC_OPTIMIZATION_LEVEL = 0;
				GCC_PREPROCESSOR_DEFINITIONS = (
					"DEBUG=1",
					"$(inherited)",
				);
				GCC_WARN_64_TO_32_BIT_CONVERSION = YES;
				GCC_WARN_ABOUT_RETURN_TYPE = YES_ERROR;
				GCC_WARN_UNDECLARED_SELECTOR = YES;
				GCC_WARN_UNINITIALIZED_AUTOS = YES_AGGRESSIVE;
				GCC_WARN_UNUSED_FUNCTION = YES;
				GCC_WARN_UNUSED_VARIABLE = YES;
				IPHONEOS_DEPLOYMENT_TARGET = 17.0;
				LOCALIZATION_PREFERS_STRING_CATALOGS = YES;
				MTL_ENABLE_DEBUG_INFO = INCLUDE_SOURCE;
				MTL_FAST_MATH = YES;
				ONLY_ACTIVE_ARCH = YES;
				SDKROOT = iphoneos;
				SWIFT_ACTIVE_COMPILATION_CONDITIONS = "DEBUG $(inherited)";
				SWIFT_OPTIMIZATION_LEVEL = "-Onone";
			};
			name = Debug;
		};
		DD3D10FE2B234FE30082BDFC /* Release */ = {
			isa = XCBuildConfiguration;
			buildSettings = {
				ALWAYS_SEARCH_USER_PATHS = NO;
				ASSETCATALOG_COMPILER_GENERATE_SWIFT_ASSET_SYMBOL_EXTENSIONS = YES;
				CLANG_ANALYZER_NONNULL = YES;
				CLANG_ANALYZER_NUMBER_OBJECT_CONVERSION = YES_AGGRESSIVE;
				CLANG_CXX_LANGUAGE_STANDARD = "gnu++20";
				CLANG_ENABLE_MODULES = YES;
				CLANG_ENABLE_OBJC_ARC = YES;
				CLANG_ENABLE_OBJC_WEAK = YES;
				CLANG_WARN_BLOCK_CAPTURE_AUTORELEASING = YES;
				CLANG_WARN_BOOL_CONVERSION = YES;
				CLANG_WARN_COMMA = YES;
				CLANG_WARN_CONSTANT_CONVERSION = YES;
				CLANG_WARN_DEPRECATED_OBJC_IMPLEMENTATIONS = YES;
				CLANG_WARN_DIRECT_OBJC_ISA_USAGE = YES_ERROR;
				CLANG_WARN_DOCUMENTATION_COMMENTS = YES;
				CLANG_WARN_EMPTY_BODY = YES;
				CLANG_WARN_ENUM_CONVERSION = YES;
				CLANG_WARN_INFINITE_RECURSION = YES;
				CLANG_WARN_INT_CONVERSION = YES;
				CLANG_WARN_NON_LITERAL_NULL_CONVERSION = YES;
				CLANG_WARN_OBJC_IMPLICIT_RETAIN_SELF = YES;
				CLANG_WARN_OBJC_LITERAL_CONVERSION = YES;
				CLANG_WARN_OBJC_ROOT_CLASS = YES_ERROR;
				CLANG_WARN_QUOTED_INCLUDE_IN_FRAMEWORK_HEADER = YES;
				CLANG_WARN_RANGE_LOOP_ANALYSIS = YES;
				CLANG_WARN_STRICT_PROTOTYPES = YES;
				CLANG_WARN_SUSPICIOUS_MOVE = YES;
				CLANG_WARN_UNGUARDED_AVAILABILITY = YES_AGGRESSIVE;
				CLANG_WARN_UNREACHABLE_CODE = YES;
				CLANG_WARN__DUPLICATE_METHOD_MATCH = YES;
				COPY_PHASE_STRIP = NO;
				DEBUG_INFORMATION_FORMAT = "dwarf-with-dsym";
				ENABLE_NS_ASSERTIONS = NO;
				ENABLE_STRICT_OBJC_MSGSEND = YES;
				ENABLE_USER_SCRIPT_SANDBOXING = YES;
				GCC_C_LANGUAGE_STANDARD = gnu17;
				GCC_NO_COMMON_BLOCKS = YES;
				GCC_WARN_64_TO_32_BIT_CONVERSION = YES;
				GCC_WARN_ABOUT_RETURN_TYPE = YES_ERROR;
				GCC_WARN_UNDECLARED_SELECTOR = YES;
				GCC_WARN_UNINITIALIZED_AUTOS = YES_AGGRESSIVE;
				GCC_WARN_UNUSED_FUNCTION = YES;
				GCC_WARN_UNUSED_VARIABLE = YES;
				IPHONEOS_DEPLOYMENT_TARGET = 17.0;
				LOCALIZATION_PREFERS_STRING_CATALOGS = YES;
				MTL_ENABLE_DEBUG_INFO = NO;
				MTL_FAST_MATH = YES;
				SDKROOT = iphoneos;
				SWIFT_COMPILATION_MODE = wholemodule;
				VALIDATE_PRODUCT = YES;
			};
			name = Release;
		};
		DD3D11002B234FE30082BDFC /* Debug */ = {
			isa = XCBuildConfiguration;
			buildSettings = {
				ASSETCATALOG_COMPILER_APPICON_NAME = AppIcon;
				ASSETCATALOG_COMPILER_GLOBAL_ACCENT_COLOR_NAME = AccentColor;
				CODE_SIGN_STYLE = Automatic;
				CURRENT_PROJECT_VERSION = 1;
				GENERATE_INFOPLIST_FILE = YES;
				INFOPLIST_FILE = SnapchatClone/Info.plist;
				INFOPLIST_KEY_UIApplicationSupportsIndirectInputEvents = YES;
				INFOPLIST_KEY_UILaunchStoryboardName = LaunchScreen;
				INFOPLIST_KEY_UIMainStoryboardFile = Main;
				INFOPLIST_KEY_UISupportedInterfaceOrientations_iPad = "UIInterfaceOrientationPortrait UIInterfaceOrientationPortraitUpsideDown UIInterfaceOrientationLandscapeLeft UIInterfaceOrientationLandscapeRight";
				INFOPLIST_KEY_UISupportedInterfaceOrientations_iPhone = "UIInterfaceOrientationPortrait UIInterfaceOrientationLandscapeLeft UIInterfaceOrientationLandscapeRight";
				IPHONEOS_DEPLOYMENT_TARGET = 16.4;
				LD_RUNPATH_SEARCH_PATHS = (
					"$(inherited)",
					"@executable_path/Frameworks",
				);
				MARKETING_VERSION = 1.0;
				PRODUCT_BUNDLE_IDENTIFIER = First.SnapchatClone;
				PRODUCT_NAME = "$(TARGET_NAME)";
				SWIFT_EMIT_LOC_STRINGS = YES;
				SWIFT_VERSION = 5.0;
				TARGETED_DEVICE_FAMILY = "1,2";
			};
			name = Debug;
		};
		DD3D11012B234FE30082BDFC /* Release */ = {
			isa = XCBuildConfiguration;
			buildSettings = {
				ASSETCATALOG_COMPILER_APPICON_NAME = AppIcon;
				ASSETCATALOG_COMPILER_GLOBAL_ACCENT_COLOR_NAME = AccentColor;
				CODE_SIGN_STYLE = Automatic;
				CURRENT_PROJECT_VERSION = 1;
				GENERATE_INFOPLIST_FILE = YES;
				INFOPLIST_FILE = SnapchatClone/Info.plist;
				INFOPLIST_KEY_UIApplicationSupportsIndirectInputEvents = YES;
				INFOPLIST_KEY_UILaunchStoryboardName = LaunchScreen;
				INFOPLIST_KEY_UIMainStoryboardFile = Main;
				INFOPLIST_KEY_UISupportedInterfaceOrientations_iPad = "UIInterfaceOrientationPortrait UIInterfaceOrientationPortraitUpsideDown UIInterfaceOrientationLandscapeLeft UIInterfaceOrientationLandscapeRight";
				INFOPLIST_KEY_UISupportedInterfaceOrientations_iPhone = "UIInterfaceOrientationPortrait UIInterfaceOrientationLandscapeLeft UIInterfaceOrientationLandscapeRight";
				IPHONEOS_DEPLOYMENT_TARGET = 16.4;
				LD_RUNPATH_SEARCH_PATHS = (
					"$(inherited)",
					"@executable_path/Frameworks",
				);
				MARKETING_VERSION = 1.0;
				PRODUCT_BUNDLE_IDENTIFIER = First.SnapchatClone;
				PRODUCT_NAME = "$(TARGET_NAME)";
				SWIFT_EMIT_LOC_STRINGS = YES;
				SWIFT_VERSION = 5.0;
				TARGETED_DEVICE_FAMILY = "1,2";
			};
			name = Release;
		};
/* End XCBuildConfiguration section */

/* Begin XCConfigurationList section */
		DD3D10E62B234FE10082BDFC /* Build configuration list for PBXProject "SnapchatClone" */ = {
			isa = XCConfigurationList;
			buildConfigurations = (
				DD3D10FD2B234FE30082BDFC /* Debug */,
				DD3D10FE2B234FE30082BDFC /* Release */,
			);
			defaultConfigurationIsVisible = 0;
			defaultConfigurationName = Release;
		};
		DD3D10FF2B234FE30082BDFC /* Build configuration list for PBXNativeTarget "SnapchatClone" */ = {
			isa = XCConfigurationList;
			buildConfigurations = (
				DD3D11002B234FE30082BDFC /* Debug */,
				DD3D11012B234FE30082BDFC /* Release */,
			);
			defaultConfigurationIsVisible = 0;
			defaultConfigurationName = Release;
		};
/* End XCConfigurationList section */

/* Begin XCRemoteSwiftPackageReference section */
		DD3D11022B23506A0082BDFC /* XCRemoteSwiftPackageReference "firebase-ios-sdk" */ = {
			isa = XCRemoteSwiftPackageReference;
			repositoryURL = "https://github.com/firebase/firebase-ios-sdk";
			requirement = {
				kind = upToNextMajorVersion;
				minimumVersion = 10.19.0;
			};
		};
		DD3D11392B23507F0082BDFC /* XCRemoteSwiftPackageReference "SDWebImage" */ = {
			isa = XCRemoteSwiftPackageReference;
			repositoryURL = "https://github.com/SDWebImage/SDWebImage";
			requirement = {
				kind = upToNextMajorVersion;
				minimumVersion = 5.18.6;
			};
		};
		DD3D11552B273E200082BDFC /* XCRemoteSwiftPackageReference "ImageSlideshow" */ = {
			isa = XCRemoteSwiftPackageReference;
			repositoryURL = "https://github.com/zvonicek/ImageSlideshow";
			requirement = {
				kind = upToNextMajorVersion;
				minimumVersion = 1.9.2;
			};
		};
/* End XCRemoteSwiftPackageReference section */

/* Begin XCSwiftPackageProductDependency section */
		DD3D110F2B23506A0082BDFC /* FirebaseAuth */ = {
			isa = XCSwiftPackageProductDependency;
			package = DD3D11022B23506A0082BDFC /* XCRemoteSwiftPackageReference "firebase-ios-sdk" */;
			productName = FirebaseAuth;
		};
		DD3D11152B23506A0082BDFC /* FirebaseDatabase */ = {
			isa = XCSwiftPackageProductDependency;
			package = DD3D11022B23506A0082BDFC /* XCRemoteSwiftPackageReference "firebase-ios-sdk" */;
			productName = FirebaseDatabase;
		};
		DD3D11172B23506A0082BDFC /* FirebaseDatabaseSwift */ = {
			isa = XCSwiftPackageProductDependency;
			package = DD3D11022B23506A0082BDFC /* XCRemoteSwiftPackageReference "firebase-ios-sdk" */;
			productName = FirebaseDatabaseSwift;
		};
		DD3D111B2B23506A0082BDFC /* FirebaseFirestore */ = {
			isa = XCSwiftPackageProductDependency;
			package = DD3D11022B23506A0082BDFC /* XCRemoteSwiftPackageReference "firebase-ios-sdk" */;
			productName = FirebaseFirestore;
		};
		DD3D111F2B23506A0082BDFC /* FirebaseFirestoreSwift */ = {
			isa = XCSwiftPackageProductDependency;
			package = DD3D11022B23506A0082BDFC /* XCRemoteSwiftPackageReference "firebase-ios-sdk" */;
			productName = FirebaseFirestoreSwift;
		};
		DD3D11352B23506A0082BDFC /* FirebaseStorage */ = {
			isa = XCSwiftPackageProductDependency;
			package = DD3D11022B23506A0082BDFC /* XCRemoteSwiftPackageReference "firebase-ios-sdk" */;
			productName = FirebaseStorage;
		};
		DD3D113A2B23507F0082BDFC /* SDWebImage */ = {
			isa = XCSwiftPackageProductDependency;
			package = DD3D11392B23507F0082BDFC /* XCRemoteSwiftPackageReference "SDWebImage" */;
			productName = SDWebImage;
		};
		DD3D113C2B23507F0082BDFC /* SDWebImageMapKit */ = {
			isa = XCSwiftPackageProductDependency;
			package = DD3D11392B23507F0082BDFC /* XCRemoteSwiftPackageReference "SDWebImage" */;
			productName = SDWebImageMapKit;
		};
		DD3D11562B273E200082BDFC /* ImageSlideshow */ = {
			isa = XCSwiftPackageProductDependency;
			package = DD3D11552B273E200082BDFC /* XCRemoteSwiftPackageReference "ImageSlideshow" */;
			productName = ImageSlideshow;
		};
		DD3D11582B273E200082BDFC /* ImageSlideshow/Kingfisher */ = {
			isa = XCSwiftPackageProductDependency;
			package = DD3D11552B273E200082BDFC /* XCRemoteSwiftPackageReference "ImageSlideshow" */;
			productName = ImageSlideshow/Kingfisher;
		};
/* End XCSwiftPackageProductDependency section */
	};
	rootObject = DD3D10E32B234FE10082BDFC /* Project object */;
}
