// !$*UTF8*$!
{
	archiveVersion = 1;
	classes = {
	};
	objectVersion = 56;
	objects = {

/* Begin PBXBuildFile section */
		DD8071762BADF2FD0026F54B /* AppDelegate.swift in Sources */ = {isa = PBXBuildFile; fileRef = DD8071752BADF2FD0026F54B /* AppDelegate.swift */; };
		DD8071782BADF2FD0026F54B /* SceneDelegate.swift in Sources */ = {isa = PBXBuildFile; fileRef = DD8071772BADF2FD0026F54B /* SceneDelegate.swift */; };
		DD80717A2BADF2FD0026F54B /* ViewController.swift in Sources */ = {isa = PBXBuildFile; fileRef = DD8071792BADF2FD0026F54B /* ViewController.swift */; };
		DD80717D2BADF2FD0026F54B /* Base in Resources */ = {isa = PBXBuildFile; fileRef = DD80717C2BADF2FD0026F54B /* Base */; };
		DD80717F2BADF2FE0026F54B /* Assets.xcassets in Resources */ = {isa = PBXBuildFile; fileRef = DD80717E2BADF2FE0026F54B /* Assets.xcassets */; };
		DD8071822BADF2FE0026F54B /* Base in Resources */ = {isa = PBXBuildFile; fileRef = DD8071812BADF2FE0026F54B /* Base */; };
		DDE95FE22BAF95E40088DA3E /* Cell.swift in Sources */ = {isa = PBXBuildFile; fileRef = DDE95FE02BAF95E40088DA3E /* Cell.swift */; };
		DDE95FE32BAF95E40088DA3E /* Cell.xib in Resources */ = {isa = PBXBuildFile; fileRef = DDE95FE12BAF95E40088DA3E /* Cell.xib */; };
		DDE95FE62BAF9A680088DA3E /* City.swift in Sources */ = {isa = PBXBuildFile; fileRef = DDE95FE52BAF9A680088DA3E /* City.swift */; };
/* End PBXBuildFile section */

/* Begin PBXFileReference section */
		DD8071722BADF2FD0026F54B /* TGY.app */ = {isa = PBXFileReference; explicitFileType = wrapper.application; includeInIndex = 0; path = TGY.app; sourceTree = BUILT_PRODUCTS_DIR; };
		DD8071752BADF2FD0026F54B /* AppDelegate.swift */ = {isa = PBXFileReference; lastKnownFileType = sourcecode.swift; path = AppDelegate.swift; sourceTree = "<group>"; };
		DD8071772BADF2FD0026F54B /* SceneDelegate.swift */ = {isa = PBXFileReference; lastKnownFileType = sourcecode.swift; path = SceneDelegate.swift; sourceTree = "<group>"; };
		DD8071792BADF2FD0026F54B /* ViewController.swift */ = {isa = PBXFileReference; lastKnownFileType = sourcecode.swift; path = ViewController.swift; sourceTree = "<group>"; };
		DD80717C2BADF2FD0026F54B /* Base */ = {isa = PBXFileReference; lastKnownFileType = file.storyboard; name = Base; path = Base.lproj/Main.storyboard; sourceTree = "<group>"; };
		DD80717E2BADF2FE0026F54B /* Assets.xcassets */ = {isa = PBXFileReference; lastKnownFileType = folder.assetcatalog; path = Assets.xcassets; sourceTree = "<group>"; };
		DD8071812BADF2FE0026F54B /* Base */ = {isa = PBXFileReference; lastKnownFileType = file.storyboard; name = Base; path = Base.lproj/LaunchScreen.storyboard; sourceTree = "<group>"; };
		DD8071832BADF2FE0026F54B /* Info.plist */ = {isa = PBXFileReference; lastKnownFileType = text.plist.xml; path = Info.plist; sourceTree = "<group>"; };
		DDE95FE02BAF95E40088DA3E /* Cell.swift */ = {isa = PBXFileReference; lastKnownFileType = sourcecode.swift; path = Cell.swift; sourceTree = "<group>"; };
		DDE95FE12BAF95E40088DA3E /* Cell.xib */ = {isa = PBXFileReference; lastKnownFileType = file.xib; path = Cell.xib; sourceTree = "<group>"; };
		DDE95FE52BAF9A680088DA3E /* City.swift */ = {isa = PBXFileReference; lastKnownFileType = sourcecode.swift; path = City.swift; sourceTree = "<group>"; };
/* End PBXFileReference section */

/* Begin PBXFrameworksBuildPhase section */
		DD80716F2BADF2FD0026F54B /* Frameworks */ = {
			isa = PBXFrameworksBuildPhase;
			buildActionMask = 2147483647;
			files = (
			);
			runOnlyForDeploymentPostprocessing = 0;
		};
/* End PBXFrameworksBuildPhase section */

/* Begin PBXGroup section */
		DD8071692BADF2FD0026F54B = {
			isa = PBXGroup;
			children = (
				DD8071742BADF2FD0026F54B /* TGY */,
				DD8071732BADF2FD0026F54B /* Products */,
			);
			sourceTree = "<group>";
		};
		DD8071732BADF2FD0026F54B /* Products */ = {
			isa = PBXGroup;
			children = (
				DD8071722BADF2FD0026F54B /* TGY.app */,
			);
			name = Products;
			sourceTree = "<group>";
		};
		DD8071742BADF2FD0026F54B /* TGY */ = {
			isa = PBXGroup;
			children = (
				DDE95FE42BAF9A5D0088DA3E /* Models */,
				DDE95FDF2BAF95C70088DA3E /* Cells */,
				DD8071752BADF2FD0026F54B /* AppDelegate.swift */,
				DD8071772BADF2FD0026F54B /* SceneDelegate.swift */,
				DD8071792BADF2FD0026F54B /* ViewController.swift */,
				DD80717B2BADF2FD0026F54B /* Main.storyboard */,
				DD80717E2BADF2FE0026F54B /* Assets.xcassets */,
				DD8071802BADF2FE0026F54B /* LaunchScreen.storyboard */,
				DD8071832BADF2FE0026F54B /* Info.plist */,
			);
			path = TGY;
			sourceTree = "<group>";
		};
		DDE95FDF2BAF95C70088DA3E /* Cells */ = {
			isa = PBXGroup;
			children = (
				DDE95FE02BAF95E40088DA3E /* Cell.swift */,
				DDE95FE12BAF95E40088DA3E /* Cell.xib */,
			);
			path = Cells;
			sourceTree = "<group>";
		};
		DDE95FE42BAF9A5D0088DA3E /* Models */ = {
			isa = PBXGroup;
			children = (
				DDE95FE52BAF9A680088DA3E /* City.swift */,
			);
			path = Models;
			sourceTree = "<group>";
		};
/* End PBXGroup section */

/* Begin PBXNativeTarget section */
		DD8071712BADF2FD0026F54B /* TGY */ = {
			isa = PBXNativeTarget;
			buildConfigurationList = DD8071862BADF2FE0026F54B /* Build configuration list for PBXNativeTarget "TGY" */;
			buildPhases = (
				DD80716E2BADF2FD0026F54B /* Sources */,
				DD80716F2BADF2FD0026F54B /* Frameworks */,
				DD8071702BADF2FD0026F54B /* Resources */,
			);
			buildRules = (
			);
			dependencies = (
			);
			name = TGY;
			productName = TGY;
			productReference = DD8071722BADF2FD0026F54B /* TGY.app */;
			productType = "com.apple.product-type.application";
		};
/* End PBXNativeTarget section */

/* Begin PBXProject section */
		DD80716A2BADF2FD0026F54B /* Project object */ = {
			isa = PBXProject;
			attributes = {
				BuildIndependentTargetsInParallel = 1;
				LastSwiftUpdateCheck = 1530;
				LastUpgradeCheck = 1530;
				TargetAttributes = {
					DD8071712BADF2FD0026F54B = {
						CreatedOnToolsVersion = 15.3;
					};
				};
			};
			buildConfigurationList = DD80716D2BADF2FD0026F54B /* Build configuration list for PBXProject "TGY" */;
			compatibilityVersion = "Xcode 14.0";
			developmentRegion = en;
			hasScannedForEncodings = 0;
			knownRegions = (
				en,
				Base,
			);
			mainGroup = DD8071692BADF2FD0026F54B;
			productRefGroup = DD8071732BADF2FD0026F54B /* Products */;
			projectDirPath = "";
			projectRoot = "";
			targets = (
				DD8071712BADF2FD0026F54B /* TGY */,
			);
		};
/* End PBXProject section */

/* Begin PBXResourcesBuildPhase section */
		DD8071702BADF2FD0026F54B /* Resources */ = {
			isa = PBXResourcesBuildPhase;
			buildActionMask = 2147483647;
			files = (
				DD80717F2BADF2FE0026F54B /* Assets.xcassets in Resources */,
				DDE95FE32BAF95E40088DA3E /* Cell.xib in Resources */,
				DD8071822BADF2FE0026F54B /* Base in Resources */,
				DD80717D2BADF2FD0026F54B /* Base in Resources */,
			);
			runOnlyForDeploymentPostprocessing = 0;
		};
/* End PBXResourcesBuildPhase section */

/* Begin PBXSourcesBuildPhase section */
		DD80716E2BADF2FD0026F54B /* Sources */ = {
			isa = PBXSourcesBuildPhase;
			buildActionMask = 2147483647;
			files = (
				DD80717A2BADF2FD0026F54B /* ViewController.swift in Sources */,
				DDE95FE62BAF9A680088DA3E /* City.swift in Sources */,
				DDE95FE22BAF95E40088DA3E /* Cell.swift in Sources */,
				DD8071762BADF2FD0026F54B /* AppDelegate.swift in Sources */,
				DD8071782BADF2FD0026F54B /* SceneDelegate.swift in Sources */,
			);
			runOnlyForDeploymentPostprocessing = 0;
		};
/* End PBXSourcesBuildPhase section */

/* Begin PBXVariantGroup section */
		DD80717B2BADF2FD0026F54B /* Main.storyboard */ = {
			isa = PBXVariantGroup;
			children = (
				DD80717C2BADF2FD0026F54B /* Base */,
			);
			name = Main.storyboard;
			sourceTree = "<group>";
		};
		DD8071802BADF2FE0026F54B /* LaunchScreen.storyboard */ = {
			isa = PBXVariantGroup;
			children = (
				DD8071812BADF2FE0026F54B /* Base */,
			);
			name = LaunchScreen.storyboard;
			sourceTree = "<group>";
		};
/* End PBXVariantGroup section */

/* Begin XCBuildConfiguration section */
		DD8071842BADF2FE0026F54B /* Debug */ = {
			isa = XCBuildConfiguration;
			buildSettings = {
				ALWAYS_SEARCH_USER_PATHS = NO;
				ASSETCATALOG_COMPILER_GENERATE_SWIFT_ASSET_SYMBOL_EXTENSIONS = YES;
				CLANG_ANALYZER_NONNULL = YES;
				CLANG_ANALYZER_NUMBER_OBJECT_CONVERSION = YES_AGGRESSIVE;
				CLANG_CXX_LANGUAGE_STANDARD = "gnu++20";
				CLANG_ENABLE_MODULES = YES;
				CLANG_ENABLE_OBJC_ARC = YES;
				CLANG_ENABLE_OBJC_WEAK = YES;
				CLANG_WARN_BLOCK_CAPTURE_AUTORELEASING = YES;
				CLANG_WARN_BOOL_CONVERSION = YES;
				CLANG_WARN_COMMA = YES;
				CLANG_WARN_CONSTANT_CONVERSION = YES;
				CLANG_WARN_DEPRECATED_OBJC_IMPLEMENTATIONS = YES;
				CLANG_WARN_DIRECT_OBJC_ISA_USAGE = YES_ERROR;
				CLANG_WARN_DOCUMENTATION_COMMENTS = YES;
				CLANG_WARN_EMPTY_BODY = YES;
				CLANG_WARN_ENUM_CONVERSION = YES;
				CLANG_WARN_INFINITE_RECURSION = YES;
				CLANG_WARN_INT_CONVERSION = YES;
				CLANG_WARN_NON_LITERAL_NULL_CONVERSION = YES;
				CLANG_WARN_OBJC_IMPLICIT_RETAIN_SELF = YES;
				CLANG_WARN_OBJC_LITERAL_CONVERSION = YES;
				CLANG_WARN_OBJC_ROOT_CLASS = YES_ERROR;
				CLANG_WARN_QUOTED_INCLUDE_IN_FRAMEWORK_HEADER = YES;
				CLANG_WARN_RANGE_LOOP_ANALYSIS = YES;
				CLANG_WARN_STRICT_PROTOTYPES = YES;
				CLANG_WARN_SUSPICIOUS_MOVE = YES;
				CLANG_WARN_UNGUARDED_AVAILABILITY = YES_AGGRESSIVE;
				CLANG_WARN_UNREACHABLE_CODE = YES;
				CLANG_WARN__DUPLICATE_METHOD_MATCH = YES;
				COPY_PHASE_STRIP = NO;
				DEBUG_INFORMATION_FORMAT = dwarf;
				ENABLE_STRICT_OBJC_MSGSEND = YES;
				ENABLE_TESTABILITY = YES;
				ENABLE_USER_SCRIPT_SANDBOXING = YES;
				GCC_C_LANGUAGE_STANDARD = gnu17;
				GCC_DYNAMIC_NO_PIC = NO;
				GCC_NO_COMMON_BLOCKS = YES;
				GCC_OPTIMIZATION_LEVEL = 0;
				GCC_PREPROCESSOR_DEFINITIONS = (
					"DEBUG=1",
					"$(inherited)",
				);
				GCC_WARN_64_TO_32_BIT_CONVERSION = YES;
				GCC_WARN_ABOUT_RETURN_TYPE = YES_ERROR;
				GCC_WARN_UNDECLARED_SELECTOR = YES;
				GCC_WARN_UNINITIALIZED_AUTOS = YES_AGGRESSIVE;
				GCC_WARN_UNUSED_FUNCTION = YES;
				GCC_WARN_UNUSED_VARIABLE = YES;
				IPHONEOS_DEPLOYMENT_TARGET = 17.4;
				LOCALIZATION_PREFERS_STRING_CATALOGS = YES;
				MTL_ENABLE_DEBUG_INFO = INCLUDE_SOURCE;
				MTL_FAST_MATH = YES;
				ONLY_ACTIVE_ARCH = YES;
				SDKROOT = iphoneos;
				SWIFT_ACTIVE_COMPILATION_CONDITIONS = "DEBUG $(inherited)";
				SWIFT_OPTIMIZATION_LEVEL = "-Onone";
			};
			name = Debug;
		};
		DD8071852BADF2FE0026F54B /* Release */ = {
			isa = XCBuildConfiguration;
			buildSettings = {
				ALWAYS_SEARCH_USER_PATHS = NO;
				ASSETCATALOG_COMPILER_GENERATE_SWIFT_ASSET_SYMBOL_EXTENSIONS = YES;
				CLANG_ANALYZER_NONNULL = YES;
				CLANG_ANALYZER_NUMBER_OBJECT_CONVERSION = YES_AGGRESSIVE;
				CLANG_CXX_LANGUAGE_STANDARD = "gnu++20";
				CLANG_ENABLE_MODULES = YES;
				CLANG_ENABLE_OBJC_ARC = YES;
				CLANG_ENABLE_OBJC_WEAK = YES;
				CLANG_WARN_BLOCK_CAPTURE_AUTORELEASING = YES;
				CLANG_WARN_BOOL_CONVERSION = YES;
				CLANG_WARN_COMMA = YES;
				CLANG_WARN_CONSTANT_CONVERSION = YES;
				CLANG_WARN_DEPRECATED_OBJC_IMPLEMENTATIONS = YES;
				CLANG_WARN_DIRECT_OBJC_ISA_USAGE = YES_ERROR;
				CLANG_WARN_DOCUMENTATION_COMMENTS = YES;
				CLANG_WARN_EMPTY_BODY = YES;
				CLANG_WARN_ENUM_CONVERSION = YES;
				CLANG_WARN_INFINITE_RECURSION = YES;
				CLANG_WARN_INT_CONVERSION = YES;
				CLANG_WARN_NON_LITERAL_NULL_CONVERSION = YES;
				CLANG_WARN_OBJC_IMPLICIT_RETAIN_SELF = YES;
				CLANG_WARN_OBJC_LITERAL_CONVERSION = YES;
				CLANG_WARN_OBJC_ROOT_CLASS = YES_ERROR;
				CLANG_WARN_QUOTED_INCLUDE_IN_FRAMEWORK_HEADER = YES;
				CLANG_WARN_RANGE_LOOP_ANALYSIS = YES;
				CLANG_WARN_STRICT_PROTOTYPES = YES;
				CLANG_WARN_SUSPICIOUS_MOVE = YES;
				CLANG_WARN_UNGUARDED_AVAILABILITY = YES_AGGRESSIVE;
				CLANG_WARN_UNREACHABLE_CODE = YES;
				CLANG_WARN__DUPLICATE_METHOD_MATCH = YES;
				COPY_PHASE_STRIP = NO;
				DEBUG_INFORMATION_FORMAT = "dwarf-with-dsym";
				ENABLE_NS_ASSERTIONS = NO;
				ENABLE_STRICT_OBJC_MSGSEND = YES;
				ENABLE_USER_SCRIPT_SANDBOXING = YES;
				GCC_C_LANGUAGE_STANDARD = gnu17;
				GCC_NO_COMMON_BLOCKS = YES;
				GCC_WARN_64_TO_32_BIT_CONVERSION = YES;
				GCC_WARN_ABOUT_RETURN_TYPE = YES_ERROR;
				GCC_WARN_UNDECLARED_SELECTOR = YES;
				GCC_WARN_UNINITIALIZED_AUTOS = YES_AGGRESSIVE;
				GCC_WARN_UNUSED_FUNCTION = YES;
				GCC_WARN_UNUSED_VARIABLE = YES;
				IPHONEOS_DEPLOYMENT_TARGET = 17.4;
				LOCALIZATION_PREFERS_STRING_CATALOGS = YES;
				MTL_ENABLE_DEBUG_INFO = NO;
				MTL_FAST_MATH = YES;
				SDKROOT = iphoneos;
				SWIFT_COMPILATION_MODE = wholemodule;
				VALIDATE_PRODUCT = YES;
			};
			name = Release;
		};
		DD8071872BADF2FE0026F54B /* Debug */ = {
			isa = XCBuildConfiguration;
			buildSettings = {
				ASSETCATALOG_COMPILER_APPICON_NAME = AppIcon;
				ASSETCATALOG_COMPILER_GLOBAL_ACCENT_COLOR_NAME = AccentColor;
				CODE_SIGN_STYLE = Automatic;
				CURRENT_PROJECT_VERSION = 1;
				GENERATE_INFOPLIST_FILE = YES;
				INFOPLIST_FILE = TGY/Info.plist;
				INFOPLIST_KEY_UIApplicationSupportsIndirectInputEvents = YES;
				INFOPLIST_KEY_UILaunchStoryboardName = LaunchScreen;
				INFOPLIST_KEY_UIMainStoryboardFile = Main;
				INFOPLIST_KEY_UISupportedInterfaceOrientations_iPad = "UIInterfaceOrientationPortrait UIInterfaceOrientationPortraitUpsideDown UIInterfaceOrientationLandscapeLeft UIInterfaceOrientationLandscapeRight";
				INFOPLIST_KEY_UISupportedInterfaceOrientations_iPhone = "UIInterfaceOrientationPortrait UIInterfaceOrientationLandscapeLeft UIInterfaceOrientationLandscapeRight";
				LD_RUNPATH_SEARCH_PATHS = (
					"$(inherited)",
					"@executable_path/Frameworks",
				);
				MARKETING_VERSION = 1.0;
				PRODUCT_BUNDLE_IDENTIFIER = First.TGY;
				PRODUCT_NAME = "$(TARGET_NAME)";
				SWIFT_EMIT_LOC_STRINGS = YES;
				SWIFT_VERSION = 5.0;
				TARGETED_DEVICE_FAMILY = "1,2";
			};
			name = Debug;
		};
		DD8071882BADF2FE0026F54B /* Release */ = {
			isa = XCBuildConfiguration;
			buildSettings = {
				ASSETCATALOG_COMPILER_APPICON_NAME = AppIcon;
				ASSETCATALOG_COMPILER_GLOBAL_ACCENT_COLOR_NAME = AccentColor;
				CODE_SIGN_STYLE = Automatic;
				CURRENT_PROJECT_VERSION = 1;
				GENERATE_INFOPLIST_FILE = YES;
				INFOPLIST_FILE = TGY/Info.plist;
				INFOPLIST_KEY_UIApplicationSupportsIndirectInputEvents = YES;
				INFOPLIST_KEY_UILaunchStoryboardName = LaunchScreen;
				INFOPLIST_KEY_UIMainStoryboardFile = Main;
				INFOPLIST_KEY_UISupportedInterfaceOrientations_iPad = "UIInterfaceOrientationPortrait UIInterfaceOrientationPortraitUpsideDown UIInterfaceOrientationLandscapeLeft UIInterfaceOrientationLandscapeRight";
				INFOPLIST_KEY_UISupportedInterfaceOrientations_iPhone = "UIInterfaceOrientationPortrait UIInterfaceOrientationLandscapeLeft UIInterfaceOrientationLandscapeRight";
				LD_RUNPATH_SEARCH_PATHS = (
					"$(inherited)",
					"@executable_path/Frameworks",
				);
				MARKETING_VERSION = 1.0;
				PRODUCT_BUNDLE_IDENTIFIER = First.TGY;
				PRODUCT_NAME = "$(TARGET_NAME)";
				SWIFT_EMIT_LOC_STRINGS = YES;
				SWIFT_VERSION = 5.0;
				TARGETED_DEVICE_FAMILY = "1,2";
			};
			name = Release;
		};
/* End XCBuildConfiguration section */

/* Begin XCConfigurationList section */
		DD80716D2BADF2FD0026F54B /* Build configuration list for PBXProject "TGY" */ = {
			isa = XCConfigurationList;
			buildConfigurations = (
				DD8071842BADF2FE0026F54B /* Debug */,
				DD8071852BADF2FE0026F54B /* Release */,
			);
			defaultConfigurationIsVisible = 0;
			defaultConfigurationName = Release;
		};
		DD8071862BADF2FE0026F54B /* Build configuration list for PBXNativeTarget "TGY" */ = {
			isa = XCConfigurationList;
			buildConfigurations = (
				DD8071872BADF2FE0026F54B /* Debug */,
				DD8071882BADF2FE0026F54B /* Release */,
			);
			defaultConfigurationIsVisible = 0;
			defaultConfigurationName = Release;
		};
/* End XCConfigurationList section */
	};
	rootObject = DD80716A2BADF2FD0026F54B /* Project object */;
}
