// !$*UTF8*$!
{
	archiveVersion = 1;
	classes = {
	};
	objectVersion = 56;
	objects = {

/* Begin PBXBuildFile section */
		DD60EF5D2BEF8C0E00010EF8 /* AppDelegate.swift in Sources */ = {isa = PBXBuildFile; fileRef = DD60EF5C2BEF8C0E00010EF8 /* AppDelegate.swift */; };
		DD60EF5F2BEF8C0E00010EF8 /* SceneDelegate.swift in Sources */ = {isa = PBXBuildFile; fileRef = DD60EF5E2BEF8C0E00010EF8 /* SceneDelegate.swift */; };
		DD60EF612BEF8C0E00010EF8 /* ViewController.swift in Sources */ = {isa = PBXBuildFile; fileRef = DD60EF602BEF8C0E00010EF8 /* ViewController.swift */; };
		DD60EF642BEF8C0E00010EF8 /* Base in Resources */ = {isa = PBXBuildFile; fileRef = DD60EF632BEF8C0E00010EF8 /* Base */; };
		DD60EF662BEF8C1000010EF8 /* Assets.xcassets in Resources */ = {isa = PBXBuildFile; fileRef = DD60EF652BEF8C1000010EF8 /* Assets.xcassets */; };
		DD60EF692BEF8C1000010EF8 /* Base in Resources */ = {isa = PBXBuildFile; fileRef = DD60EF682BEF8C1000010EF8 /* Base */; };
		DD60EF742BEF8C7100010EF8 /* WeatherModel.swift in Sources */ = {isa = PBXBuildFile; fileRef = DD60EF732BEF8C7100010EF8 /* WeatherModel.swift */; };
		DD60EF782BEF8C8D00010EF8 /* Kingfisher in Frameworks */ = {isa = PBXBuildFile; productRef = DD60EF772BEF8C8D00010EF8 /* Kingfisher */; };
		DD60EF7B2BEF8CC300010EF8 /* Alamofire in Frameworks */ = {isa = PBXBuildFile; productRef = DD60EF7A2BEF8CC300010EF8 /* Alamofire */; };
		DD60EF7D2BEF8CC300010EF8 /* AlamofireDynamic in Frameworks */ = {isa = PBXBuildFile; productRef = DD60EF7C2BEF8CC300010EF8 /* AlamofireDynamic */; };
		DD60EF7F2BEF8CFA00010EF8 /* WeatherService.swift in Sources */ = {isa = PBXBuildFile; fileRef = DD60EF7E2BEF8CFA00010EF8 /* WeatherService.swift */; };
		DD60EF812BEF8EE400010EF8 /* WeatherViewModel.swift in Sources */ = {isa = PBXBuildFile; fileRef = DD60EF802BEF8EE400010EF8 /* WeatherViewModel.swift */; };
		DD60EF832BEF97CE00010EF8 /* CityPickerVC.swift in Sources */ = {isa = PBXBuildFile; fileRef = DD60EF822BEF97CE00010EF8 /* CityPickerVC.swift */; };
		DD60EF892BEF982000010EF8 /* CityCell.xib in Resources */ = {isa = PBXBuildFile; fileRef = DD60EF882BEF982000010EF8 /* CityCell.xib */; };
		DD60EF8A2BEF982000010EF8 /* CityCell.swift in Sources */ = {isa = PBXBuildFile; fileRef = DD60EF872BEF982000010EF8 /* CityCell.swift */; };
/* End PBXBuildFile section */

/* Begin PBXFileReference section */
		DD60EF592BEF8C0E00010EF8 /* Weather.app */ = {isa = PBXFileReference; explicitFileType = wrapper.application; includeInIndex = 0; path = Weather.app; sourceTree = BUILT_PRODUCTS_DIR; };
		DD60EF5C2BEF8C0E00010EF8 /* AppDelegate.swift */ = {isa = PBXFileReference; lastKnownFileType = sourcecode.swift; path = AppDelegate.swift; sourceTree = "<group>"; };
		DD60EF5E2BEF8C0E00010EF8 /* SceneDelegate.swift */ = {isa = PBXFileReference; lastKnownFileType = sourcecode.swift; path = SceneDelegate.swift; sourceTree = "<group>"; };
		DD60EF602BEF8C0E00010EF8 /* ViewController.swift */ = {isa = PBXFileReference; lastKnownFileType = sourcecode.swift; path = ViewController.swift; sourceTree = "<group>"; };
		DD60EF632BEF8C0E00010EF8 /* Base */ = {isa = PBXFileReference; lastKnownFileType = file.storyboard; name = Base; path = Base.lproj/Main.storyboard; sourceTree = "<group>"; };
		DD60EF652BEF8C1000010EF8 /* Assets.xcassets */ = {isa = PBXFileReference; lastKnownFileType = folder.assetcatalog; path = Assets.xcassets; sourceTree = "<group>"; };
		DD60EF682BEF8C1000010EF8 /* Base */ = {isa = PBXFileReference; lastKnownFileType = file.storyboard; name = Base; path = Base.lproj/LaunchScreen.storyboard; sourceTree = "<group>"; };
		DD60EF6A2BEF8C1000010EF8 /* Info.plist */ = {isa = PBXFileReference; lastKnownFileType = text.plist.xml; path = Info.plist; sourceTree = "<group>"; };
		DD60EF732BEF8C7100010EF8 /* WeatherModel.swift */ = {isa = PBXFileReference; lastKnownFileType = sourcecode.swift; path = WeatherModel.swift; sourceTree = "<group>"; };
		DD60EF7E2BEF8CFA00010EF8 /* WeatherService.swift */ = {isa = PBXFileReference; lastKnownFileType = sourcecode.swift; path = WeatherService.swift; sourceTree = "<group>"; };
		DD60EF802BEF8EE400010EF8 /* WeatherViewModel.swift */ = {isa = PBXFileReference; lastKnownFileType = sourcecode.swift; path = WeatherViewModel.swift; sourceTree = "<group>"; };
		DD60EF822BEF97CE00010EF8 /* CityPickerVC.swift */ = {isa = PBXFileReference; lastKnownFileType = sourcecode.swift; path = CityPickerVC.swift; sourceTree = "<group>"; };
		DD60EF872BEF982000010EF8 /* CityCell.swift */ = {isa = PBXFileReference; lastKnownFileType = sourcecode.swift; path = CityCell.swift; sourceTree = "<group>"; };
		DD60EF882BEF982000010EF8 /* CityCell.xib */ = {isa = PBXFileReference; lastKnownFileType = file.xib; path = CityCell.xib; sourceTree = "<group>"; };
/* End PBXFileReference section */

/* Begin PBXFrameworksBuildPhase section */
		DD60EF562BEF8C0E00010EF8 /* Frameworks */ = {
			isa = PBXFrameworksBuildPhase;
			buildActionMask = 2147483647;
			files = (
				DD60EF782BEF8C8D00010EF8 /* Kingfisher in Frameworks */,
				DD60EF7D2BEF8CC300010EF8 /* AlamofireDynamic in Frameworks */,
				DD60EF7B2BEF8CC300010EF8 /* Alamofire in Frameworks */,
			);
			runOnlyForDeploymentPostprocessing = 0;
		};
/* End PBXFrameworksBuildPhase section */

/* Begin PBXGroup section */
		DD60EF502BEF8C0E00010EF8 = {
			isa = PBXGroup;
			children = (
				DD60EF5B2BEF8C0E00010EF8 /* Weather */,
				DD60EF5A2BEF8C0E00010EF8 /* Products */,
			);
			sourceTree = "<group>";
		};
		DD60EF5A2BEF8C0E00010EF8 /* Products */ = {
			isa = PBXGroup;
			children = (
				DD60EF592BEF8C0E00010EF8 /* Weather.app */,
			);
			name = Products;
			sourceTree = "<group>";
		};
		DD60EF5B2BEF8C0E00010EF8 /* Weather */ = {
			isa = PBXGroup;
			children = (
				DD60EF842BEF97D500010EF8 /* Cell */,
				DD60EF752BEF8C7400010EF8 /* Service */,
				DD60EF702BEF8C3300010EF8 /* Model */,
				DD60EF712BEF8C3D00010EF8 /* View Model */,
				DD60EF722BEF8C4900010EF8 /* View */,
				DD60EF622BEF8C0E00010EF8 /* Main.storyboard */,
				DD60EF652BEF8C1000010EF8 /* Assets.xcassets */,
				DD60EF672BEF8C1000010EF8 /* LaunchScreen.storyboard */,
				DD60EF6A2BEF8C1000010EF8 /* Info.plist */,
			);
			path = Weather;
			sourceTree = "<group>";
		};
		DD60EF702BEF8C3300010EF8 /* Model */ = {
			isa = PBXGroup;
			children = (
				DD60EF732BEF8C7100010EF8 /* WeatherModel.swift */,
			);
			path = Model;
			sourceTree = "<group>";
		};
		DD60EF712BEF8C3D00010EF8 /* View Model */ = {
			isa = PBXGroup;
			children = (
				DD60EF802BEF8EE400010EF8 /* WeatherViewModel.swift */,
			);
			path = "View Model";
			sourceTree = "<group>";
		};
		DD60EF722BEF8C4900010EF8 /* View */ = {
			isa = PBXGroup;
			children = (
				DD60EF5C2BEF8C0E00010EF8 /* AppDelegate.swift */,
				DD60EF5E2BEF8C0E00010EF8 /* SceneDelegate.swift */,
				DD60EF602BEF8C0E00010EF8 /* ViewController.swift */,
				DD60EF822BEF97CE00010EF8 /* CityPickerVC.swift */,
			);
			path = View;
			sourceTree = "<group>";
		};
		DD60EF752BEF8C7400010EF8 /* Service */ = {
			isa = PBXGroup;
			children = (
				DD60EF7E2BEF8CFA00010EF8 /* WeatherService.swift */,
			);
			path = Service;
			sourceTree = "<group>";
		};
		DD60EF842BEF97D500010EF8 /* Cell */ = {
			isa = PBXGroup;
			children = (
				DD60EF872BEF982000010EF8 /* CityCell.swift */,
				DD60EF882BEF982000010EF8 /* CityCell.xib */,
			);
			path = Cell;
			sourceTree = "<group>";
		};
/* End PBXGroup section */

/* Begin PBXNativeTarget section */
		DD60EF582BEF8C0E00010EF8 /* Weather */ = {
			isa = PBXNativeTarget;
			buildConfigurationList = DD60EF6D2BEF8C1000010EF8 /* Build configuration list for PBXNativeTarget "Weather" */;
			buildPhases = (
				DD60EF552BEF8C0E00010EF8 /* Sources */,
				DD60EF562BEF8C0E00010EF8 /* Frameworks */,
				DD60EF572BEF8C0E00010EF8 /* Resources */,
			);
			buildRules = (
			);
			dependencies = (
			);
			name = Weather;
			packageProductDependencies = (
				DD60EF772BEF8C8D00010EF8 /* Kingfisher */,
				DD60EF7A2BEF8CC300010EF8 /* Alamofire */,
				DD60EF7C2BEF8CC300010EF8 /* AlamofireDynamic */,
			);
			productName = Weather;
			productReference = DD60EF592BEF8C0E00010EF8 /* Weather.app */;
			productType = "com.apple.product-type.application";
		};
/* End PBXNativeTarget section */

/* Begin PBXProject section */
		DD60EF512BEF8C0E00010EF8 /* Project object */ = {
			isa = PBXProject;
			attributes = {
				BuildIndependentTargetsInParallel = 1;
				LastSwiftUpdateCheck = 1530;
				LastUpgradeCheck = 1530;
				TargetAttributes = {
					DD60EF582BEF8C0E00010EF8 = {
						CreatedOnToolsVersion = 15.3;
					};
				};
			};
			buildConfigurationList = DD60EF542BEF8C0E00010EF8 /* Build configuration list for PBXProject "Weather" */;
			compatibilityVersion = "Xcode 14.0";
			developmentRegion = en;
			hasScannedForEncodings = 0;
			knownRegions = (
				en,
				Base,
			);
			mainGroup = DD60EF502BEF8C0E00010EF8;
			packageReferences = (
				DD60EF762BEF8C8D00010EF8 /* XCRemoteSwiftPackageReference "Kingfisher" */,
				DD60EF792BEF8CC300010EF8 /* XCRemoteSwiftPackageReference "Alamofire" */,
			);
			productRefGroup = DD60EF5A2BEF8C0E00010EF8 /* Products */;
			projectDirPath = "";
			projectRoot = "";
			targets = (
				DD60EF582BEF8C0E00010EF8 /* Weather */,
			);
		};
/* End PBXProject section */

/* Begin PBXResourcesBuildPhase section */
		DD60EF572BEF8C0E00010EF8 /* Resources */ = {
			isa = PBXResourcesBuildPhase;
			buildActionMask = 2147483647;
			files = (
				DD60EF662BEF8C1000010EF8 /* Assets.xcassets in Resources */,
				DD60EF692BEF8C1000010EF8 /* Base in Resources */,
				DD60EF892BEF982000010EF8 /* CityCell.xib in Resources */,
				DD60EF642BEF8C0E00010EF8 /* Base in Resources */,
			);
			runOnlyForDeploymentPostprocessing = 0;
		};
/* End PBXResourcesBuildPhase section */

/* Begin PBXSourcesBuildPhase section */
		DD60EF552BEF8C0E00010EF8 /* Sources */ = {
			isa = PBXSourcesBuildPhase;
			buildActionMask = 2147483647;
			files = (
				DD60EF7F2BEF8CFA00010EF8 /* WeatherService.swift in Sources */,
				DD60EF812BEF8EE400010EF8 /* WeatherViewModel.swift in Sources */,
				DD60EF8A2BEF982000010EF8 /* CityCell.swift in Sources */,
				DD60EF832BEF97CE00010EF8 /* CityPickerVC.swift in Sources */,
				DD60EF612BEF8C0E00010EF8 /* ViewController.swift in Sources */,
				DD60EF5D2BEF8C0E00010EF8 /* AppDelegate.swift in Sources */,
				DD60EF742BEF8C7100010EF8 /* WeatherModel.swift in Sources */,
				DD60EF5F2BEF8C0E00010EF8 /* SceneDelegate.swift in Sources */,
			);
			runOnlyForDeploymentPostprocessing = 0;
		};
/* End PBXSourcesBuildPhase section */

/* Begin PBXVariantGroup section */
		DD60EF622BEF8C0E00010EF8 /* Main.storyboard */ = {
			isa = PBXVariantGroup;
			children = (
				DD60EF632BEF8C0E00010EF8 /* Base */,
			);
			name = Main.storyboard;
			sourceTree = "<group>";
		};
		DD60EF672BEF8C1000010EF8 /* LaunchScreen.storyboard */ = {
			isa = PBXVariantGroup;
			children = (
				DD60EF682BEF8C1000010EF8 /* Base */,
			);
			name = LaunchScreen.storyboard;
			sourceTree = "<group>";
		};
/* End PBXVariantGroup section */

/* Begin XCBuildConfiguration section */
		DD60EF6B2BEF8C1000010EF8 /* Debug */ = {
			isa = XCBuildConfiguration;
			buildSettings = {
				ALWAYS_SEARCH_USER_PATHS = NO;
				ASSETCATALOG_COMPILER_GENERATE_SWIFT_ASSET_SYMBOL_EXTENSIONS = YES;
				CLANG_ANALYZER_NONNULL = YES;
				CLANG_ANALYZER_NUMBER_OBJECT_CONVERSION = YES_AGGRESSIVE;
				CLANG_CXX_LANGUAGE_STANDARD = "gnu++20";
				CLANG_ENABLE_MODULES = YES;
				CLANG_ENABLE_OBJC_ARC = YES;
				CLANG_ENABLE_OBJC_WEAK = YES;
				CLANG_WARN_BLOCK_CAPTURE_AUTORELEASING = YES;
				CLANG_WARN_BOOL_CONVERSION = YES;
				CLANG_WARN_COMMA = YES;
				CLANG_WARN_CONSTANT_CONVERSION = YES;
				CLANG_WARN_DEPRECATED_OBJC_IMPLEMENTATIONS = YES;
				CLANG_WARN_DIRECT_OBJC_ISA_USAGE = YES_ERROR;
				CLANG_WARN_DOCUMENTATION_COMMENTS = YES;
				CLANG_WARN_EMPTY_BODY = YES;
				CLANG_WARN_ENUM_CONVERSION = YES;
				CLANG_WARN_INFINITE_RECURSION = YES;
				CLANG_WARN_INT_CONVERSION = YES;
				CLANG_WARN_NON_LITERAL_NULL_CONVERSION = YES;
				CLANG_WARN_OBJC_IMPLICIT_RETAIN_SELF = YES;
				CLANG_WARN_OBJC_LITERAL_CONVERSION = YES;
				CLANG_WARN_OBJC_ROOT_CLASS = YES_ERROR;
				CLANG_WARN_QUOTED_INCLUDE_IN_FRAMEWORK_HEADER = YES;
				CLANG_WARN_RANGE_LOOP_ANALYSIS = YES;
				CLANG_WARN_STRICT_PROTOTYPES = YES;
				CLANG_WARN_SUSPICIOUS_MOVE = YES;
				CLANG_WARN_UNGUARDED_AVAILABILITY = YES_AGGRESSIVE;
				CLANG_WARN_UNREACHABLE_CODE = YES;
				CLANG_WARN__DUPLICATE_METHOD_MATCH = YES;
				COPY_PHASE_STRIP = NO;
				DEBUG_INFORMATION_FORMAT = dwarf;
				ENABLE_STRICT_OBJC_MSGSEND = YES;
				ENABLE_TESTABILITY = YES;
				ENABLE_USER_SCRIPT_SANDBOXING = YES;
				GCC_C_LANGUAGE_STANDARD = gnu17;
				GCC_DYNAMIC_NO_PIC = NO;
				GCC_NO_COMMON_BLOCKS = YES;
				GCC_OPTIMIZATION_LEVEL = 0;
				GCC_PREPROCESSOR_DEFINITIONS = (
					"DEBUG=1",
					"$(inherited)",
				);
				GCC_WARN_64_TO_32_BIT_CONVERSION = YES;
				GCC_WARN_ABOUT_RETURN_TYPE = YES_ERROR;
				GCC_WARN_UNDECLARED_SELECTOR = YES;
				GCC_WARN_UNINITIALIZED_AUTOS = YES_AGGRESSIVE;
				GCC_WARN_UNUSED_FUNCTION = YES;
				GCC_WARN_UNUSED_VARIABLE = YES;
				IPHONEOS_DEPLOYMENT_TARGET = 16.0;
				LOCALIZATION_PREFERS_STRING_CATALOGS = YES;
				MTL_ENABLE_DEBUG_INFO = INCLUDE_SOURCE;
				MTL_FAST_MATH = YES;
				ONLY_ACTIVE_ARCH = YES;
				SDKROOT = iphoneos;
				SWIFT_ACTIVE_COMPILATION_CONDITIONS = "DEBUG $(inherited)";
				SWIFT_OPTIMIZATION_LEVEL = "-Onone";
			};
			name = Debug;
		};
		DD60EF6C2BEF8C1000010EF8 /* Release */ = {
			isa = XCBuildConfiguration;
			buildSettings = {
				ALWAYS_SEARCH_USER_PATHS = NO;
				ASSETCATALOG_COMPILER_GENERATE_SWIFT_ASSET_SYMBOL_EXTENSIONS = YES;
				CLANG_ANALYZER_NONNULL = YES;
				CLANG_ANALYZER_NUMBER_OBJECT_CONVERSION = YES_AGGRESSIVE;
				CLANG_CXX_LANGUAGE_STANDARD = "gnu++20";
				CLANG_ENABLE_MODULES = YES;
				CLANG_ENABLE_OBJC_ARC = YES;
				CLANG_ENABLE_OBJC_WEAK = YES;
				CLANG_WARN_BLOCK_CAPTURE_AUTORELEASING = YES;
				CLANG_WARN_BOOL_CONVERSION = YES;
				CLANG_WARN_COMMA = YES;
				CLANG_WARN_CONSTANT_CONVERSION = YES;
				CLANG_WARN_DEPRECATED_OBJC_IMPLEMENTATIONS = YES;
				CLANG_WARN_DIRECT_OBJC_ISA_USAGE = YES_ERROR;
				CLANG_WARN_DOCUMENTATION_COMMENTS = YES;
				CLANG_WARN_EMPTY_BODY = YES;
				CLANG_WARN_ENUM_CONVERSION = YES;
				CLANG_WARN_INFINITE_RECURSION = YES;
				CLANG_WARN_INT_CONVERSION = YES;
				CLANG_WARN_NON_LITERAL_NULL_CONVERSION = YES;
				CLANG_WARN_OBJC_IMPLICIT_RETAIN_SELF = YES;
				CLANG_WARN_OBJC_LITERAL_CONVERSION = YES;
				CLANG_WARN_OBJC_ROOT_CLASS = YES_ERROR;
				CLANG_WARN_QUOTED_INCLUDE_IN_FRAMEWORK_HEADER = YES;
				CLANG_WARN_RANGE_LOOP_ANALYSIS = YES;
				CLANG_WARN_STRICT_PROTOTYPES = YES;
				CLANG_WARN_SUSPICIOUS_MOVE = YES;
				CLANG_WARN_UNGUARDED_AVAILABILITY = YES_AGGRESSIVE;
				CLANG_WARN_UNREACHABLE_CODE = YES;
				CLANG_WARN__DUPLICATE_METHOD_MATCH = YES;
				COPY_PHASE_STRIP = NO;
				DEBUG_INFORMATION_FORMAT = "dwarf-with-dsym";
				ENABLE_NS_ASSERTIONS = NO;
				ENABLE_STRICT_OBJC_MSGSEND = YES;
				ENABLE_USER_SCRIPT_SANDBOXING = YES;
				GCC_C_LANGUAGE_STANDARD = gnu17;
				GCC_NO_COMMON_BLOCKS = YES;
				GCC_WARN_64_TO_32_BIT_CONVERSION = YES;
				GCC_WARN_ABOUT_RETURN_TYPE = YES_ERROR;
				GCC_WARN_UNDECLARED_SELECTOR = YES;
				GCC_WARN_UNINITIALIZED_AUTOS = YES_AGGRESSIVE;
				GCC_WARN_UNUSED_FUNCTION = YES;
				GCC_WARN_UNUSED_VARIABLE = YES;
				IPHONEOS_DEPLOYMENT_TARGET = 16.0;
				LOCALIZATION_PREFERS_STRING_CATALOGS = YES;
				MTL_ENABLE_DEBUG_INFO = NO;
				MTL_FAST_MATH = YES;
				SDKROOT = iphoneos;
				SWIFT_COMPILATION_MODE = wholemodule;
				VALIDATE_PRODUCT = YES;
			};
			name = Release;
		};
		DD60EF6E2BEF8C1000010EF8 /* Debug */ = {
			isa = XCBuildConfiguration;
			buildSettings = {
				ASSETCATALOG_COMPILER_APPICON_NAME = AppIcon;
				ASSETCATALOG_COMPILER_GLOBAL_ACCENT_COLOR_NAME = AccentColor;
				CODE_SIGN_STYLE = Automatic;
				CURRENT_PROJECT_VERSION = 1;
				GENERATE_INFOPLIST_FILE = YES;
				INFOPLIST_FILE = Weather/Info.plist;
				INFOPLIST_KEY_UIApplicationSupportsIndirectInputEvents = YES;
				INFOPLIST_KEY_UILaunchStoryboardName = LaunchScreen;
				INFOPLIST_KEY_UIMainStoryboardFile = Main;
				INFOPLIST_KEY_UISupportedInterfaceOrientations_iPad = "UIInterfaceOrientationPortrait UIInterfaceOrientationPortraitUpsideDown UIInterfaceOrientationLandscapeLeft UIInterfaceOrientationLandscapeRight";
				INFOPLIST_KEY_UISupportedInterfaceOrientations_iPhone = "UIInterfaceOrientationPortrait UIInterfaceOrientationLandscapeLeft UIInterfaceOrientationLandscapeRight";
				IPHONEOS_DEPLOYMENT_TARGET = 16.0;
				LD_RUNPATH_SEARCH_PATHS = (
					"$(inherited)",
					"@executable_path/Frameworks",
				);
				MARKETING_VERSION = 1.0;
				PRODUCT_BUNDLE_IDENTIFIER = First.Weather;
				PRODUCT_NAME = "$(TARGET_NAME)";
				SWIFT_EMIT_LOC_STRINGS = YES;
				SWIFT_VERSION = 5.0;
				TARGETED_DEVICE_FAMILY = "1,2";
			};
			name = Debug;
		};
		DD60EF6F2BEF8C1000010EF8 /* Release */ = {
			isa = XCBuildConfiguration;
			buildSettings = {
				ASSETCATALOG_COMPILER_APPICON_NAME = AppIcon;
				ASSETCATALOG_COMPILER_GLOBAL_ACCENT_COLOR_NAME = AccentColor;
				CODE_SIGN_STYLE = Automatic;
				CURRENT_PROJECT_VERSION = 1;
				GENERATE_INFOPLIST_FILE = YES;
				INFOPLIST_FILE = Weather/Info.plist;
				INFOPLIST_KEY_UIApplicationSupportsIndirectInputEvents = YES;
				INFOPLIST_KEY_UILaunchStoryboardName = LaunchScreen;
				INFOPLIST_KEY_UIMainStoryboardFile = Main;
				INFOPLIST_KEY_UISupportedInterfaceOrientations_iPad = "UIInterfaceOrientationPortrait UIInterfaceOrientationPortraitUpsideDown UIInterfaceOrientationLandscapeLeft UIInterfaceOrientationLandscapeRight";
				INFOPLIST_KEY_UISupportedInterfaceOrientations_iPhone = "UIInterfaceOrientationPortrait UIInterfaceOrientationLandscapeLeft UIInterfaceOrientationLandscapeRight";
				IPHONEOS_DEPLOYMENT_TARGET = 16.0;
				LD_RUNPATH_SEARCH_PATHS = (
					"$(inherited)",
					"@executable_path/Frameworks",
				);
				MARKETING_VERSION = 1.0;
				PRODUCT_BUNDLE_IDENTIFIER = First.Weather;
				PRODUCT_NAME = "$(TARGET_NAME)";
				SWIFT_EMIT_LOC_STRINGS = YES;
				SWIFT_VERSION = 5.0;
				TARGETED_DEVICE_FAMILY = "1,2";
			};
			name = Release;
		};
/* End XCBuildConfiguration section */

/* Begin XCConfigurationList section */
		DD60EF542BEF8C0E00010EF8 /* Build configuration list for PBXProject "Weather" */ = {
			isa = XCConfigurationList;
			buildConfigurations = (
				DD60EF6B2BEF8C1000010EF8 /* Debug */,
				DD60EF6C2BEF8C1000010EF8 /* Release */,
			);
			defaultConfigurationIsVisible = 0;
			defaultConfigurationName = Release;
		};
		DD60EF6D2BEF8C1000010EF8 /* Build configuration list for PBXNativeTarget "Weather" */ = {
			isa = XCConfigurationList;
			buildConfigurations = (
				DD60EF6E2BEF8C1000010EF8 /* Debug */,
				DD60EF6F2BEF8C1000010EF8 /* Release */,
			);
			defaultConfigurationIsVisible = 0;
			defaultConfigurationName = Release;
		};
/* End XCConfigurationList section */

/* Begin XCRemoteSwiftPackageReference section */
		DD60EF762BEF8C8D00010EF8 /* XCRemoteSwiftPackageReference "Kingfisher" */ = {
			isa = XCRemoteSwiftPackageReference;
			repositoryURL = "https://github.com/onevcat/Kingfisher";
			requirement = {
				kind = upToNextMajorVersion;
				minimumVersion = 7.11.0;
			};
		};
		DD60EF792BEF8CC300010EF8 /* XCRemoteSwiftPackageReference "Alamofire" */ = {
			isa = XCRemoteSwiftPackageReference;
			repositoryURL = "https://github.com/Alamofire/Alamofire.git";
			requirement = {
				kind = upToNextMajorVersion;
				minimumVersion = 5.9.1;
			};
		};
/* End XCRemoteSwiftPackageReference section */

/* Begin XCSwiftPackageProductDependency section */
		DD60EF772BEF8C8D00010EF8 /* Kingfisher */ = {
			isa = XCSwiftPackageProductDependency;
			package = DD60EF762BEF8C8D00010EF8 /* XCRemoteSwiftPackageReference "Kingfisher" */;
			productName = Kingfisher;
		};
		DD60EF7A2BEF8CC300010EF8 /* Alamofire */ = {
			isa = XCSwiftPackageProductDependency;
			package = DD60EF792BEF8CC300010EF8 /* XCRemoteSwiftPackageReference "Alamofire" */;
			productName = Alamofire;
		};
		DD60EF7C2BEF8CC300010EF8 /* AlamofireDynamic */ = {
			isa = XCSwiftPackageProductDependency;
			package = DD60EF792BEF8CC300010EF8 /* XCRemoteSwiftPackageReference "Alamofire" */;
			productName = AlamofireDynamic;
		};
/* End XCSwiftPackageProductDependency section */
	};
	rootObject = DD60EF512BEF8C0E00010EF8 /* Project object */;
}
