// !$*UTF8*$!
{
	archiveVersion = 1;
	classes = {
	};
	objectVersion = 56;
	objects = {

/* Begin PBXBuildFile section */
		DDA3A93C2B93A25100A2FAC8 /* AppDelegate.swift in Sources */ = {isa = PBXBuildFile; fileRef = DDA3A93B2B93A25100A2FAC8 /* AppDelegate.swift */; };
		DDA3A93E2B93A25100A2FAC8 /* SceneDelegate.swift in Sources */ = {isa = PBXBuildFile; fileRef = DDA3A93D2B93A25100A2FAC8 /* SceneDelegate.swift */; };
		DDA3A9402B93A25100A2FAC8 /* LoginView.swift in Sources */ = {isa = PBXBuildFile; fileRef = DDA3A93F2B93A25100A2FAC8 /* LoginView.swift */; };
		DDA3A9432B93A25100A2FAC8 /* Main.storyboard in Resources */ = {isa = PBXBuildFile; fileRef = DDA3A9412B93A25100A2FAC8 /* Main.storyboard */; };
		DDA3A9452B93A25400A2FAC8 /* Assets.xcassets in Resources */ = {isa = PBXBuildFile; fileRef = DDA3A9442B93A25400A2FAC8 /* Assets.xcassets */; };
		DDA3A9482B93A25400A2FAC8 /* LaunchScreen.storyboard in Resources */ = {isa = PBXBuildFile; fileRef = DDA3A9462B93A25400A2FAC8 /* LaunchScreen.storyboard */; };
		DDA3A9532B93A25400A2FAC8 /* FitnessTrackingTests.swift in Sources */ = {isa = PBXBuildFile; fileRef = DDA3A9522B93A25400A2FAC8 /* FitnessTrackingTests.swift */; };
		DDA3A95D2B93A25400A2FAC8 /* FitnessTrackingUITests.swift in Sources */ = {isa = PBXBuildFile; fileRef = DDA3A95C2B93A25400A2FAC8 /* FitnessTrackingUITests.swift */; };
		DDA3A95F2B93A25400A2FAC8 /* FitnessTrackingUITestsLaunchTests.swift in Sources */ = {isa = PBXBuildFile; fileRef = DDA3A95E2B93A25400A2FAC8 /* FitnessTrackingUITestsLaunchTests.swift */; };
		DDA3A9702B93A5A800A2FAC8 /* FirebaseAuth in Frameworks */ = {isa = PBXBuildFile; productRef = DDA3A96F2B93A5A800A2FAC8 /* FirebaseAuth */; };
		DDA3A9722B93A5A800A2FAC8 /* FirebaseDatabase in Frameworks */ = {isa = PBXBuildFile; productRef = DDA3A9712B93A5A800A2FAC8 /* FirebaseDatabase */; };
		DDA3A9742B93A5A800A2FAC8 /* FirebaseFirestore in Frameworks */ = {isa = PBXBuildFile; productRef = DDA3A9732B93A5A800A2FAC8 /* FirebaseFirestore */; };
		DDA3A9762B93A5A800A2FAC8 /* FirebaseStorage in Frameworks */ = {isa = PBXBuildFile; productRef = DDA3A9752B93A5A800A2FAC8 /* FirebaseStorage */; };
		DDA3A97A2B93A6C500A2FAC8 /* GoogleService-Info.plist in Resources */ = {isa = PBXBuildFile; fileRef = DDA3A9792B93A6C500A2FAC8 /* GoogleService-Info.plist */; };
		DDB974EB2B948B8700961A53 /* Auth.swift in Sources */ = {isa = PBXBuildFile; fileRef = DDB974EA2B948B8700961A53 /* Auth.swift */; };
		DDB974ED2B948C2600961A53 /* LoginViewModel.swift in Sources */ = {isa = PBXBuildFile; fileRef = DDB974EC2B948C2600961A53 /* LoginViewModel.swift */; };
		DDB974F02B94D6EF00961A53 /* NotificationsExtension.swift in Sources */ = {isa = PBXBuildFile; fileRef = DDB974EF2B94D6EF00961A53 /* NotificationsExtension.swift */; };
		DDB974F42B988CD800961A53 /* ExercisesViewController.swift in Sources */ = {isa = PBXBuildFile; fileRef = DDB974F32B988CD800961A53 /* ExercisesViewController.swift */; };
/* End PBXBuildFile section */

/* Begin PBXContainerItemProxy section */
		DDA3A94F2B93A25400A2FAC8 /* PBXContainerItemProxy */ = {
			isa = PBXContainerItemProxy;
			containerPortal = DDA3A9302B93A25000A2FAC8 /* Project object */;
			proxyType = 1;
			remoteGlobalIDString = DDA3A9372B93A25100A2FAC8;
			remoteInfo = FitnessTracking;
		};
		DDA3A9592B93A25400A2FAC8 /* PBXContainerItemProxy */ = {
			isa = PBXContainerItemProxy;
			containerPortal = DDA3A9302B93A25000A2FAC8 /* Project object */;
			proxyType = 1;
			remoteGlobalIDString = DDA3A9372B93A25100A2FAC8;
			remoteInfo = FitnessTracking;
		};
/* End PBXContainerItemProxy section */

/* Begin PBXFileReference section */
		DDA3A9382B93A25100A2FAC8 /* FitnessTracking.app */ = {isa = PBXFileReference; explicitFileType = wrapper.application; includeInIndex = 0; path = FitnessTracking.app; sourceTree = BUILT_PRODUCTS_DIR; };
		DDA3A93B2B93A25100A2FAC8 /* AppDelegate.swift */ = {isa = PBXFileReference; lastKnownFileType = sourcecode.swift; path = AppDelegate.swift; sourceTree = "<group>"; };
		DDA3A93D2B93A25100A2FAC8 /* SceneDelegate.swift */ = {isa = PBXFileReference; lastKnownFileType = sourcecode.swift; path = SceneDelegate.swift; sourceTree = "<group>"; };
		DDA3A93F2B93A25100A2FAC8 /* LoginView.swift */ = {isa = PBXFileReference; lastKnownFileType = sourcecode.swift; path = LoginView.swift; sourceTree = "<group>"; };
		DDA3A9422B93A25100A2FAC8 /* Base */ = {isa = PBXFileReference; lastKnownFileType = file.storyboard; name = Base; path = Base.lproj/Main.storyboard; sourceTree = "<group>"; };
		DDA3A9442B93A25400A2FAC8 /* Assets.xcassets */ = {isa = PBXFileReference; lastKnownFileType = folder.assetcatalog; path = Assets.xcassets; sourceTree = "<group>"; };
		DDA3A9472B93A25400A2FAC8 /* Base */ = {isa = PBXFileReference; lastKnownFileType = file.storyboard; name = Base; path = Base.lproj/LaunchScreen.storyboard; sourceTree = "<group>"; };
		DDA3A9492B93A25400A2FAC8 /* Info.plist */ = {isa = PBXFileReference; lastKnownFileType = text.plist.xml; path = Info.plist; sourceTree = "<group>"; };
		DDA3A94E2B93A25400A2FAC8 /* FitnessTrackingTests.xctest */ = {isa = PBXFileReference; explicitFileType = wrapper.cfbundle; includeInIndex = 0; path = FitnessTrackingTests.xctest; sourceTree = BUILT_PRODUCTS_DIR; };
		DDA3A9522B93A25400A2FAC8 /* FitnessTrackingTests.swift */ = {isa = PBXFileReference; lastKnownFileType = sourcecode.swift; path = FitnessTrackingTests.swift; sourceTree = "<group>"; };
		DDA3A9582B93A25400A2FAC8 /* FitnessTrackingUITests.xctest */ = {isa = PBXFileReference; explicitFileType = wrapper.cfbundle; includeInIndex = 0; path = FitnessTrackingUITests.xctest; sourceTree = BUILT_PRODUCTS_DIR; };
		DDA3A95C2B93A25400A2FAC8 /* FitnessTrackingUITests.swift */ = {isa = PBXFileReference; lastKnownFileType = sourcecode.swift; path = FitnessTrackingUITests.swift; sourceTree = "<group>"; };
		DDA3A95E2B93A25400A2FAC8 /* FitnessTrackingUITestsLaunchTests.swift */ = {isa = PBXFileReference; lastKnownFileType = sourcecode.swift; path = FitnessTrackingUITestsLaunchTests.swift; sourceTree = "<group>"; };
		DDA3A9792B93A6C500A2FAC8 /* GoogleService-Info.plist */ = {isa = PBXFileReference; fileEncoding = 4; lastKnownFileType = text.plist.xml; path = "GoogleService-Info.plist"; sourceTree = "<group>"; };
		DDB974EA2B948B8700961A53 /* Auth.swift */ = {isa = PBXFileReference; lastKnownFileType = sourcecode.swift; path = Auth.swift; sourceTree = "<group>"; };
		DDB974EC2B948C2600961A53 /* LoginViewModel.swift */ = {isa = PBXFileReference; lastKnownFileType = sourcecode.swift; path = LoginViewModel.swift; sourceTree = "<group>"; };
		DDB974EF2B94D6EF00961A53 /* NotificationsExtension.swift */ = {isa = PBXFileReference; lastKnownFileType = sourcecode.swift; path = NotificationsExtension.swift; sourceTree = "<group>"; };
		DDB974F32B988CD800961A53 /* ExercisesViewController.swift */ = {isa = PBXFileReference; lastKnownFileType = sourcecode.swift; path = ExercisesViewController.swift; sourceTree = "<group>"; };
/* End PBXFileReference section */

/* Begin PBXFrameworksBuildPhase section */
		DDA3A9352B93A25100A2FAC8 /* Frameworks */ = {
			isa = PBXFrameworksBuildPhase;
			buildActionMask = 2147483647;
			files = (
				DDA3A9722B93A5A800A2FAC8 /* FirebaseDatabase in Frameworks */,
				DDA3A9762B93A5A800A2FAC8 /* FirebaseStorage in Frameworks */,
				DDA3A9702B93A5A800A2FAC8 /* FirebaseAuth in Frameworks */,
				DDA3A9742B93A5A800A2FAC8 /* FirebaseFirestore in Frameworks */,
			);
			runOnlyForDeploymentPostprocessing = 0;
		};
		DDA3A94B2B93A25400A2FAC8 /* Frameworks */ = {
			isa = PBXFrameworksBuildPhase;
			buildActionMask = 2147483647;
			files = (
			);
			runOnlyForDeploymentPostprocessing = 0;
		};
		DDA3A9552B93A25400A2FAC8 /* Frameworks */ = {
			isa = PBXFrameworksBuildPhase;
			buildActionMask = 2147483647;
			files = (
			);
			runOnlyForDeploymentPostprocessing = 0;
		};
/* End PBXFrameworksBuildPhase section */

/* Begin PBXGroup section */
		DDA3A92F2B93A25000A2FAC8 = {
			isa = PBXGroup;
			children = (
				DDA3A93A2B93A25100A2FAC8 /* FitnessTracking */,
				DDA3A9512B93A25400A2FAC8 /* FitnessTrackingTests */,
				DDA3A95B2B93A25400A2FAC8 /* FitnessTrackingUITests */,
				DDA3A9392B93A25100A2FAC8 /* Products */,
			);
			sourceTree = "<group>";
		};
		DDA3A9392B93A25100A2FAC8 /* Products */ = {
			isa = PBXGroup;
			children = (
				DDA3A9382B93A25100A2FAC8 /* FitnessTracking.app */,
				DDA3A94E2B93A25400A2FAC8 /* FitnessTrackingTests.xctest */,
				DDA3A9582B93A25400A2FAC8 /* FitnessTrackingUITests.xctest */,
			);
			name = Products;
			sourceTree = "<group>";
		};
		DDA3A93A2B93A25100A2FAC8 /* FitnessTracking */ = {
			isa = PBXGroup;
			children = (
				DDB974EE2B94D6D400961A53 /* Extensions */,
				DDB974E92B948B7500961A53 /* Firebase */,
				DDA3A96D2B93A29100A2FAC8 /* ViewModels */,
				DDA3A96C2B93A28900A2FAC8 /* Views */,
				DDA3A96B2B93A28200A2FAC8 /* Models */,
				DDA3A9442B93A25400A2FAC8 /* Assets.xcassets */,
				DDA3A9412B93A25100A2FAC8 /* Main.storyboard */,
				DDA3A9462B93A25400A2FAC8 /* LaunchScreen.storyboard */,
				DDA3A9492B93A25400A2FAC8 /* Info.plist */,
				DDA3A9792B93A6C500A2FAC8 /* GoogleService-Info.plist */,
			);
			path = FitnessTracking;
			sourceTree = "<group>";
		};
		DDA3A9512B93A25400A2FAC8 /* FitnessTrackingTests */ = {
			isa = PBXGroup;
			children = (
				DDA3A9522B93A25400A2FAC8 /* FitnessTrackingTests.swift */,
			);
			path = FitnessTrackingTests;
			sourceTree = "<group>";
		};
		DDA3A95B2B93A25400A2FAC8 /* FitnessTrackingUITests */ = {
			isa = PBXGroup;
			children = (
				DDA3A95C2B93A25400A2FAC8 /* FitnessTrackingUITests.swift */,
				DDA3A95E2B93A25400A2FAC8 /* FitnessTrackingUITestsLaunchTests.swift */,
			);
			path = FitnessTrackingUITests;
			sourceTree = "<group>";
		};
		DDA3A96B2B93A28200A2FAC8 /* Models */ = {
			isa = PBXGroup;
			children = (
			);
			path = Models;
			sourceTree = "<group>";
		};
		DDA3A96C2B93A28900A2FAC8 /* Views */ = {
			isa = PBXGroup;
			children = (
				DDA3A93B2B93A25100A2FAC8 /* AppDelegate.swift */,
				DDA3A93D2B93A25100A2FAC8 /* SceneDelegate.swift */,
				DDA3A93F2B93A25100A2FAC8 /* LoginView.swift */,
				DDB974F32B988CD800961A53 /* ExercisesViewController.swift */,
			);
			path = Views;
			sourceTree = "<group>";
		};
		DDA3A96D2B93A29100A2FAC8 /* ViewModels */ = {
			isa = PBXGroup;
			children = (
				DDB974EC2B948C2600961A53 /* LoginViewModel.swift */,
			);
			path = ViewModels;
			sourceTree = "<group>";
		};
		DDB974E92B948B7500961A53 /* Firebase */ = {
			isa = PBXGroup;
			children = (
				DDB974EA2B948B8700961A53 /* Auth.swift */,
			);
			path = Firebase;
			sourceTree = "<group>";
		};
		DDB974EE2B94D6D400961A53 /* Extensions */ = {
			isa = PBXGroup;
			children = (
				DDB974EF2B94D6EF00961A53 /* NotificationsExtension.swift */,
			);
			path = Extensions;
			sourceTree = "<group>";
		};
/* End PBXGroup section */

/* Begin PBXNativeTarget section */
		DDA3A9372B93A25100A2FAC8 /* FitnessTracking */ = {
			isa = PBXNativeTarget;
			buildConfigurationList = DDA3A9622B93A25400A2FAC8 /* Build configuration list for PBXNativeTarget "FitnessTracking" */;
			buildPhases = (
				DDA3A9342B93A25100A2FAC8 /* Sources */,
				DDA3A9352B93A25100A2FAC8 /* Frameworks */,
				DDA3A9362B93A25100A2FAC8 /* Resources */,
			);
			buildRules = (
			);
			dependencies = (
			);
			name = FitnessTracking;
			packageProductDependencies = (
				DDA3A96F2B93A5A800A2FAC8 /* FirebaseAuth */,
				DDA3A9712B93A5A800A2FAC8 /* FirebaseDatabase */,
				DDA3A9732B93A5A800A2FAC8 /* FirebaseFirestore */,
				DDA3A9752B93A5A800A2FAC8 /* FirebaseStorage */,
			);
			productName = FitnessTracking;
			productReference = DDA3A9382B93A25100A2FAC8 /* FitnessTracking.app */;
			productType = "com.apple.product-type.application";
		};
		DDA3A94D2B93A25400A2FAC8 /* FitnessTrackingTests */ = {
			isa = PBXNativeTarget;
			buildConfigurationList = DDA3A9652B93A25400A2FAC8 /* Build configuration list for PBXNativeTarget "FitnessTrackingTests" */;
			buildPhases = (
				DDA3A94A2B93A25400A2FAC8 /* Sources */,
				DDA3A94B2B93A25400A2FAC8 /* Frameworks */,
				DDA3A94C2B93A25400A2FAC8 /* Resources */,
			);
			buildRules = (
			);
			dependencies = (
				DDA3A9502B93A25400A2FAC8 /* PBXTargetDependency */,
			);
			name = FitnessTrackingTests;
			productName = FitnessTrackingTests;
			productReference = DDA3A94E2B93A25400A2FAC8 /* FitnessTrackingTests.xctest */;
			productType = "com.apple.product-type.bundle.unit-test";
		};
		DDA3A9572B93A25400A2FAC8 /* FitnessTrackingUITests */ = {
			isa = PBXNativeTarget;
			buildConfigurationList = DDA3A9682B93A25400A2FAC8 /* Build configuration list for PBXNativeTarget "FitnessTrackingUITests" */;
			buildPhases = (
				DDA3A9542B93A25400A2FAC8 /* Sources */,
				DDA3A9552B93A25400A2FAC8 /* Frameworks */,
				DDA3A9562B93A25400A2FAC8 /* Resources */,
			);
			buildRules = (
			);
			dependencies = (
				DDA3A95A2B93A25400A2FAC8 /* PBXTargetDependency */,
			);
			name = FitnessTrackingUITests;
			productName = FitnessTrackingUITests;
			productReference = DDA3A9582B93A25400A2FAC8 /* FitnessTrackingUITests.xctest */;
			productType = "com.apple.product-type.bundle.ui-testing";
		};
/* End PBXNativeTarget section */

/* Begin PBXProject section */
		DDA3A9302B93A25000A2FAC8 /* Project object */ = {
			isa = PBXProject;
			attributes = {
				BuildIndependentTargetsInParallel = 1;
				LastSwiftUpdateCheck = 1520;
				LastUpgradeCheck = 1520;
				TargetAttributes = {
					DDA3A9372B93A25100A2FAC8 = {
						CreatedOnToolsVersion = 15.2;
					};
					DDA3A94D2B93A25400A2FAC8 = {
						CreatedOnToolsVersion = 15.2;
						TestTargetID = DDA3A9372B93A25100A2FAC8;
					};
					DDA3A9572B93A25400A2FAC8 = {
						CreatedOnToolsVersion = 15.2;
						TestTargetID = DDA3A9372B93A25100A2FAC8;
					};
				};
			};
			buildConfigurationList = DDA3A9332B93A25000A2FAC8 /* Build configuration list for PBXProject "FitnessTracking" */;
			compatibilityVersion = "Xcode 14.0";
			developmentRegion = en;
			hasScannedForEncodings = 0;
			knownRegions = (
				en,
				Base,
			);
			mainGroup = DDA3A92F2B93A25000A2FAC8;
			packageReferences = (
				DDA3A96E2B93A5A800A2FAC8 /* XCRemoteSwiftPackageReference "firebase-ios-sdk" */,
			);
			productRefGroup = DDA3A9392B93A25100A2FAC8 /* Products */;
			projectDirPath = "";
			projectRoot = "";
			targets = (
				DDA3A9372B93A25100A2FAC8 /* FitnessTracking */,
				DDA3A94D2B93A25400A2FAC8 /* FitnessTrackingTests */,
				DDA3A9572B93A25400A2FAC8 /* FitnessTrackingUITests */,
			);
		};
/* End PBXProject section */

/* Begin PBXResourcesBuildPhase section */
		DDA3A9362B93A25100A2FAC8 /* Resources */ = {
			isa = PBXResourcesBuildPhase;
			buildActionMask = 2147483647;
			files = (
				DDA3A9482B93A25400A2FAC8 /* LaunchScreen.storyboard in Resources */,
				DDA3A97A2B93A6C500A2FAC8 /* GoogleService-Info.plist in Resources */,
				DDA3A9452B93A25400A2FAC8 /* Assets.xcassets in Resources */,
				DDA3A9432B93A25100A2FAC8 /* Main.storyboard in Resources */,
			);
			runOnlyForDeploymentPostprocessing = 0;
		};
		DDA3A94C2B93A25400A2FAC8 /* Resources */ = {
			isa = PBXResourcesBuildPhase;
			buildActionMask = 2147483647;
			files = (
			);
			runOnlyForDeploymentPostprocessing = 0;
		};
		DDA3A9562B93A25400A2FAC8 /* Resources */ = {
			isa = PBXResourcesBuildPhase;
			buildActionMask = 2147483647;
			files = (
			);
			runOnlyForDeploymentPostprocessing = 0;
		};
/* End PBXResourcesBuildPhase section */

/* Begin PBXSourcesBuildPhase section */
		DDA3A9342B93A25100A2FAC8 /* Sources */ = {
			isa = PBXSourcesBuildPhase;
			buildActionMask = 2147483647;
			files = (
				DDA3A9402B93A25100A2FAC8 /* LoginView.swift in Sources */,
				DDA3A93C2B93A25100A2FAC8 /* AppDelegate.swift in Sources */,
				DDB974F42B988CD800961A53 /* ExercisesViewController.swift in Sources */,
				DDA3A93E2B93A25100A2FAC8 /* SceneDelegate.swift in Sources */,
				DDB974ED2B948C2600961A53 /* LoginViewModel.swift in Sources */,
				DDB974F02B94D6EF00961A53 /* NotificationsExtension.swift in Sources */,
				DDB974EB2B948B8700961A53 /* Auth.swift in Sources */,
			);
			runOnlyForDeploymentPostprocessing = 0;
		};
		DDA3A94A2B93A25400A2FAC8 /* Sources */ = {
			isa = PBXSourcesBuildPhase;
			buildActionMask = 2147483647;
			files = (
				DDA3A9532B93A25400A2FAC8 /* FitnessTrackingTests.swift in Sources */,
			);
			runOnlyForDeploymentPostprocessing = 0;
		};
		DDA3A9542B93A25400A2FAC8 /* Sources */ = {
			isa = PBXSourcesBuildPhase;
			buildActionMask = 2147483647;
			files = (
				DDA3A95F2B93A25400A2FAC8 /* FitnessTrackingUITestsLaunchTests.swift in Sources */,
				DDA3A95D2B93A25400A2FAC8 /* FitnessTrackingUITests.swift in Sources */,
			);
			runOnlyForDeploymentPostprocessing = 0;
		};
/* End PBXSourcesBuildPhase section */

/* Begin PBXTargetDependency section */
		DDA3A9502B93A25400A2FAC8 /* PBXTargetDependency */ = {
			isa = PBXTargetDependency;
			target = DDA3A9372B93A25100A2FAC8 /* FitnessTracking */;
			targetProxy = DDA3A94F2B93A25400A2FAC8 /* PBXContainerItemProxy */;
		};
		DDA3A95A2B93A25400A2FAC8 /* PBXTargetDependency */ = {
			isa = PBXTargetDependency;
			target = DDA3A9372B93A25100A2FAC8 /* FitnessTracking */;
			targetProxy = DDA3A9592B93A25400A2FAC8 /* PBXContainerItemProxy */;
		};
/* End PBXTargetDependency section */

/* Begin PBXVariantGroup section */
		DDA3A9412B93A25100A2FAC8 /* Main.storyboard */ = {
			isa = PBXVariantGroup;
			children = (
				DDA3A9422B93A25100A2FAC8 /* Base */,
			);
			name = Main.storyboard;
			sourceTree = "<group>";
		};
		DDA3A9462B93A25400A2FAC8 /* LaunchScreen.storyboard */ = {
			isa = PBXVariantGroup;
			children = (
				DDA3A9472B93A25400A2FAC8 /* Base */,
			);
			name = LaunchScreen.storyboard;
			sourceTree = "<group>";
		};
/* End PBXVariantGroup section */

/* Begin XCBuildConfiguration section */
		DDA3A9602B93A25400A2FAC8 /* Debug */ = {
			isa = XCBuildConfiguration;
			buildSettings = {
				ALWAYS_SEARCH_USER_PATHS = NO;
				ASSETCATALOG_COMPILER_GENERATE_SWIFT_ASSET_SYMBOL_EXTENSIONS = YES;
				CLANG_ANALYZER_NONNULL = YES;
				CLANG_ANALYZER_NUMBER_OBJECT_CONVERSION = YES_AGGRESSIVE;
				CLANG_CXX_LANGUAGE_STANDARD = "gnu++20";
				CLANG_ENABLE_MODULES = YES;
				CLANG_ENABLE_OBJC_ARC = YES;
				CLANG_ENABLE_OBJC_WEAK = YES;
				CLANG_WARN_BLOCK_CAPTURE_AUTORELEASING = YES;
				CLANG_WARN_BOOL_CONVERSION = YES;
				CLANG_WARN_COMMA = YES;
				CLANG_WARN_CONSTANT_CONVERSION = YES;
				CLANG_WARN_DEPRECATED_OBJC_IMPLEMENTATIONS = YES;
				CLANG_WARN_DIRECT_OBJC_ISA_USAGE = YES_ERROR;
				CLANG_WARN_DOCUMENTATION_COMMENTS = YES;
				CLANG_WARN_EMPTY_BODY = YES;
				CLANG_WARN_ENUM_CONVERSION = YES;
				CLANG_WARN_INFINITE_RECURSION = YES;
				CLANG_WARN_INT_CONVERSION = YES;
				CLANG_WARN_NON_LITERAL_NULL_CONVERSION = YES;
				CLANG_WARN_OBJC_IMPLICIT_RETAIN_SELF = YES;
				CLANG_WARN_OBJC_LITERAL_CONVERSION = YES;
				CLANG_WARN_OBJC_ROOT_CLASS = YES_ERROR;
				CLANG_WARN_QUOTED_INCLUDE_IN_FRAMEWORK_HEADER = YES;
				CLANG_WARN_RANGE_LOOP_ANALYSIS = YES;
				CLANG_WARN_STRICT_PROTOTYPES = YES;
				CLANG_WARN_SUSPICIOUS_MOVE = YES;
				CLANG_WARN_UNGUARDED_AVAILABILITY = YES_AGGRESSIVE;
				CLANG_WARN_UNREACHABLE_CODE = YES;
				CLANG_WARN__DUPLICATE_METHOD_MATCH = YES;
				COPY_PHASE_STRIP = NO;
				DEBUG_INFORMATION_FORMAT = dwarf;
				ENABLE_STRICT_OBJC_MSGSEND = YES;
				ENABLE_TESTABILITY = YES;
				ENABLE_USER_SCRIPT_SANDBOXING = YES;
				GCC_C_LANGUAGE_STANDARD = gnu17;
				GCC_DYNAMIC_NO_PIC = NO;
				GCC_NO_COMMON_BLOCKS = YES;
				GCC_OPTIMIZATION_LEVEL = 0;
				GCC_PREPROCESSOR_DEFINITIONS = (
					"DEBUG=1",
					"$(inherited)",
				);
				GCC_WARN_64_TO_32_BIT_CONVERSION = YES;
				GCC_WARN_ABOUT_RETURN_TYPE = YES_ERROR;
				GCC_WARN_UNDECLARED_SELECTOR = YES;
				GCC_WARN_UNINITIALIZED_AUTOS = YES_AGGRESSIVE;
				GCC_WARN_UNUSED_FUNCTION = YES;
				GCC_WARN_UNUSED_VARIABLE = YES;
				IPHONEOS_DEPLOYMENT_TARGET = 17.2;
				LOCALIZATION_PREFERS_STRING_CATALOGS = YES;
				MTL_ENABLE_DEBUG_INFO = INCLUDE_SOURCE;
				MTL_FAST_MATH = YES;
				ONLY_ACTIVE_ARCH = YES;
				SDKROOT = iphoneos;
				SWIFT_ACTIVE_COMPILATION_CONDITIONS = "DEBUG $(inherited)";
				SWIFT_OPTIMIZATION_LEVEL = "-Onone";
			};
			name = Debug;
		};
		DDA3A9612B93A25400A2FAC8 /* Release */ = {
			isa = XCBuildConfiguration;
			buildSettings = {
				ALWAYS_SEARCH_USER_PATHS = NO;
				ASSETCATALOG_COMPILER_GENERATE_SWIFT_ASSET_SYMBOL_EXTENSIONS = YES;
				CLANG_ANALYZER_NONNULL = YES;
				CLANG_ANALYZER_NUMBER_OBJECT_CONVERSION = YES_AGGRESSIVE;
				CLANG_CXX_LANGUAGE_STANDARD = "gnu++20";
				CLANG_ENABLE_MODULES = YES;
				CLANG_ENABLE_OBJC_ARC = YES;
				CLANG_ENABLE_OBJC_WEAK = YES;
				CLANG_WARN_BLOCK_CAPTURE_AUTORELEASING = YES;
				CLANG_WARN_BOOL_CONVERSION = YES;
				CLANG_WARN_COMMA = YES;
				CLANG_WARN_CONSTANT_CONVERSION = YES;
				CLANG_WARN_DEPRECATED_OBJC_IMPLEMENTATIONS = YES;
				CLANG_WARN_DIRECT_OBJC_ISA_USAGE = YES_ERROR;
				CLANG_WARN_DOCUMENTATION_COMMENTS = YES;
				CLANG_WARN_EMPTY_BODY = YES;
				CLANG_WARN_ENUM_CONVERSION = YES;
				CLANG_WARN_INFINITE_RECURSION = YES;
				CLANG_WARN_INT_CONVERSION = YES;
				CLANG_WARN_NON_LITERAL_NULL_CONVERSION = YES;
				CLANG_WARN_OBJC_IMPLICIT_RETAIN_SELF = YES;
				CLANG_WARN_OBJC_LITERAL_CONVERSION = YES;
				CLANG_WARN_OBJC_ROOT_CLASS = YES_ERROR;
				CLANG_WARN_QUOTED_INCLUDE_IN_FRAMEWORK_HEADER = YES;
				CLANG_WARN_RANGE_LOOP_ANALYSIS = YES;
				CLANG_WARN_STRICT_PROTOTYPES = YES;
				CLANG_WARN_SUSPICIOUS_MOVE = YES;
				CLANG_WARN_UNGUARDED_AVAILABILITY = YES_AGGRESSIVE;
				CLANG_WARN_UNREACHABLE_CODE = YES;
				CLANG_WARN__DUPLICATE_METHOD_MATCH = YES;
				COPY_PHASE_STRIP = NO;
				DEBUG_INFORMATION_FORMAT = "dwarf-with-dsym";
				ENABLE_NS_ASSERTIONS = NO;
				ENABLE_STRICT_OBJC_MSGSEND = YES;
				ENABLE_USER_SCRIPT_SANDBOXING = YES;
				GCC_C_LANGUAGE_STANDARD = gnu17;
				GCC_NO_COMMON_BLOCKS = YES;
				GCC_WARN_64_TO_32_BIT_CONVERSION = YES;
				GCC_WARN_ABOUT_RETURN_TYPE = YES_ERROR;
				GCC_WARN_UNDECLARED_SELECTOR = YES;
				GCC_WARN_UNINITIALIZED_AUTOS = YES_AGGRESSIVE;
				GCC_WARN_UNUSED_FUNCTION = YES;
				GCC_WARN_UNUSED_VARIABLE = YES;
				IPHONEOS_DEPLOYMENT_TARGET = 17.2;
				LOCALIZATION_PREFERS_STRING_CATALOGS = YES;
				MTL_ENABLE_DEBUG_INFO = NO;
				MTL_FAST_MATH = YES;
				SDKROOT = iphoneos;
				SWIFT_COMPILATION_MODE = wholemodule;
				VALIDATE_PRODUCT = YES;
			};
			name = Release;
		};
		DDA3A9632B93A25400A2FAC8 /* Debug */ = {
			isa = XCBuildConfiguration;
			buildSettings = {
				ASSETCATALOG_COMPILER_APPICON_NAME = AppIcon;
				ASSETCATALOG_COMPILER_GLOBAL_ACCENT_COLOR_NAME = AccentColor;
				CODE_SIGN_STYLE = Automatic;
				CURRENT_PROJECT_VERSION = 1;
				GENERATE_INFOPLIST_FILE = YES;
				INFOPLIST_FILE = FitnessTracking/Info.plist;
				INFOPLIST_KEY_UIApplicationSupportsIndirectInputEvents = YES;
				INFOPLIST_KEY_UILaunchStoryboardName = LaunchScreen;
				INFOPLIST_KEY_UIMainStoryboardFile = Main;
				INFOPLIST_KEY_UISupportedInterfaceOrientations_iPad = "UIInterfaceOrientationPortrait UIInterfaceOrientationPortraitUpsideDown UIInterfaceOrientationLandscapeLeft UIInterfaceOrientationLandscapeRight";
				INFOPLIST_KEY_UISupportedInterfaceOrientations_iPhone = "UIInterfaceOrientationPortrait UIInterfaceOrientationLandscapeLeft UIInterfaceOrientationLandscapeRight";
				LD_RUNPATH_SEARCH_PATHS = (
					"$(inherited)",
					"@executable_path/Frameworks",
				);
				MARKETING_VERSION = 1.0;
				PRODUCT_BUNDLE_IDENTIFIER = First.FitnessTracking;
				PRODUCT_NAME = "$(TARGET_NAME)";
				SWIFT_EMIT_LOC_STRINGS = YES;
				SWIFT_VERSION = 5.0;
				TARGETED_DEVICE_FAMILY = "1,2";
			};
			name = Debug;
		};
		DDA3A9642B93A25400A2FAC8 /* Release */ = {
			isa = XCBuildConfiguration;
			buildSettings = {
				ASSETCATALOG_COMPILER_APPICON_NAME = AppIcon;
				ASSETCATALOG_COMPILER_GLOBAL_ACCENT_COLOR_NAME = AccentColor;
				CODE_SIGN_STYLE = Automatic;
				CURRENT_PROJECT_VERSION = 1;
				GENERATE_INFOPLIST_FILE = YES;
				INFOPLIST_FILE = FitnessTracking/Info.plist;
				INFOPLIST_KEY_UIApplicationSupportsIndirectInputEvents = YES;
				INFOPLIST_KEY_UILaunchStoryboardName = LaunchScreen;
				INFOPLIST_KEY_UIMainStoryboardFile = Main;
				INFOPLIST_KEY_UISupportedInterfaceOrientations_iPad = "UIInterfaceOrientationPortrait UIInterfaceOrientationPortraitUpsideDown UIInterfaceOrientationLandscapeLeft UIInterfaceOrientationLandscapeRight";
				INFOPLIST_KEY_UISupportedInterfaceOrientations_iPhone = "UIInterfaceOrientationPortrait UIInterfaceOrientationLandscapeLeft UIInterfaceOrientationLandscapeRight";
				LD_RUNPATH_SEARCH_PATHS = (
					"$(inherited)",
					"@executable_path/Frameworks",
				);
				MARKETING_VERSION = 1.0;
				PRODUCT_BUNDLE_IDENTIFIER = First.FitnessTracking;
				PRODUCT_NAME = "$(TARGET_NAME)";
				SWIFT_EMIT_LOC_STRINGS = YES;
				SWIFT_VERSION = 5.0;
				TARGETED_DEVICE_FAMILY = "1,2";
			};
			name = Release;
		};
		DDA3A9662B93A25400A2FAC8 /* Debug */ = {
			isa = XCBuildConfiguration;
			buildSettings = {
				ALWAYS_EMBED_SWIFT_STANDARD_LIBRARIES = YES;
				BUNDLE_LOADER = "$(TEST_HOST)";
				CODE_SIGN_STYLE = Automatic;
				CURRENT_PROJECT_VERSION = 1;
				GENERATE_INFOPLIST_FILE = YES;
				IPHONEOS_DEPLOYMENT_TARGET = 17.2;
				MARKETING_VERSION = 1.0;
				PRODUCT_BUNDLE_IDENTIFIER = First.FitnessTrackingTests;
				PRODUCT_NAME = "$(TARGET_NAME)";
				SWIFT_EMIT_LOC_STRINGS = NO;
				SWIFT_VERSION = 5.0;
				TARGETED_DEVICE_FAMILY = "1,2";
				TEST_HOST = "$(BUILT_PRODUCTS_DIR)/FitnessTracking.app/$(BUNDLE_EXECUTABLE_FOLDER_PATH)/FitnessTracking";
			};
			name = Debug;
		};
		DDA3A9672B93A25400A2FAC8 /* Release */ = {
			isa = XCBuildConfiguration;
			buildSettings = {
				ALWAYS_EMBED_SWIFT_STANDARD_LIBRARIES = YES;
				BUNDLE_LOADER = "$(TEST_HOST)";
				CODE_SIGN_STYLE = Automatic;
				CURRENT_PROJECT_VERSION = 1;
				GENERATE_INFOPLIST_FILE = YES;
				IPHONEOS_DEPLOYMENT_TARGET = 17.2;
				MARKETING_VERSION = 1.0;
				PRODUCT_BUNDLE_IDENTIFIER = First.FitnessTrackingTests;
				PRODUCT_NAME = "$(TARGET_NAME)";
				SWIFT_EMIT_LOC_STRINGS = NO;
				SWIFT_VERSION = 5.0;
				TARGETED_DEVICE_FAMILY = "1,2";
				TEST_HOST = "$(BUILT_PRODUCTS_DIR)/FitnessTracking.app/$(BUNDLE_EXECUTABLE_FOLDER_PATH)/FitnessTracking";
			};
			name = Release;
		};
		DDA3A9692B93A25400A2FAC8 /* Debug */ = {
			isa = XCBuildConfiguration;
			buildSettings = {
				ALWAYS_EMBED_SWIFT_STANDARD_LIBRARIES = YES;
				CODE_SIGN_STYLE = Automatic;
				CURRENT_PROJECT_VERSION = 1;
				GENERATE_INFOPLIST_FILE = YES;
				MARKETING_VERSION = 1.0;
				PRODUCT_BUNDLE_IDENTIFIER = First.FitnessTrackingUITests;
				PRODUCT_NAME = "$(TARGET_NAME)";
				SWIFT_EMIT_LOC_STRINGS = NO;
				SWIFT_VERSION = 5.0;
				TARGETED_DEVICE_FAMILY = "1,2";
				TEST_TARGET_NAME = FitnessTracking;
			};
			name = Debug;
		};
		DDA3A96A2B93A25400A2FAC8 /* Release */ = {
			isa = XCBuildConfiguration;
			buildSettings = {
				ALWAYS_EMBED_SWIFT_STANDARD_LIBRARIES = YES;
				CODE_SIGN_STYLE = Automatic;
				CURRENT_PROJECT_VERSION = 1;
				GENERATE_INFOPLIST_FILE = YES;
				MARKETING_VERSION = 1.0;
				PRODUCT_BUNDLE_IDENTIFIER = First.FitnessTrackingUITests;
				PRODUCT_NAME = "$(TARGET_NAME)";
				SWIFT_EMIT_LOC_STRINGS = NO;
				SWIFT_VERSION = 5.0;
				TARGETED_DEVICE_FAMILY = "1,2";
				TEST_TARGET_NAME = FitnessTracking;
			};
			name = Release;
		};
/* End XCBuildConfiguration section */

/* Begin XCConfigurationList section */
		DDA3A9332B93A25000A2FAC8 /* Build configuration list for PBXProject "FitnessTracking" */ = {
			isa = XCConfigurationList;
			buildConfigurations = (
				DDA3A9602B93A25400A2FAC8 /* Debug */,
				DDA3A9612B93A25400A2FAC8 /* Release */,
			);
			defaultConfigurationIsVisible = 0;
			defaultConfigurationName = Release;
		};
		DDA3A9622B93A25400A2FAC8 /* Build configuration list for PBXNativeTarget "FitnessTracking" */ = {
			isa = XCConfigurationList;
			buildConfigurations = (
				DDA3A9632B93A25400A2FAC8 /* Debug */,
				DDA3A9642B93A25400A2FAC8 /* Release */,
			);
			defaultConfigurationIsVisible = 0;
			defaultConfigurationName = Release;
		};
		DDA3A9652B93A25400A2FAC8 /* Build configuration list for PBXNativeTarget "FitnessTrackingTests" */ = {
			isa = XCConfigurationList;
			buildConfigurations = (
				DDA3A9662B93A25400A2FAC8 /* Debug */,
				DDA3A9672B93A25400A2FAC8 /* Release */,
			);
			defaultConfigurationIsVisible = 0;
			defaultConfigurationName = Release;
		};
		DDA3A9682B93A25400A2FAC8 /* Build configuration list for PBXNativeTarget "FitnessTrackingUITests" */ = {
			isa = XCConfigurationList;
			buildConfigurations = (
				DDA3A9692B93A25400A2FAC8 /* Debug */,
				DDA3A96A2B93A25400A2FAC8 /* Release */,
			);
			defaultConfigurationIsVisible = 0;
			defaultConfigurationName = Release;
		};
/* End XCConfigurationList section */

/* Begin XCRemoteSwiftPackageReference section */
		DDA3A96E2B93A5A800A2FAC8 /* XCRemoteSwiftPackageReference "firebase-ios-sdk" */ = {
			isa = XCRemoteSwiftPackageReference;
			repositoryURL = "https://github.com/firebase/firebase-ios-sdk";
			requirement = {
				kind = upToNextMajorVersion;
				minimumVersion = 10.21.0;
			};
		};
/* End XCRemoteSwiftPackageReference section */

/* Begin XCSwiftPackageProductDependency section */
		DDA3A96F2B93A5A800A2FAC8 /* FirebaseAuth */ = {
			isa = XCSwiftPackageProductDependency;
			package = DDA3A96E2B93A5A800A2FAC8 /* XCRemoteSwiftPackageReference "firebase-ios-sdk" */;
			productName = FirebaseAuth;
		};
		DDA3A9712B93A5A800A2FAC8 /* FirebaseDatabase */ = {
			isa = XCSwiftPackageProductDependency;
			package = DDA3A96E2B93A5A800A2FAC8 /* XCRemoteSwiftPackageReference "firebase-ios-sdk" */;
			productName = FirebaseDatabase;
		};
		DDA3A9732B93A5A800A2FAC8 /* FirebaseFirestore */ = {
			isa = XCSwiftPackageProductDependency;
			package = DDA3A96E2B93A5A800A2FAC8 /* XCRemoteSwiftPackageReference "firebase-ios-sdk" */;
			productName = FirebaseFirestore;
		};
		DDA3A9752B93A5A800A2FAC8 /* FirebaseStorage */ = {
			isa = XCSwiftPackageProductDependency;
			package = DDA3A96E2B93A5A800A2FAC8 /* XCRemoteSwiftPackageReference "firebase-ios-sdk" */;
			productName = FirebaseStorage;
		};
/* End XCSwiftPackageProductDependency section */
	};
	rootObject = DDA3A9302B93A25000A2FAC8 /* Project object */;
}
